// !$*UTF8*$!
{
	archiveVersion = 1;
	classes = {
	};
	objectVersion = 46;
	objects = {

/* Begin PBXBuildFile section */
		64415E8A137D8EAD00DADC4C /* BlockTableViewCell.xib in Resources */ = {isa = PBXBuildFile; fileRef = 64415E89137D8EAD00DADC4C /* BlockTableViewCell.xib */; };
		645BC56D13B928CE00C20507 /* check.png in Resources */ = {isa = PBXBuildFile; fileRef = 645BC56C13B928CE00C20507 /* check.png */; };
		645E6A2F13AA9761001DB0DB /* StageViewControllerTests.m in Sources */ = {isa = PBXBuildFile; fileRef = 645E6A2E13AA9761001DB0DB /* StageViewControllerTests.m */; };
		648063391385A6C600E0CA27 /* BlockTableController.m in Sources */ = {isa = PBXBuildFile; fileRef = 648063381385A6C600E0CA27 /* BlockTableController.m */; };
		6480633A1385A6C600E0CA27 /* BlockTableController.m in Sources */ = {isa = PBXBuildFile; fileRef = 648063381385A6C600E0CA27 /* BlockTableController.m */; };
		64886D3213BCCE68009C3EDA /* PDFDocumentViewControllerTests.m in Sources */ = {isa = PBXBuildFile; fileRef = 64886D3113BCCE68009C3EDA /* PDFDocumentViewControllerTests.m */; };
		64886D3613BCCEBC009C3EDA /* PDFDocumentViewController.m in Sources */ = {isa = PBXBuildFile; fileRef = 64886D3513BCCEBC009C3EDA /* PDFDocumentViewController.m */; };
		64886D3713BCCEBC009C3EDA /* PDFDocumentViewController.m in Sources */ = {isa = PBXBuildFile; fileRef = 64886D3513BCCEBC009C3EDA /* PDFDocumentViewController.m */; };
		64886D3A13BCD1C0009C3EDA /* PDFDocument.m in Sources */ = {isa = PBXBuildFile; fileRef = 64886D3913BCD1C0009C3EDA /* PDFDocument.m */; };
		64886D3B13BCD1C0009C3EDA /* PDFDocument.m in Sources */ = {isa = PBXBuildFile; fileRef = 64886D3913BCD1C0009C3EDA /* PDFDocument.m */; };
		64C96969137B754E002B5D10 /* DelegateTests.m in Sources */ = {isa = PBXBuildFile; fileRef = 64C96968137B754E002B5D10 /* DelegateTests.m */; };
		64D94DF81379B2CB00300349 /* UIKit.framework in Frameworks */ = {isa = PBXBuildFile; fileRef = 64D94DF71379B2CB00300349 /* UIKit.framework */; };
		64D94DFA1379B2CB00300349 /* Foundation.framework in Frameworks */ = {isa = PBXBuildFile; fileRef = 64D94DF91379B2CB00300349 /* Foundation.framework */; };
		64D94DFC1379B2CB00300349 /* CoreGraphics.framework in Frameworks */ = {isa = PBXBuildFile; fileRef = 64D94DFB1379B2CB00300349 /* CoreGraphics.framework */; };
		64D94DFE1379B2CB00300349 /* CoreData.framework in Frameworks */ = {isa = PBXBuildFile; fileRef = 64D94DFD1379B2CB00300349 /* CoreData.framework */; };
		64D94E041379B2CB00300349 /* InfoPlist.strings in Resources */ = {isa = PBXBuildFile; fileRef = 64D94E021379B2CB00300349 /* InfoPlist.strings */; };
		64D94E071379B2CB00300349 /* main.m in Sources */ = {isa = PBXBuildFile; fileRef = 64D94E061379B2CB00300349 /* main.m */; };
		64D94E0A1379B2CB00300349 /* myMusicStandAppDelegate.m in Sources */ = {isa = PBXBuildFile; fileRef = 64D94E091379B2CB00300349 /* myMusicStandAppDelegate.m */; };
		64D94E0D1379B2CC00300349 /* MainWindow.xib in Resources */ = {isa = PBXBuildFile; fileRef = 64D94E0B1379B2CC00300349 /* MainWindow.xib */; };
		64D94E101379B2CC00300349 /* myMusicStand.xcdatamodeld in Sources */ = {isa = PBXBuildFile; fileRef = 64D94E0E1379B2CC00300349 /* myMusicStand.xcdatamodeld */; };
		64D94E171379B2CC00300349 /* UIKit.framework in Frameworks */ = {isa = PBXBuildFile; fileRef = 64D94DF71379B2CB00300349 /* UIKit.framework */; };
		64D94E181379B2CC00300349 /* Foundation.framework in Frameworks */ = {isa = PBXBuildFile; fileRef = 64D94DF91379B2CB00300349 /* Foundation.framework */; };
		64D94E191379B2CC00300349 /* CoreGraphics.framework in Frameworks */ = {isa = PBXBuildFile; fileRef = 64D94DFB1379B2CB00300349 /* CoreGraphics.framework */; };
		64D94E1A1379B2CC00300349 /* CoreData.framework in Frameworks */ = {isa = PBXBuildFile; fileRef = 64D94DFD1379B2CB00300349 /* CoreData.framework */; };
		64D94E221379B2CC00300349 /* InfoPlist.strings in Resources */ = {isa = PBXBuildFile; fileRef = 64D94E201379B2CC00300349 /* InfoPlist.strings */; };
		64D94E561379B35D00300349 /* FileDiffer.m in Sources */ = {isa = PBXBuildFile; fileRef = 64D94E551379B35D00300349 /* FileDiffer.m */; };
		64D94E801379BC3A00300349 /* Setlist.m in Sources */ = {isa = PBXBuildFile; fileRef = 64D94E7F1379BC3A00300349 /* Setlist.m */; };
		64D94E841379BDCB00300349 /* OrderedFile.m in Sources */ = {isa = PBXBuildFile; fileRef = 64D94E831379BDCB00300349 /* OrderedFile.m */; };
		64D94E881379BE1100300349 /* File.m in Sources */ = {isa = PBXBuildFile; fileRef = 64D94E871379BE1100300349 /* File.m */; };
		64DB2784137C2D2C0069D076 /* SetlistTests.m in Sources */ = {isa = PBXBuildFile; fileRef = 64D94E741379B65500300349 /* SetlistTests.m */; };
		64DB2786137C2D2C0069D076 /* OrderedFileTests.m in Sources */ = {isa = PBXBuildFile; fileRef = 64D94E6D1379B62400300349 /* OrderedFileTests.m */; };
		64DB2788137C2D2C0069D076 /* FileTests.m in Sources */ = {isa = PBXBuildFile; fileRef = 64D94E621379B57800300349 /* FileTests.m */; };
		64DB278A137C2D2C0069D076 /* CoreDataTest.m in Sources */ = {isa = PBXBuildFile; fileRef = 64D94E5D1379B42000300349 /* CoreDataTest.m */; };
		64DB278C137C2D2C0069D076 /* FileDifferTests.m in Sources */ = {isa = PBXBuildFile; fileRef = 64D94E5A1379B39300300349 /* FileDifferTests.m */; };
		64DB278E137C2DBE0069D076 /* myMusicStand.xcdatamodel in Sources */ = {isa = PBXBuildFile; fileRef = 64D94E0F1379B2CC00300349 /* myMusicStand.xcdatamodel */; };
		64DFCFA213857715002672BC /* SetlistTableController.m in Sources */ = {isa = PBXBuildFile; fileRef = 64E7F058138561ED00BB54D7 /* SetlistTableController.m */; };
		64E380651381786700A43834 /* floorAndStage.png in Resources */ = {isa = PBXBuildFile; fileRef = 64E380641381786700A43834 /* floorAndStage.png */; };
		64E380661381786700A43834 /* floorAndStage.png in Resources */ = {isa = PBXBuildFile; fileRef = 64E380641381786700A43834 /* floorAndStage.png */; };
		64E47BC2137AE3E800AC5C93 /* FileTableViewControllerTests.m in Sources */ = {isa = PBXBuildFile; fileRef = 64E47BC1137AE3E800AC5C93 /* FileTableViewControllerTests.m */; };
		64E7F039138551D800BB54D7 /* TimestampEntityTests.m in Sources */ = {isa = PBXBuildFile; fileRef = 64E7F038138551D800BB54D7 /* TimestampEntityTests.m */; };
		64E7F059138561ED00BB54D7 /* SetlistTableController.m in Sources */ = {isa = PBXBuildFile; fileRef = 64E7F058138561ED00BB54D7 /* SetlistTableController.m */; };
		64EAE5FC1379DDE900544C29 /* FileTableController.m in Sources */ = {isa = PBXBuildFile; fileRef = 64EAE5FB1379DDE900544C29 /* FileTableController.m */; };
		64EAE5FD1379DDE900544C29 /* FileTableController.m in Sources */ = {isa = PBXBuildFile; fileRef = 64EAE5FB1379DDE900544C29 /* FileTableController.m */; };
		64F1F27B13898AC8003F83AB /* MessageUI.framework in Frameworks */ = {isa = PBXBuildFile; fileRef = 64F1F27A13898AC8003F83AB /* MessageUI.framework */; };
		64F1F27D13898AE0003F83AB /* QuartzCore.framework in Frameworks */ = {isa = PBXBuildFile; fileRef = 64F1F27C13898AE0003F83AB /* QuartzCore.framework */; };
		64FAA48E138BFE67009465BC /* StageViewController.m in Sources */ = {isa = PBXBuildFile; fileRef = 64FAA48C138BFE67009465BC /* StageViewController.m */; };
		64FAA48F138BFE67009465BC /* StageViewController.xib in Resources */ = {isa = PBXBuildFile; fileRef = 64FAA48D138BFE67009465BC /* StageViewController.xib */; };
		691F733013D48461004C1008 /* TimestampEntity.m in Sources */ = {isa = PBXBuildFile; fileRef = 691F732F13D48461004C1008 /* TimestampEntity.m */; };
		693D5B5B13CB4A3A00840F67 /* PDFView.m in Sources */ = {isa = PBXBuildFile; fileRef = 693D5B5A13CB4A3A00840F67 /* PDFView.m */; };
		69945F1A13CFA0C300D9BF72 /* PDFScrollView.m in Sources */ = {isa = PBXBuildFile; fileRef = 69945F1913CFA0C300D9BF72 /* PDFScrollView.m */; };
		69945F2013CFB40300D9BF72 /* PDFDocumentViewController.xib in Resources */ = {isa = PBXBuildFile; fileRef = 69945F1F13CFB40300D9BF72 /* PDFDocumentViewController.xib */; };
		69958E1013C8C6CE00A6911E /* PDFHelpers.m in Sources */ = {isa = PBXBuildFile; fileRef = 69958E0F13C8C6CE00A6911E /* PDFHelpers.m */; };
		69958E2213C9259D00A6911E /* icon.png in Resources */ = {isa = PBXBuildFile; fileRef = 69958E2113C9259D00A6911E /* icon.png */; };
		699695951406AF9D002FEB8B /* LICENSE in Resources */ = {isa = PBXBuildFile; fileRef = 6996958A1406AF9D002FEB8B /* LICENSE */; };
		699695961406AF9D002FEB8B /* README.md in Resources */ = {isa = PBXBuildFile; fileRef = 6996958B1406AF9D002FEB8B /* README.md */; };
		6998AD2B13E382FC00CC7539 /* bottomOfStand.png in Resources */ = {isa = PBXBuildFile; fileRef = 6998AD2A13E382FC00CC7539 /* bottomOfStand.png */; };
		699D0F2013D780D0009D467A /* FileImporter.m in Sources */ = {isa = PBXBuildFile; fileRef = 699D0F1F13D780D0009D467A /* FileImporter.m */; };
		699D0F2413D780F1009D467A /* FileImporterTests.m in Sources */ = {isa = PBXBuildFile; fileRef = 699D0F2313D780F1009D467A /* FileImporterTests.m */; };
		699D0F2513D78115009D467A /* FileImporter.m in Sources */ = {isa = PBXBuildFile; fileRef = 699D0F1F13D780D0009D467A /* FileImporter.m */; };
		69A2358E13E89AF300C32F91 /* Doxyfile in Resources */ = {isa = PBXBuildFile; fileRef = 69A2358D13E89AF300C32F91 /* Doxyfile */; };
		69A6EE3A13E72E62004A3BF8 /* platform.png in Resources */ = {isa = PBXBuildFile; fileRef = 69A6EE3913E72E62004A3BF8 /* platform.png */; };
		69A7561313DF1B2600671838 /* ThumbnailDragController.m in Sources */ = {isa = PBXBuildFile; fileRef = 69A7561213DF1B2600671838 /* ThumbnailDragController.m */; };
		69A9CC8113F9BBC800EB2284 /* widePlatform.png in Resources */ = {isa = PBXBuildFile; fileRef = 69A9CC8013F9BBC800EB2284 /* widePlatform.png */; };
		69B1CEC613DE47D200C3F493 /* MailComposerController.m in Sources */ = {isa = PBXBuildFile; fileRef = 69B1CEC513DE47D200C3F493 /* MailComposerController.m */; };
		69B7BCA113FEBC8500C313E3 /* ThumbnailDragControllerTests.m in Sources */ = {isa = PBXBuildFile; fileRef = 69B7BCA013FEBC8500C313E3 /* ThumbnailDragControllerTests.m */; };
		69D45F2513C397E30041AF71 /* firsttime.pdf in Resources */ = {isa = PBXBuildFile; fileRef = 69D45F2413C397E30041AF71 /* firsttime.pdf */; };
		69E1ECCB13F032D400D8CF65 /* tripod.png in Resources */ = {isa = PBXBuildFile; fileRef = 69E1ECCA13F032D400D8CF65 /* tripod.png */; };
		69F39AED13C5FD6800B7B939 /* Thumbnail.m in Sources */ = {isa = PBXBuildFile; fileRef = 69F39AEC13C5FD6800B7B939 /* Thumbnail.m */; };
/* End PBXBuildFile section */

/* Begin PBXContainerItemProxy section */
		64E47BC5137B1F7600AC5C93 /* PBXContainerItemProxy */ = {
			isa = PBXContainerItemProxy;
			containerPortal = 64D94DEA1379B2CB00300349 /* Project object */;
			proxyType = 1;
			remoteGlobalIDString = 64D94DF21379B2CB00300349;
			remoteInfo = myMusicStand;
		};
/* End PBXContainerItemProxy section */

/* Begin PBXFileReference section */
		64415E89137D8EAD00DADC4C /* BlockTableViewCell.xib */ = {isa = PBXFileReference; fileEncoding = 4; lastKnownFileType = file.xib; path = BlockTableViewCell.xib; sourceTree = "<group>"; };
		645BC56C13B928CE00C20507 /* check.png */ = {isa = PBXFileReference; lastKnownFileType = image.png; path = check.png; sourceTree = "<group>"; };
		645E6A2D13AA9761001DB0DB /* StageViewControllerTests.h */ = {isa = PBXFileReference; fileEncoding = 4; lastKnownFileType = sourcecode.c.h; path = StageViewControllerTests.h; sourceTree = "<group>"; };
		645E6A2E13AA9761001DB0DB /* StageViewControllerTests.m */ = {isa = PBXFileReference; fileEncoding = 4; lastKnownFileType = sourcecode.c.objc; path = StageViewControllerTests.m; sourceTree = "<group>"; };
		648063371385A6C600E0CA27 /* BlockTableController.h */ = {isa = PBXFileReference; fileEncoding = 4; indentWidth = 4; lastKnownFileType = sourcecode.c.h; path = BlockTableController.h; sourceTree = "<group>"; tabWidth = 4; usesTabs = 0; wrapsLines = 1; };
		648063381385A6C600E0CA27 /* BlockTableController.m */ = {isa = PBXFileReference; fileEncoding = 4; indentWidth = 4; lastKnownFileType = sourcecode.c.objc; path = BlockTableController.m; sourceTree = "<group>"; tabWidth = 4; usesTabs = 0; wrapsLines = 1; };
		64886D3013BCCE68009C3EDA /* PDFDocumentViewControllerTests.h */ = {isa = PBXFileReference; fileEncoding = 4; lastKnownFileType = sourcecode.c.h; path = PDFDocumentViewControllerTests.h; sourceTree = "<group>"; };
		64886D3113BCCE68009C3EDA /* PDFDocumentViewControllerTests.m */ = {isa = PBXFileReference; fileEncoding = 4; lastKnownFileType = sourcecode.c.objc; path = PDFDocumentViewControllerTests.m; sourceTree = "<group>"; };
		64886D3413BCCEBC009C3EDA /* PDFDocumentViewController.h */ = {isa = PBXFileReference; fileEncoding = 4; lastKnownFileType = sourcecode.c.h; path = PDFDocumentViewController.h; sourceTree = "<group>"; };
		64886D3513BCCEBC009C3EDA /* PDFDocumentViewController.m */ = {isa = PBXFileReference; fileEncoding = 4; lastKnownFileType = sourcecode.c.objc; path = PDFDocumentViewController.m; sourceTree = "<group>"; };
		64886D3813BCD1C0009C3EDA /* PDFDocument.h */ = {isa = PBXFileReference; fileEncoding = 4; lastKnownFileType = sourcecode.c.h; path = PDFDocument.h; sourceTree = "<group>"; };
		64886D3913BCD1C0009C3EDA /* PDFDocument.m */ = {isa = PBXFileReference; fileEncoding = 4; lastKnownFileType = sourcecode.c.objc; path = PDFDocument.m; sourceTree = "<group>"; };
		64C96967137B754E002B5D10 /* DelegateTests.h */ = {isa = PBXFileReference; fileEncoding = 4; lastKnownFileType = sourcecode.c.h; path = DelegateTests.h; sourceTree = "<group>"; };
		64C96968137B754E002B5D10 /* DelegateTests.m */ = {isa = PBXFileReference; fileEncoding = 4; lastKnownFileType = sourcecode.c.objc; path = DelegateTests.m; sourceTree = "<group>"; };
		64D94DF31379B2CB00300349 /* myMusicStand.app */ = {isa = PBXFileReference; explicitFileType = wrapper.application; includeInIndex = 0; path = myMusicStand.app; sourceTree = BUILT_PRODUCTS_DIR; };
		64D94DF71379B2CB00300349 /* UIKit.framework */ = {isa = PBXFileReference; lastKnownFileType = wrapper.framework; name = UIKit.framework; path = System/Library/Frameworks/UIKit.framework; sourceTree = SDKROOT; };
		64D94DF91379B2CB00300349 /* Foundation.framework */ = {isa = PBXFileReference; lastKnownFileType = wrapper.framework; name = Foundation.framework; path = System/Library/Frameworks/Foundation.framework; sourceTree = SDKROOT; };
		64D94DFB1379B2CB00300349 /* CoreGraphics.framework */ = {isa = PBXFileReference; lastKnownFileType = wrapper.framework; name = CoreGraphics.framework; path = System/Library/Frameworks/CoreGraphics.framework; sourceTree = SDKROOT; };
		64D94DFD1379B2CB00300349 /* CoreData.framework */ = {isa = PBXFileReference; lastKnownFileType = wrapper.framework; name = CoreData.framework; path = System/Library/Frameworks/CoreData.framework; sourceTree = SDKROOT; };
		64D94E011379B2CB00300349 /* myMusicStand-Info.plist */ = {isa = PBXFileReference; lastKnownFileType = text.plist.xml; path = "myMusicStand-Info.plist"; sourceTree = "<group>"; };
		64D94E031379B2CB00300349 /* en */ = {isa = PBXFileReference; lastKnownFileType = text.plist.strings; name = en; path = en.lproj/InfoPlist.strings; sourceTree = "<group>"; };
		64D94E051379B2CB00300349 /* myMusicStand-Prefix.pch */ = {isa = PBXFileReference; lastKnownFileType = sourcecode.c.h; path = "myMusicStand-Prefix.pch"; sourceTree = "<group>"; };
		64D94E061379B2CB00300349 /* main.m */ = {isa = PBXFileReference; lastKnownFileType = sourcecode.c.objc; path = main.m; sourceTree = "<group>"; };
		64D94E081379B2CB00300349 /* myMusicStandAppDelegate.h */ = {isa = PBXFileReference; lastKnownFileType = sourcecode.c.h; path = myMusicStandAppDelegate.h; sourceTree = "<group>"; };
		64D94E091379B2CB00300349 /* myMusicStandAppDelegate.m */ = {isa = PBXFileReference; lastKnownFileType = sourcecode.c.objc; path = myMusicStandAppDelegate.m; sourceTree = "<group>"; };
		64D94E0C1379B2CC00300349 /* en */ = {isa = PBXFileReference; lastKnownFileType = file.xib; name = en; path = en.lproj/MainWindow.xib; sourceTree = "<group>"; };
		64D94E0F1379B2CC00300349 /* myMusicStand.xcdatamodel */ = {isa = PBXFileReference; lastKnownFileType = wrapper.xcdatamodel; path = myMusicStand.xcdatamodel; sourceTree = "<group>"; };
		64D94E161379B2CC00300349 /* myMusicStandTests.octest */ = {isa = PBXFileReference; explicitFileType = wrapper.cfbundle; includeInIndex = 0; path = myMusicStandTests.octest; sourceTree = BUILT_PRODUCTS_DIR; };
		64D94E1F1379B2CC00300349 /* myMusicStandTests-Info.plist */ = {isa = PBXFileReference; lastKnownFileType = text.plist.xml; path = "myMusicStandTests-Info.plist"; sourceTree = "<group>"; };
		64D94E211379B2CC00300349 /* en */ = {isa = PBXFileReference; lastKnownFileType = text.plist.strings; name = en; path = en.lproj/InfoPlist.strings; sourceTree = "<group>"; };
		64D94E231379B2CC00300349 /* myMusicStandTests-Prefix.pch */ = {isa = PBXFileReference; lastKnownFileType = sourcecode.c.h; path = "myMusicStandTests-Prefix.pch"; sourceTree = "<group>"; };
		64D94E361379B2F500300349 /* Cocoa.framework */ = {isa = PBXFileReference; lastKnownFileType = wrapper.framework; name = Cocoa.framework; path = System/Library/Frameworks/Cocoa.framework; sourceTree = SDKROOT; };
		64D94E391379B2F500300349 /* AppKit.framework */ = {isa = PBXFileReference; lastKnownFileType = wrapper.framework; name = AppKit.framework; path = System/Library/Frameworks/AppKit.framework; sourceTree = SDKROOT; };
		64D94E3A1379B2F500300349 /* CoreData.framework */ = {isa = PBXFileReference; lastKnownFileType = wrapper.framework; name = CoreData.framework; path = System/Library/Frameworks/CoreData.framework; sourceTree = SDKROOT; };
		64D94E3B1379B2F500300349 /* Foundation.framework */ = {isa = PBXFileReference; lastKnownFileType = wrapper.framework; name = Foundation.framework; path = System/Library/Frameworks/Foundation.framework; sourceTree = SDKROOT; };
		64D94E541379B35D00300349 /* FileDiffer.h */ = {isa = PBXFileReference; fileEncoding = 4; lastKnownFileType = sourcecode.c.h; path = FileDiffer.h; sourceTree = "<group>"; };
		64D94E551379B35D00300349 /* FileDiffer.m */ = {isa = PBXFileReference; fileEncoding = 4; lastKnownFileType = sourcecode.c.objc; path = FileDiffer.m; sourceTree = "<group>"; };
		64D94E591379B39300300349 /* FileDifferTests.h */ = {isa = PBXFileReference; fileEncoding = 4; lastKnownFileType = sourcecode.c.h; path = FileDifferTests.h; sourceTree = "<group>"; };
		64D94E5A1379B39300300349 /* FileDifferTests.m */ = {isa = PBXFileReference; fileEncoding = 4; lastKnownFileType = sourcecode.c.objc; path = FileDifferTests.m; sourceTree = "<group>"; };
		64D94E5C1379B42000300349 /* CoreDataTest.h */ = {isa = PBXFileReference; fileEncoding = 4; lastKnownFileType = sourcecode.c.h; path = CoreDataTest.h; sourceTree = "<group>"; };
		64D94E5D1379B42000300349 /* CoreDataTest.m */ = {isa = PBXFileReference; fileEncoding = 4; lastKnownFileType = sourcecode.c.objc; path = CoreDataTest.m; sourceTree = "<group>"; };
		64D94E5F1379B44800300349 /* CoreData.framework */ = {isa = PBXFileReference; lastKnownFileType = wrapper.framework; name = CoreData.framework; path = SDKs/MacOSX10.6.sdk/System/Library/Frameworks/CoreData.framework; sourceTree = DEVELOPER_DIR; };
		64D94E611379B57800300349 /* FileTests.h */ = {isa = PBXFileReference; fileEncoding = 4; lastKnownFileType = sourcecode.c.h; path = FileTests.h; sourceTree = "<group>"; };
		64D94E621379B57800300349 /* FileTests.m */ = {isa = PBXFileReference; fileEncoding = 4; lastKnownFileType = sourcecode.c.objc; path = FileTests.m; sourceTree = "<group>"; };
		64D94E6C1379B62400300349 /* OrderedFileTests.h */ = {isa = PBXFileReference; fileEncoding = 4; lastKnownFileType = sourcecode.c.h; path = OrderedFileTests.h; sourceTree = "<group>"; };
		64D94E6D1379B62400300349 /* OrderedFileTests.m */ = {isa = PBXFileReference; fileEncoding = 4; lastKnownFileType = sourcecode.c.objc; path = OrderedFileTests.m; sourceTree = "<group>"; };
		64D94E731379B65500300349 /* SetlistTests.h */ = {isa = PBXFileReference; fileEncoding = 4; lastKnownFileType = sourcecode.c.h; path = SetlistTests.h; sourceTree = "<group>"; };
		64D94E741379B65500300349 /* SetlistTests.m */ = {isa = PBXFileReference; fileEncoding = 4; lastKnownFileType = sourcecode.c.objc; path = SetlistTests.m; sourceTree = "<group>"; };
		64D94E7E1379BC3A00300349 /* Setlist.h */ = {isa = PBXFileReference; fileEncoding = 4; lastKnownFileType = sourcecode.c.h; path = Setlist.h; sourceTree = "<group>"; };
		64D94E7F1379BC3A00300349 /* Setlist.m */ = {isa = PBXFileReference; fileEncoding = 4; lastKnownFileType = sourcecode.c.objc; path = Setlist.m; sourceTree = "<group>"; };
		64D94E821379BDCB00300349 /* OrderedFile.h */ = {isa = PBXFileReference; fileEncoding = 4; lastKnownFileType = sourcecode.c.h; path = OrderedFile.h; sourceTree = "<group>"; };
		64D94E831379BDCB00300349 /* OrderedFile.m */ = {isa = PBXFileReference; fileEncoding = 4; lastKnownFileType = sourcecode.c.objc; path = OrderedFile.m; sourceTree = "<group>"; };
		64D94E861379BE1100300349 /* File.h */ = {isa = PBXFileReference; fileEncoding = 4; lastKnownFileType = sourcecode.c.h; path = File.h; sourceTree = "<group>"; };
		64D94E871379BE1100300349 /* File.m */ = {isa = PBXFileReference; fileEncoding = 4; lastKnownFileType = sourcecode.c.objc; path = File.m; sourceTree = "<group>"; };
		64E380641381786700A43834 /* floorAndStage.png */ = {isa = PBXFileReference; lastKnownFileType = image.png; path = floorAndStage.png; sourceTree = "<group>"; };
		64E47BC0137AE3E800AC5C93 /* FileTableViewControllerTests.h */ = {isa = PBXFileReference; fileEncoding = 4; lastKnownFileType = sourcecode.c.h; path = FileTableViewControllerTests.h; sourceTree = "<group>"; };
		64E47BC1137AE3E800AC5C93 /* FileTableViewControllerTests.m */ = {isa = PBXFileReference; fileEncoding = 4; lastKnownFileType = sourcecode.c.objc; path = FileTableViewControllerTests.m; sourceTree = "<group>"; };
		64E7F037138551D800BB54D7 /* TimestampEntityTests.h */ = {isa = PBXFileReference; fileEncoding = 4; lastKnownFileType = sourcecode.c.h; path = TimestampEntityTests.h; sourceTree = "<group>"; };
		64E7F038138551D800BB54D7 /* TimestampEntityTests.m */ = {isa = PBXFileReference; fileEncoding = 4; lastKnownFileType = sourcecode.c.objc; path = TimestampEntityTests.m; sourceTree = "<group>"; };
		64E7F057138561ED00BB54D7 /* SetlistTableController.h */ = {isa = PBXFileReference; fileEncoding = 4; lastKnownFileType = sourcecode.c.h; path = SetlistTableController.h; sourceTree = "<group>"; };
		64E7F058138561ED00BB54D7 /* SetlistTableController.m */ = {isa = PBXFileReference; fileEncoding = 4; lastKnownFileType = sourcecode.c.objc; path = SetlistTableController.m; sourceTree = "<group>"; };
		64EAE5FA1379DDE900544C29 /* FileTableController.h */ = {isa = PBXFileReference; fileEncoding = 4; lastKnownFileType = sourcecode.c.h; path = FileTableController.h; sourceTree = "<group>"; };
		64EAE5FB1379DDE900544C29 /* FileTableController.m */ = {isa = PBXFileReference; fileEncoding = 4; lastKnownFileType = sourcecode.c.objc; path = FileTableController.m; sourceTree = "<group>"; };
		64F1F27A13898AC8003F83AB /* MessageUI.framework */ = {isa = PBXFileReference; lastKnownFileType = wrapper.framework; name = MessageUI.framework; path = System/Library/Frameworks/MessageUI.framework; sourceTree = SDKROOT; };
		64F1F27C13898AE0003F83AB /* QuartzCore.framework */ = {isa = PBXFileReference; lastKnownFileType = wrapper.framework; name = QuartzCore.framework; path = System/Library/Frameworks/QuartzCore.framework; sourceTree = SDKROOT; };
		64FAA48B138BFE66009465BC /* StageViewController.h */ = {isa = PBXFileReference; fileEncoding = 4; lastKnownFileType = sourcecode.c.h; path = StageViewController.h; sourceTree = "<group>"; };
		64FAA48C138BFE67009465BC /* StageViewController.m */ = {isa = PBXFileReference; fileEncoding = 4; lastKnownFileType = sourcecode.c.objc; path = StageViewController.m; sourceTree = "<group>"; };
		64FAA48D138BFE67009465BC /* StageViewController.xib */ = {isa = PBXFileReference; fileEncoding = 4; lastKnownFileType = file.xib; path = StageViewController.xib; sourceTree = "<group>"; };
		64FAA4BD138C4135009465BC /* CFNetwork.framework */ = {isa = PBXFileReference; lastKnownFileType = wrapper.framework; name = CFNetwork.framework; path = System/Library/Frameworks/CFNetwork.framework; sourceTree = SDKROOT; };
		6903DADF1405512600FD2CD0 /* myMusicStand copy-Info.plist */ = {isa = PBXFileReference; lastKnownFileType = text.plist.xml; name = "myMusicStand copy-Info.plist"; path = "/Users/stevensolomon/Documents/myMusicStand/myMusicStand copy-Info.plist"; sourceTree = "<absolute>"; };
		691F732E13D48461004C1008 /* TimestampEntity.h */ = {isa = PBXFileReference; fileEncoding = 4; lastKnownFileType = sourcecode.c.h; path = TimestampEntity.h; sourceTree = "<group>"; };
		691F732F13D48461004C1008 /* TimestampEntity.m */ = {isa = PBXFileReference; fileEncoding = 4; lastKnownFileType = sourcecode.c.objc; path = TimestampEntity.m; sourceTree = "<group>"; };
		693D5B5913CB4A3A00840F67 /* PDFView.h */ = {isa = PBXFileReference; fileEncoding = 4; lastKnownFileType = sourcecode.c.h; path = PDFView.h; sourceTree = "<group>"; };
		693D5B5A13CB4A3A00840F67 /* PDFView.m */ = {isa = PBXFileReference; fileEncoding = 4; lastKnownFileType = sourcecode.c.objc; path = PDFView.m; sourceTree = "<group>"; };
		69945F1813CFA0C300D9BF72 /* PDFScrollView.h */ = {isa = PBXFileReference; fileEncoding = 4; lastKnownFileType = sourcecode.c.h; path = PDFScrollView.h; sourceTree = "<group>"; };
		69945F1913CFA0C300D9BF72 /* PDFScrollView.m */ = {isa = PBXFileReference; fileEncoding = 4; lastKnownFileType = sourcecode.c.objc; path = PDFScrollView.m; sourceTree = "<group>"; };
		69945F1F13CFB40300D9BF72 /* PDFDocumentViewController.xib */ = {isa = PBXFileReference; fileEncoding = 4; lastKnownFileType = file.xib; path = PDFDocumentViewController.xib; sourceTree = "<group>"; };
		69958E0E13C8C6CE00A6911E /* PDFHelpers.h */ = {isa = PBXFileReference; fileEncoding = 4; lastKnownFileType = sourcecode.c.h; path = PDFHelpers.h; sourceTree = "<group>"; };
		69958E0F13C8C6CE00A6911E /* PDFHelpers.m */ = {isa = PBXFileReference; fileEncoding = 4; lastKnownFileType = sourcecode.c.objc; path = PDFHelpers.m; sourceTree = "<group>"; };
		69958E2113C9259D00A6911E /* icon.png */ = {isa = PBXFileReference; lastKnownFileType = image.png; name = icon.png; path = ../icon.png; sourceTree = "<group>"; };
		699695861406AF9D002FEB8B /* LayoutSpec.js */ = {isa = PBXFileReference; fileEncoding = 4; path = LayoutSpec.js; sourceTree = "<group>"; };
		699695881406AF9D002FEB8B /* assertions.js */ = {isa = PBXFileReference; fileEncoding = 4; lastKnownFileType = sourcecode.javascript; path = assertions.js; sourceTree = "<group>"; };
		699695891406AF9D002FEB8B /* lang-ext.js */ = {isa = PBXFileReference; fileEncoding = 4; lastKnownFileType = sourcecode.javascript; path = "lang-ext.js"; sourceTree = "<group>"; };
		6996958A1406AF9D002FEB8B /* LICENSE */ = {isa = PBXFileReference; fileEncoding = 4; lastKnownFileType = text; path = LICENSE; sourceTree = "<group>"; };
		6996958B1406AF9D002FEB8B /* README.md */ = {isa = PBXFileReference; fileEncoding = 4; lastKnownFileType = text; path = README.md; sourceTree = "<group>"; };
		6996958C1406AF9D002FEB8B /* screen.js */ = {isa = PBXFileReference; fileEncoding = 4; lastKnownFileType = sourcecode.javascript; path = screen.js; sourceTree = "<group>"; };
		6996958D1406AF9D002FEB8B /* test.js */ = {isa = PBXFileReference; fileEncoding = 4; lastKnownFileType = sourcecode.javascript; path = test.js; sourceTree = "<group>"; };
		6996958E1406AF9D002FEB8B /* tuneup.js */ = {isa = PBXFileReference; fileEncoding = 4; lastKnownFileType = sourcecode.javascript; path = tuneup.js; sourceTree = "<group>"; };
		6996958F1406AF9D002FEB8B /* uiautomation-ext.js */ = {isa = PBXFileReference; fileEncoding = 4; lastKnownFileType = sourcecode.javascript; path = "uiautomation-ext.js"; sourceTree = "<group>"; };
		6996959B1406C6C5002FEB8B /* SearchAlgorithms.js */ = {isa = PBXFileReference; fileEncoding = 4; lastKnownFileType = sourcecode.javascript; path = SearchAlgorithms.js; sourceTree = "<group>"; };
		6998AD2A13E382FC00CC7539 /* bottomOfStand.png */ = {isa = PBXFileReference; lastKnownFileType = image.png; path = bottomOfStand.png; sourceTree = "<group>"; };
		699D0F1E13D780D0009D467A /* FileImporter.h */ = {isa = PBXFileReference; fileEncoding = 4; lastKnownFileType = sourcecode.c.h; path = FileImporter.h; sourceTree = "<group>"; };
		699D0F1F13D780D0009D467A /* FileImporter.m */ = {isa = PBXFileReference; fileEncoding = 4; lastKnownFileType = sourcecode.c.objc; path = FileImporter.m; sourceTree = "<group>"; };
		699D0F2213D780F1009D467A /* FileImporterTests.h */ = {isa = PBXFileReference; fileEncoding = 4; lastKnownFileType = sourcecode.c.h; path = FileImporterTests.h; sourceTree = "<group>"; };
		699D0F2313D780F1009D467A /* FileImporterTests.m */ = {isa = PBXFileReference; fileEncoding = 4; lastKnownFileType = sourcecode.c.objc; path = FileImporterTests.m; sourceTree = "<group>"; };
		69A2358D13E89AF300C32F91 /* Doxyfile */ = {isa = PBXFileReference; fileEncoding = 4; lastKnownFileType = text; path = Doxyfile; sourceTree = "<group>"; };
		69A6EE3913E72E62004A3BF8 /* platform.png */ = {isa = PBXFileReference; lastKnownFileType = image.png; path = platform.png; sourceTree = "<group>"; };
		69A7561113DF1B2600671838 /* ThumbnailDragController.h */ = {isa = PBXFileReference; fileEncoding = 4; lastKnownFileType = sourcecode.c.h; path = ThumbnailDragController.h; sourceTree = "<group>"; };
		69A7561213DF1B2600671838 /* ThumbnailDragController.m */ = {isa = PBXFileReference; fileEncoding = 4; lastKnownFileType = sourcecode.c.objc; path = ThumbnailDragController.m; sourceTree = "<group>"; };
		69A9CC8013F9BBC800EB2284 /* widePlatform.png */ = {isa = PBXFileReference; lastKnownFileType = image.png; path = widePlatform.png; sourceTree = "<group>"; };
		69B1CEC413DE47D200C3F493 /* MailComposerController.h */ = {isa = PBXFileReference; fileEncoding = 4; lastKnownFileType = sourcecode.c.h; path = MailComposerController.h; sourceTree = "<group>"; };
		69B1CEC513DE47D200C3F493 /* MailComposerController.m */ = {isa = PBXFileReference; fileEncoding = 4; lastKnownFileType = sourcecode.c.objc; path = MailComposerController.m; sourceTree = "<group>"; };
		69B7BC9F13FEBC8500C313E3 /* ThumbnailDragControllerTests.h */ = {isa = PBXFileReference; fileEncoding = 4; lastKnownFileType = sourcecode.c.h; path = ThumbnailDragControllerTests.h; sourceTree = "<group>"; };
		69B7BCA013FEBC8500C313E3 /* ThumbnailDragControllerTests.m */ = {isa = PBXFileReference; fileEncoding = 4; lastKnownFileType = sourcecode.c.objc; path = ThumbnailDragControllerTests.m; sourceTree = "<group>"; };
		69D45F2413C397E30041AF71 /* firsttime.pdf */ = {isa = PBXFileReference; lastKnownFileType = image.pdf; path = firsttime.pdf; sourceTree = "<group>"; };
		69E1ECCA13F032D400D8CF65 /* tripod.png */ = {isa = PBXFileReference; lastKnownFileType = image.png; path = tripod.png; sourceTree = "<group>"; };
		69F39AEB13C5FD6800B7B939 /* Thumbnail.h */ = {isa = PBXFileReference; fileEncoding = 4; lastKnownFileType = sourcecode.c.h; path = Thumbnail.h; sourceTree = "<group>"; };
		69F39AEC13C5FD6800B7B939 /* Thumbnail.m */ = {isa = PBXFileReference; fileEncoding = 4; lastKnownFileType = sourcecode.c.objc; path = Thumbnail.m; sourceTree = "<group>"; };
/* End PBXFileReference section */

/* Begin PBXFrameworksBuildPhase section */
		64D94DF01379B2CB00300349 /* Frameworks */ = {
			isa = PBXFrameworksBuildPhase;
			buildActionMask = 2147483647;
			files = (
				64F1F27D13898AE0003F83AB /* QuartzCore.framework in Frameworks */,
				64F1F27B13898AC8003F83AB /* MessageUI.framework in Frameworks */,
				64D94DF81379B2CB00300349 /* UIKit.framework in Frameworks */,
				64D94DFA1379B2CB00300349 /* Foundation.framework in Frameworks */,
				64D94DFC1379B2CB00300349 /* CoreGraphics.framework in Frameworks */,
				64D94DFE1379B2CB00300349 /* CoreData.framework in Frameworks */,
			);
			runOnlyForDeploymentPostprocessing = 0;
		};
		64D94E121379B2CC00300349 /* Frameworks */ = {
			isa = PBXFrameworksBuildPhase;
			buildActionMask = 2147483647;
			files = (
				64D94E171379B2CC00300349 /* UIKit.framework in Frameworks */,
				64D94E181379B2CC00300349 /* Foundation.framework in Frameworks */,
				64D94E191379B2CC00300349 /* CoreGraphics.framework in Frameworks */,
				64D94E1A1379B2CC00300349 /* CoreData.framework in Frameworks */,
			);
			runOnlyForDeploymentPostprocessing = 0;
		};
/* End PBXFrameworksBuildPhase section */

/* Begin PBXGroup section */
		64415E9A137DD50300DADC4C /* Cell */ = {
			isa = PBXGroup;
			children = (
				64415E89137D8EAD00DADC4C /* BlockTableViewCell.xib */,
			);
			name = Cell;
			sourceTree = "<group>";
		};
		64D94DE81379B2CB00300349 = {
			isa = PBXGroup;
			children = (
				6996957B1406AF9D002FEB8B /* AcceptanceTests */,
				64D94DFF1379B2CB00300349 /* myMusicStand */,
				64D94E1D1379B2CC00300349 /* myMusicStandTests */,
				64D94DF61379B2CB00300349 /* Frameworks */,
				64D94DF41379B2CB00300349 /* Products */,
				6903DADF1405512600FD2CD0 /* myMusicStand copy-Info.plist */,
			);
			sourceTree = "<group>";
		};
		64D94DF41379B2CB00300349 /* Products */ = {
			isa = PBXGroup;
			children = (
				64D94DF31379B2CB00300349 /* myMusicStand.app */,
				64D94E161379B2CC00300349 /* myMusicStandTests.octest */,
			);
			name = Products;
			sourceTree = "<group>";
		};
		64D94DF61379B2CB00300349 /* Frameworks */ = {
			isa = PBXGroup;
			children = (
				64FAA4BD138C4135009465BC /* CFNetwork.framework */,
				64F1F27C13898AE0003F83AB /* QuartzCore.framework */,
				64F1F27A13898AC8003F83AB /* MessageUI.framework */,
				64D94E5F1379B44800300349 /* CoreData.framework */,
				64D94DF71379B2CB00300349 /* UIKit.framework */,
				64D94DF91379B2CB00300349 /* Foundation.framework */,
				64D94DFB1379B2CB00300349 /* CoreGraphics.framework */,
				64D94DFD1379B2CB00300349 /* CoreData.framework */,
				64D94E361379B2F500300349 /* Cocoa.framework */,
				64D94E381379B2F500300349 /* Other Frameworks */,
			);
			name = Frameworks;
			sourceTree = "<group>";
		};
		64D94DFF1379B2CB00300349 /* myMusicStand */ = {
			isa = PBXGroup;
			children = (
				6998AD2813E382E100CC7539 /* images */,
				64EAE5FE1379DDEF00544C29 /* Files list controller */,
				64F1F27E13898AF6003F83AB /* PDF Viewing */,
				64D94E8E1379C52100300349 /* File System work */,
				64D94E8F1379C53600300349 /* Top Level */,
				64D94E901379C54C00300349 /* Models */,
				64D94E001379B2CB00300349 /* Supporting Files */,
			);
			path = myMusicStand;
			sourceTree = "<group>";
		};
		64D94E001379B2CB00300349 /* Supporting Files */ = {
			isa = PBXGroup;
			children = (
				69A2358D13E89AF300C32F91 /* Doxyfile */,
				64D94E011379B2CB00300349 /* myMusicStand-Info.plist */,
				64D94E021379B2CB00300349 /* InfoPlist.strings */,
				64D94E051379B2CB00300349 /* myMusicStand-Prefix.pch */,
				64D94E061379B2CB00300349 /* main.m */,
			);
			name = "Supporting Files";
			sourceTree = "<group>";
		};
		64D94E1D1379B2CC00300349 /* myMusicStandTests */ = {
			isa = PBXGroup;
			children = (
				69D45F2413C397E30041AF71 /* firsttime.pdf */,
				64D94E981379C5EF00300349 /* Setlists Testing */,
				64D94E951379C5B200300349 /* File related tests */,
				64D94E961379C5C700300349 /* Core Data Testing */,
				64D94E971379C5D800300349 /* File System Work Testing */,
				64D94E1E1379B2CC00300349 /* Supporting Files */,
				64E47BC0137AE3E800AC5C93 /* FileTableViewControllerTests.h */,
				64E47BC1137AE3E800AC5C93 /* FileTableViewControllerTests.m */,
				64E7F03C1385539300BB54D7 /* Delegate tests */,
				64E7F03B1385538300BB54D7 /* TimestampTests */,
				645E6A2D13AA9761001DB0DB /* StageViewControllerTests.h */,
				645E6A2E13AA9761001DB0DB /* StageViewControllerTests.m */,
				64886D3013BCCE68009C3EDA /* PDFDocumentViewControllerTests.h */,
				64886D3113BCCE68009C3EDA /* PDFDocumentViewControllerTests.m */,
				699D0F2213D780F1009D467A /* FileImporterTests.h */,
				699D0F2313D780F1009D467A /* FileImporterTests.m */,
				69B7BC9F13FEBC8500C313E3 /* ThumbnailDragControllerTests.h */,
				69B7BCA013FEBC8500C313E3 /* ThumbnailDragControllerTests.m */,
			);
			path = myMusicStandTests;
			sourceTree = "<group>";
		};
		64D94E1E1379B2CC00300349 /* Supporting Files */ = {
			isa = PBXGroup;
			children = (
				64D94E1F1379B2CC00300349 /* myMusicStandTests-Info.plist */,
				64D94E201379B2CC00300349 /* InfoPlist.strings */,
				64D94E231379B2CC00300349 /* myMusicStandTests-Prefix.pch */,
			);
			name = "Supporting Files";
			sourceTree = "<group>";
		};
		64D94E381379B2F500300349 /* Other Frameworks */ = {
			isa = PBXGroup;
			children = (
				64D94E391379B2F500300349 /* AppKit.framework */,
				64D94E3A1379B2F500300349 /* CoreData.framework */,
				64D94E3B1379B2F500300349 /* Foundation.framework */,
			);
			name = "Other Frameworks";
			sourceTree = "<group>";
		};
		64D94E8E1379C52100300349 /* File System work */ = {
			isa = PBXGroup;
			children = (
				64D94E541379B35D00300349 /* FileDiffer.h */,
				64D94E551379B35D00300349 /* FileDiffer.m */,
			);
			name = "File System work";
			sourceTree = "<group>";
		};
		64D94E8F1379C53600300349 /* Top Level */ = {
			isa = PBXGroup;
			children = (
				64D94E081379B2CB00300349 /* myMusicStandAppDelegate.h */,
				64D94E091379B2CB00300349 /* myMusicStandAppDelegate.m */,
				64D94E0B1379B2CC00300349 /* MainWindow.xib */,
				64FAA48B138BFE66009465BC /* StageViewController.h */,
				64FAA48C138BFE67009465BC /* StageViewController.m */,
				64FAA48D138BFE67009465BC /* StageViewController.xib */,
				699D0F1E13D780D0009D467A /* FileImporter.h */,
				699D0F1F13D780D0009D467A /* FileImporter.m */,
				69B1CEC413DE47D200C3F493 /* MailComposerController.h */,
				69B1CEC513DE47D200C3F493 /* MailComposerController.m */,
				69A7561113DF1B2600671838 /* ThumbnailDragController.h */,
				69A7561213DF1B2600671838 /* ThumbnailDragController.m */,
			);
			name = "Top Level";
			sourceTree = "<group>";
		};
		64D94E901379C54C00300349 /* Models */ = {
			isa = PBXGroup;
			children = (
				64D94E0E1379B2CC00300349 /* myMusicStand.xcdatamodeld */,
				64D94E941379C59000300349 /* Ordered Entity By Creation time */,
				64D94E931379C58100300349 /* Files (aka Charts) */,
				64D94E921379C57300300349 /* Ordering  */,
				64D94E911379C56800300349 /* Sets */,
			);
			name = Models;
			sourceTree = "<group>";
		};
		64D94E911379C56800300349 /* Sets */ = {
			isa = PBXGroup;
			children = (
				64D94E7E1379BC3A00300349 /* Setlist.h */,
				64D94E7F1379BC3A00300349 /* Setlist.m */,
			);
			name = Sets;
			sourceTree = "<group>";
		};
		64D94E921379C57300300349 /* Ordering  */ = {
			isa = PBXGroup;
			children = (
				64D94E821379BDCB00300349 /* OrderedFile.h */,
				64D94E831379BDCB00300349 /* OrderedFile.m */,
			);
			name = "Ordering ";
			sourceTree = "<group>";
		};
		64D94E931379C58100300349 /* Files (aka Charts) */ = {
			isa = PBXGroup;
			children = (
				69F39AEF13C5FDF800B7B939 /* Thumbnail */,
				64D94E861379BE1100300349 /* File.h */,
				64D94E871379BE1100300349 /* File.m */,
			);
			name = "Files (aka Charts)";
			sourceTree = "<group>";
		};
		64D94E941379C59000300349 /* Ordered Entity By Creation time */ = {
			isa = PBXGroup;
			children = (
				691F732E13D48461004C1008 /* TimestampEntity.h */,
				691F732F13D48461004C1008 /* TimestampEntity.m */,
			);
			name = "Ordered Entity By Creation time";
			sourceTree = "<group>";
		};
		64D94E951379C5B200300349 /* File related tests */ = {
			isa = PBXGroup;
			children = (
				64D94E6C1379B62400300349 /* OrderedFileTests.h */,
				64D94E6D1379B62400300349 /* OrderedFileTests.m */,
				64D94E611379B57800300349 /* FileTests.h */,
				64D94E621379B57800300349 /* FileTests.m */,
			);
			name = "File related tests";
			path = ../myMusicStandLogicTests;
			sourceTree = "<group>";
		};
		64D94E961379C5C700300349 /* Core Data Testing */ = {
			isa = PBXGroup;
			children = (
				64D94E5C1379B42000300349 /* CoreDataTest.h */,
				64D94E5D1379B42000300349 /* CoreDataTest.m */,
			);
			name = "Core Data Testing";
			path = ../myMusicStandLogicTests;
			sourceTree = "<group>";
		};
		64D94E971379C5D800300349 /* File System Work Testing */ = {
			isa = PBXGroup;
			children = (
				64D94E591379B39300300349 /* FileDifferTests.h */,
				64D94E5A1379B39300300349 /* FileDifferTests.m */,
			);
			name = "File System Work Testing";
			path = ../myMusicStandLogicTests;
			sourceTree = "<group>";
		};
		64D94E981379C5EF00300349 /* Setlists Testing */ = {
			isa = PBXGroup;
			children = (
				64D94E731379B65500300349 /* SetlistTests.h */,
				64D94E741379B65500300349 /* SetlistTests.m */,
			);
			name = "Setlists Testing";
			path = ../myMusicStandLogicTests;
			sourceTree = "<group>";
		};
		64E7F03B1385538300BB54D7 /* TimestampTests */ = {
			isa = PBXGroup;
			children = (
				64E7F037138551D800BB54D7 /* TimestampEntityTests.h */,
				64E7F038138551D800BB54D7 /* TimestampEntityTests.m */,
			);
			name = TimestampTests;
			sourceTree = "<group>";
		};
		64E7F03C1385539300BB54D7 /* Delegate tests */ = {
			isa = PBXGroup;
			children = (
				64C96967137B754E002B5D10 /* DelegateTests.h */,
				64C96968137B754E002B5D10 /* DelegateTests.m */,
			);
			name = "Delegate tests";
			sourceTree = "<group>";
		};
		64EAE5FE1379DDEF00544C29 /* Files list controller */ = {
			isa = PBXGroup;
			children = (
				64EAE5FA1379DDE900544C29 /* FileTableController.h */,
				64EAE5FB1379DDE900544C29 /* FileTableController.m */,
				648063371385A6C600E0CA27 /* BlockTableController.h */,
				648063381385A6C600E0CA27 /* BlockTableController.m */,
				64E7F058138561ED00BB54D7 /* SetlistTableController.m */,
				64E7F057138561ED00BB54D7 /* SetlistTableController.h */,
				64415E9A137DD50300DADC4C /* Cell */,
			);
			name = "Files list controller";
			sourceTree = "<group>";
		};
		64F1F27E13898AF6003F83AB /* PDF Viewing */ = {
			isa = PBXGroup;
			children = (
				69958E1113C8C6D400A6911E /* PDFHelpers */,
				69945F1D13CFB2A800D9BF72 /* Controller */,
				69945F1C13CFB29A00D9BF72 /* Model */,
				69945F1E13CFB2BF00D9BF72 /* Views */,
			);
			name = "PDF Viewing";
			sourceTree = "<group>";
		};
		69945F1C13CFB29A00D9BF72 /* Model */ = {
			isa = PBXGroup;
			children = (
				64886D3813BCD1C0009C3EDA /* PDFDocument.h */,
				64886D3913BCD1C0009C3EDA /* PDFDocument.m */,
			);
			name = Model;
			sourceTree = "<group>";
		};
		69945F1D13CFB2A800D9BF72 /* Controller */ = {
			isa = PBXGroup;
			children = (
				69945F1F13CFB40300D9BF72 /* PDFDocumentViewController.xib */,
				64886D3413BCCEBC009C3EDA /* PDFDocumentViewController.h */,
				64886D3513BCCEBC009C3EDA /* PDFDocumentViewController.m */,
			);
			name = Controller;
			sourceTree = "<group>";
		};
		69945F1E13CFB2BF00D9BF72 /* Views */ = {
			isa = PBXGroup;
			children = (
				693D5B5913CB4A3A00840F67 /* PDFView.h */,
				693D5B5A13CB4A3A00840F67 /* PDFView.m */,
				69945F1813CFA0C300D9BF72 /* PDFScrollView.h */,
				69945F1913CFA0C300D9BF72 /* PDFScrollView.m */,
			);
			name = Views;
			sourceTree = "<group>";
		};
		69958E1113C8C6D400A6911E /* PDFHelpers */ = {
			isa = PBXGroup;
			children = (
				69958E0E13C8C6CE00A6911E /* PDFHelpers.h */,
				69958E0F13C8C6CE00A6911E /* PDFHelpers.m */,
			);
			name = PDFHelpers;
			sourceTree = "<group>";
		};
		6996957B1406AF9D002FEB8B /* AcceptanceTests */ = {
			isa = PBXGroup;
			children = (
				6996959B1406C6C5002FEB8B /* SearchAlgorithms.js */,
				699695861406AF9D002FEB8B /* LayoutSpec.js */,
				699695871406AF9D002FEB8B /* tuneup_js */,
			);
			path = AcceptanceTests;
			sourceTree = "<group>";
		};
		699695871406AF9D002FEB8B /* tuneup_js */ = {
			isa = PBXGroup;
			children = (
				699695881406AF9D002FEB8B /* assertions.js */,
				699695891406AF9D002FEB8B /* lang-ext.js */,
				6996958A1406AF9D002FEB8B /* LICENSE */,
				6996958B1406AF9D002FEB8B /* README.md */,
				6996958C1406AF9D002FEB8B /* screen.js */,
				6996958D1406AF9D002FEB8B /* test.js */,
				6996958E1406AF9D002FEB8B /* tuneup.js */,
				6996958F1406AF9D002FEB8B /* uiautomation-ext.js */,
			);
			path = tuneup_js;
			sourceTree = "<group>";
		};
		6998AD2813E382E100CC7539 /* images */ = {
			isa = PBXGroup;
			children = (
				69A9CC8013F9BBC800EB2284 /* widePlatform.png */,
				69E1ECCA13F032D400D8CF65 /* tripod.png */,
				69A6EE3913E72E62004A3BF8 /* platform.png */,
				64E380641381786700A43834 /* floorAndStage.png */,
				69958E2113C9259D00A6911E /* icon.png */,
				645BC56C13B928CE00C20507 /* check.png */,
				6998AD2A13E382FC00CC7539 /* bottomOfStand.png */,
			);
			name = images;
			sourceTree = "<group>";
		};
		69F39AEF13C5FDF800B7B939 /* Thumbnail */ = {
			isa = PBXGroup;
			children = (
				69F39AEB13C5FD6800B7B939 /* Thumbnail.h */,
				69F39AEC13C5FD6800B7B939 /* Thumbnail.m */,
			);
			name = Thumbnail;
			sourceTree = "<group>";
		};
/* End PBXGroup section */

/* Begin PBXNativeTarget section */
		64D94DF21379B2CB00300349 /* myMusicStand */ = {
			isa = PBXNativeTarget;
			buildConfigurationList = 64D94E2A1379B2CC00300349 /* Build configuration list for PBXNativeTarget "myMusicStand" */;
			buildPhases = (
				64D94DEF1379B2CB00300349 /* Sources */,
				64D94DF01379B2CB00300349 /* Frameworks */,
				64D94DF11379B2CB00300349 /* Resources */,
			);
			buildRules = (
			);
			dependencies = (
			);
			name = myMusicStand;
			productName = myMusicStand;
			productReference = 64D94DF31379B2CB00300349 /* myMusicStand.app */;
			productType = "com.apple.product-type.application";
		};
		64D94E151379B2CC00300349 /* myMusicStandTests */ = {
			isa = PBXNativeTarget;
			buildConfigurationList = 64D94E2D1379B2CC00300349 /* Build configuration list for PBXNativeTarget "myMusicStandTests" */;
			buildPhases = (
				64D94E111379B2CC00300349 /* Sources */,
				64D94E121379B2CC00300349 /* Frameworks */,
				64D94E131379B2CC00300349 /* Resources */,
				64D94E141379B2CC00300349 /* ShellScript */,
			);
			buildRules = (
			);
			dependencies = (
				64E47BC6137B1F7600AC5C93 /* PBXTargetDependency */,
			);
			name = myMusicStandTests;
			productName = myMusicStandTests;
			productReference = 64D94E161379B2CC00300349 /* myMusicStandTests.octest */;
			productType = "com.apple.product-type.bundle";
		};
/* End PBXNativeTarget section */

/* Begin PBXProject section */
		64D94DEA1379B2CB00300349 /* Project object */ = {
			isa = PBXProject;
			attributes = {
				LastUpgradeCheck = 0420;
			};
			buildConfigurationList = 64D94DED1379B2CB00300349 /* Build configuration list for PBXProject "myMusicStand" */;
			compatibilityVersion = "Xcode 3.2";
			developmentRegion = English;
			hasScannedForEncodings = 0;
			knownRegions = (
				en,
			);
			mainGroup = 64D94DE81379B2CB00300349;
			productRefGroup = 64D94DF41379B2CB00300349 /* Products */;
			projectDirPath = "";
			projectRoot = "";
			targets = (
				64D94DF21379B2CB00300349 /* myMusicStand */,
				64D94E151379B2CC00300349 /* myMusicStandTests */,
			);
		};
/* End PBXProject section */

/* Begin PBXResourcesBuildPhase section */
		64D94DF11379B2CB00300349 /* Resources */ = {
			isa = PBXResourcesBuildPhase;
			buildActionMask = 2147483647;
			files = (
				64D94E041379B2CB00300349 /* InfoPlist.strings in Resources */,
				64D94E0D1379B2CC00300349 /* MainWindow.xib in Resources */,
				64415E8A137D8EAD00DADC4C /* BlockTableViewCell.xib in Resources */,
				64E380651381786700A43834 /* floorAndStage.png in Resources */,
				64FAA48F138BFE67009465BC /* StageViewController.xib in Resources */,
				645BC56D13B928CE00C20507 /* check.png in Resources */,
				69958E2213C9259D00A6911E /* icon.png in Resources */,
				69945F2013CFB40300D9BF72 /* PDFDocumentViewController.xib in Resources */,
				6998AD2B13E382FC00CC7539 /* bottomOfStand.png in Resources */,
				69A6EE3A13E72E62004A3BF8 /* platform.png in Resources */,
				69A2358E13E89AF300C32F91 /* Doxyfile in Resources */,
				69E1ECCB13F032D400D8CF65 /* tripod.png in Resources */,
				69A9CC8113F9BBC800EB2284 /* widePlatform.png in Resources */,
				699695951406AF9D002FEB8B /* LICENSE in Resources */,
				699695961406AF9D002FEB8B /* README.md in Resources */,
			);
			runOnlyForDeploymentPostprocessing = 0;
		};
		64D94E131379B2CC00300349 /* Resources */ = {
			isa = PBXResourcesBuildPhase;
			buildActionMask = 2147483647;
			files = (
				64D94E221379B2CC00300349 /* InfoPlist.strings in Resources */,
				64E380661381786700A43834 /* floorAndStage.png in Resources */,
				69D45F2513C397E30041AF71 /* firsttime.pdf in Resources */,
			);
			runOnlyForDeploymentPostprocessing = 0;
		};
/* End PBXResourcesBuildPhase section */

/* Begin PBXShellScriptBuildPhase section */
		64D94E141379B2CC00300349 /* ShellScript */ = {
			isa = PBXShellScriptBuildPhase;
			buildActionMask = 2147483647;
			files = (
			);
			inputPaths = (
			);
			outputPaths = (
			);
			runOnlyForDeploymentPostprocessing = 0;
			shellPath = /bin/sh;
			shellScript = "# Run the unit tests in this test bundle.\n\"${SYSTEM_DEVELOPER_DIR}/Tools/RunUnitTests\"\n";
		};
/* End PBXShellScriptBuildPhase section */

/* Begin PBXSourcesBuildPhase section */
		64D94DEF1379B2CB00300349 /* Sources */ = {
			isa = PBXSourcesBuildPhase;
			buildActionMask = 2147483647;
			files = (
				64D94E071379B2CB00300349 /* main.m in Sources */,
				64D94E0A1379B2CB00300349 /* myMusicStandAppDelegate.m in Sources */,
				64D94E101379B2CC00300349 /* myMusicStand.xcdatamodeld in Sources */,
				64D94E561379B35D00300349 /* FileDiffer.m in Sources */,
				64D94E801379BC3A00300349 /* Setlist.m in Sources */,
				64D94E841379BDCB00300349 /* OrderedFile.m in Sources */,
				64D94E881379BE1100300349 /* File.m in Sources */,
				64EAE5FC1379DDE900544C29 /* FileTableController.m in Sources */,
				64E7F059138561ED00BB54D7 /* SetlistTableController.m in Sources */,
				648063391385A6C600E0CA27 /* BlockTableController.m in Sources */,
				64FAA48E138BFE67009465BC /* StageViewController.m in Sources */,
				64886D3613BCCEBC009C3EDA /* PDFDocumentViewController.m in Sources */,
				64886D3A13BCD1C0009C3EDA /* PDFDocument.m in Sources */,
				69F39AED13C5FD6800B7B939 /* Thumbnail.m in Sources */,
				69958E1013C8C6CE00A6911E /* PDFHelpers.m in Sources */,
				693D5B5B13CB4A3A00840F67 /* PDFView.m in Sources */,
				69945F1A13CFA0C300D9BF72 /* PDFScrollView.m in Sources */,
				691F733013D48461004C1008 /* TimestampEntity.m in Sources */,
				699D0F2013D780D0009D467A /* FileImporter.m in Sources */,
				69B1CEC613DE47D200C3F493 /* MailComposerController.m in Sources */,
				69A7561313DF1B2600671838 /* ThumbnailDragController.m in Sources */,
			);
			runOnlyForDeploymentPostprocessing = 0;
		};
		64D94E111379B2CC00300349 /* Sources */ = {
			isa = PBXSourcesBuildPhase;
			buildActionMask = 2147483647;
			files = (
				64DFCFA213857715002672BC /* SetlistTableController.m in Sources */,
				64DB278E137C2DBE0069D076 /* myMusicStand.xcdatamodel in Sources */,
				64DB2784137C2D2C0069D076 /* SetlistTests.m in Sources */,
				64DB2786137C2D2C0069D076 /* OrderedFileTests.m in Sources */,
				64DB2788137C2D2C0069D076 /* FileTests.m in Sources */,
				64DB278A137C2D2C0069D076 /* CoreDataTest.m in Sources */,
				64DB278C137C2D2C0069D076 /* FileDifferTests.m in Sources */,
				64EAE5FD1379DDE900544C29 /* FileTableController.m in Sources */,
				64E47BC2137AE3E800AC5C93 /* FileTableViewControllerTests.m in Sources */,
				64C96969137B754E002B5D10 /* DelegateTests.m in Sources */,
				64E7F039138551D800BB54D7 /* TimestampEntityTests.m in Sources */,
				6480633A1385A6C600E0CA27 /* BlockTableController.m in Sources */,
				645E6A2F13AA9761001DB0DB /* StageViewControllerTests.m in Sources */,
				64886D3213BCCE68009C3EDA /* PDFDocumentViewControllerTests.m in Sources */,
				64886D3713BCCEBC009C3EDA /* PDFDocumentViewController.m in Sources */,
				64886D3B13BCD1C0009C3EDA /* PDFDocument.m in Sources */,
				699D0F2413D780F1009D467A /* FileImporterTests.m in Sources */,
				699D0F2513D78115009D467A /* FileImporter.m in Sources */,
				69B7BCA113FEBC8500C313E3 /* ThumbnailDragControllerTests.m in Sources */,
			);
			runOnlyForDeploymentPostprocessing = 0;
		};
/* End PBXSourcesBuildPhase section */

/* Begin PBXTargetDependency section */
		64E47BC6137B1F7600AC5C93 /* PBXTargetDependency */ = {
			isa = PBXTargetDependency;
			target = 64D94DF21379B2CB00300349 /* myMusicStand */;
			targetProxy = 64E47BC5137B1F7600AC5C93 /* PBXContainerItemProxy */;
		};
/* End PBXTargetDependency section */

/* Begin PBXVariantGroup section */
		64D94E021379B2CB00300349 /* InfoPlist.strings */ = {
			isa = PBXVariantGroup;
			children = (
				64D94E031379B2CB00300349 /* en */,
			);
			name = InfoPlist.strings;
			sourceTree = "<group>";
		};
		64D94E0B1379B2CC00300349 /* MainWindow.xib */ = {
			isa = PBXVariantGroup;
			children = (
				64D94E0C1379B2CC00300349 /* en */,
			);
			name = MainWindow.xib;
			sourceTree = "<group>";
		};
		64D94E201379B2CC00300349 /* InfoPlist.strings */ = {
			isa = PBXVariantGroup;
			children = (
				64D94E211379B2CC00300349 /* en */,
			);
			name = InfoPlist.strings;
			sourceTree = "<group>";
		};
/* End PBXVariantGroup section */

/* Begin XCBuildConfiguration section */
		64D94E281379B2CC00300349 /* Debug */ = {
			isa = XCBuildConfiguration;
			buildSettings = {
				ADDITIONAL_SDKS = "";
				ARCHS = "$(ARCHS_UNIVERSAL_IPHONE_OS)";
				CODE_SIGN_IDENTITY = "iPhone Developer: William Negron (DUK369WAQW)";
				"CODE_SIGN_IDENTITY[sdk=iphoneos*]" = "iPhone Developer";
				GCC_C_LANGUAGE_STANDARD = gnu99;
				GCC_OPTIMIZATION_LEVEL = 0;
				GCC_PREPROCESSOR_DEFINITIONS = DEBUG;
				GCC_SYMBOLS_PRIVATE_EXTERN = NO;
				GCC_VERSION = com.apple.compilers.llvmgcc42;
				GCC_WARN_ABOUT_MISSING_PROTOTYPES = YES;
				GCC_WARN_ABOUT_RETURN_TYPE = YES;
				GCC_WARN_UNUSED_VARIABLE = YES;
				IPHONEOS_DEPLOYMENT_TARGET = 5.0;
				PROVISIONING_PROFILE = "B6D84494-6545-4F94-AF51-FDB6627B04F3";
				SDKROOT = iphoneos;
				TARGETED_DEVICE_FAMILY = 2;
				VALIDATE_PRODUCT = YES;
			};
			name = Debug;
		};
		64D94E291379B2CC00300349 /* Release */ = {
			isa = XCBuildConfiguration;
			buildSettings = {
				ADDITIONAL_SDKS = "";
				ARCHS = "$(ARCHS_UNIVERSAL_IPHONE_OS)";
				"CODE_SIGN_ENTITLEMENTS[sdk=*]" = Entitlements.entitlements;
				CODE_SIGN_IDENTITY = "iPhone Developer: William Negron (DUK369WAQW)";
				"CODE_SIGN_IDENTITY[sdk=iphoneos*]" = "iPhone Distribution: William Negron";
				GCC_C_LANGUAGE_STANDARD = gnu99;
				GCC_VERSION = com.apple.compilers.llvmgcc42;
				GCC_WARN_ABOUT_MISSING_PROTOTYPES = YES;
				GCC_WARN_ABOUT_RETURN_TYPE = YES;
				GCC_WARN_UNUSED_VARIABLE = YES;
				IPHONEOS_DEPLOYMENT_TARGET = 5.0;
				OTHER_CFLAGS = "-DNS_BLOCK_ASSERTIONS=1";
				PROVISIONING_PROFILE = "B6D84494-6545-4F94-AF51-FDB6627B04F3";
				"PROVISIONING_PROFILE[sdk=iphoneos*]" = "FDDC7BC8-5217-4D8D-AAE6-6EF2E9B5B8E4";
				SDKROOT = iphoneos;
				TARGETED_DEVICE_FAMILY = 2;
				VALIDATE_PRODUCT = YES;
			};
			name = Release;
		};
		64D94E2B1379B2CC00300349 /* Debug */ = {
			isa = XCBuildConfiguration;
			buildSettings = {
				ALWAYS_SEARCH_USER_PATHS = NO;
				CLANG_ENABLE_OBJC_ARC = YES;
				"CODE_SIGN_IDENTITY[sdk=iphoneos*]" = "iPhone Developer: William Negron (DUK369WAQW)";
				COPY_PHASE_STRIP = NO;
				GCC_DYNAMIC_NO_PIC = NO;
				GCC_PRECOMPILE_PREFIX_HEADER = YES;
				GCC_PREFIX_HEADER = "myMusicStand/myMusicStand-Prefix.pch";
				GCC_VERSION = com.apple.compilers.llvm.clang.1_0;
				INFOPLIST_FILE = "myMusicStand/myMusicStand-Info.plist";
				PRODUCT_NAME = "$(TARGET_NAME)";
				"PROVISIONING_PROFILE[sdk=iphoneos*]" = "B6D84494-6545-4F94-AF51-FDB6627B04F3";
				WRAPPER_EXTENSION = app;
			};
			name = Debug;
		};
		64D94E2C1379B2CC00300349 /* Release */ = {
			isa = XCBuildConfiguration;
			buildSettings = {
				ALWAYS_SEARCH_USER_PATHS = NO;
				CLANG_ENABLE_OBJC_ARC = YES;
				"CODE_SIGN_ENTITLEMENTS[sdk=*]" = "";
				"CODE_SIGN_IDENTITY[sdk=iphoneos*]" = "iPhone Developer: William Negron (DUK369WAQW)";
				COPY_PHASE_STRIP = YES;
				GCC_PRECOMPILE_PREFIX_HEADER = YES;
				GCC_PREFIX_HEADER = "myMusicStand/myMusicStand-Prefix.pch";
				GCC_VERSION = com.apple.compilers.llvm.clang.1_0;
				INFOPLIST_FILE = "myMusicStand/myMusicStand-Info.plist";
				PRODUCT_NAME = "$(TARGET_NAME)";
				"PROVISIONING_PROFILE[sdk=iphoneos*]" = "B6D84494-6545-4F94-AF51-FDB6627B04F3";
				VALIDATE_PRODUCT = YES;
				WRAPPER_EXTENSION = app;
			};
			name = Release;
		};
		64D94E2E1379B2CC00300349 /* Debug */ = {
			isa = XCBuildConfiguration;
			buildSettings = {
				ALWAYS_SEARCH_USER_PATHS = NO;
				ARCHS = "$(ARCHS_STANDARD_32_BIT)";
				BUNDLE_LOADER = "$(BUILT_PRODUCTS_DIR)/myMusicStand.app/myMusicStand";
				CLANG_ENABLE_OBJC_ARC = YES;
				FRAMEWORK_SEARCH_PATHS = (
					"$(SDKROOT)/Developer/Library/Frameworks",
					"$(DEVELOPER_LIBRARY_DIR)/Frameworks/**",
				);
				GCC_PRECOMPILE_PREFIX_HEADER = YES;
				GCC_PREFIX_HEADER = "myMusicStandTests/myMusicStandTests-Prefix.pch";
				GCC_VERSION = com.apple.compilers.llvm.clang.1_0;
				HEADER_SEARCH_PATHS = "$(PROJECT_DIR)/Libraries/Headers";
				INFOPLIST_FILE = "myMusicStandTests/myMusicStandTests-Info.plist";
				LIBRARY_SEARCH_PATHS = (
					"$(inherited)",
					"\"$(PROJECT_DIR)/Libraries\"",
				);
				OTHER_LDFLAGS = (
					"-framework",
					SenTestingKit,
					"-ObjC",
					"-force_load",
					"$(PROJECT_DIR)/Libraries/libOCMock.a",
				);
				PRODUCT_NAME = "$(TARGET_NAME)";
				TEST_HOST = "$(BUNDLE_LOADER)";
				WRAPPER_EXTENSION = octest;
			};
			name = Debug;
		};
		64D94E2F1379B2CC00300349 /* Release */ = {
			isa = XCBuildConfiguration;
			buildSettings = {
				ALWAYS_SEARCH_USER_PATHS = NO;
				ARCHS = "$(ARCHS_STANDARD_32_BIT)";
				BUNDLE_LOADER = "$(BUILT_PRODUCTS_DIR)/myMusicStand.app/myMusicStand";
				CLANG_ENABLE_OBJC_ARC = YES;
				FRAMEWORK_SEARCH_PATHS = (
					"$(SDKROOT)/Developer/Library/Frameworks",
					"$(DEVELOPER_LIBRARY_DIR)/Frameworks/**",
				);
				GCC_PRECOMPILE_PREFIX_HEADER = YES;
				GCC_PREFIX_HEADER = "myMusicStandTests/myMusicStandTests-Prefix.pch";
				GCC_VERSION = com.apple.compilers.llvm.clang.1_0;
				HEADER_SEARCH_PATHS = "$(PROJECT_DIR)/Libraries/Headers";
				INFOPLIST_FILE = "myMusicStandTests/myMusicStandTests-Info.plist";
				LIBRARY_SEARCH_PATHS = (
					"$(inherited)",
					"\"$(PROJECT_DIR)/Libraries\"",
				);
				OTHER_LDFLAGS = (
					"-framework",
					SenTestingKit,
					"-ObjC",
					"-force_load",
					"$(PROJECT_DIR)/Libraries/libOCMock.a",
				);
				PRODUCT_NAME = "$(TARGET_NAME)";
				TEST_HOST = "$(BUNDLE_LOADER)";
				WRAPPER_EXTENSION = octest;
			};
			name = Release;
		};
/* End XCBuildConfiguration section */

/* Begin XCConfigurationList section */
		64D94DED1379B2CB00300349 /* Build configuration list for PBXProject "myMusicStand" */ = {
			isa = XCConfigurationList;
			buildConfigurations = (
				64D94E281379B2CC00300349 /* Debug */,
				64D94E291379B2CC00300349 /* Release */,
			);
			defaultConfigurationIsVisible = 0;
			defaultConfigurationName = Release;
		};
		64D94E2A1379B2CC00300349 /* Build configuration list for PBXNativeTarget "myMusicStand" */ = {
			isa = XCConfigurationList;
			buildConfigurations = (
				64D94E2B1379B2CC00300349 /* Debug */,
				64D94E2C1379B2CC00300349 /* Release */,
			);
			defaultConfigurationIsVisible = 0;
			defaultConfigurationName = Release;
		};
		64D94E2D1379B2CC00300349 /* Build configuration list for PBXNativeTarget "myMusicStandTests" */ = {
			isa = XCConfigurationList;
			buildConfigurations = (
				64D94E2E1379B2CC00300349 /* Debug */,
				64D94E2F1379B2CC00300349 /* Release */,
			);
			defaultConfigurationIsVisible = 0;
			defaultConfigurationName = Release;
		};
/* End XCConfigurationList section */

/* Begin XCVersionGroup section */
		64D94E0E1379B2CC00300349 /* myMusicStand.xcdatamodeld */ = {
			isa = XCVersionGroup;
			children = (
				64D94E0F1379B2CC00300349 /* myMusicStand.xcdatamodel */,
			);
			currentVersion = 64D94E0F1379B2CC00300349 /* myMusicStand.xcdatamodel */;
			path = myMusicStand.xcdatamodeld;
			sourceTree = "<group>";
			versionGroupType = wrapper.xcdatamodel;
		};
/* End XCVersionGroup section */
	};
	rootObject = 64D94DEA1379B2CB00300349 /* Project object */;
}
