// !$*UTF8*$!
{
	archiveVersion = 1;
	classes = {
	};
	objectVersion = 46;
	objects = {

/* Begin PBXBuildFile section */
		64415E8A137D8EAD00DADC4C /* BlockTableViewCell.xib in Resources */ = {isa = PBXBuildFile; fileRef = 64415E89137D8EAD00DADC4C /* BlockTableViewCell.xib */; };
		648063391385A6C600E0CA27 /* BlockTableController.m in Sources */ = {isa = PBXBuildFile; fileRef = 648063381385A6C600E0CA27 /* BlockTableController.m */; };
		6480633A1385A6C600E0CA27 /* BlockTableController.m in Sources */ = {isa = PBXBuildFile; fileRef = 648063381385A6C600E0CA27 /* BlockTableController.m */; };
		64C96969137B754E002B5D10 /* DelegateTests.m in Sources */ = {isa = PBXBuildFile; fileRef = 64C96968137B754E002B5D10 /* DelegateTests.m */; };
		64D94DF81379B2CB00300349 /* UIKit.framework in Frameworks */ = {isa = PBXBuildFile; fileRef = 64D94DF71379B2CB00300349 /* UIKit.framework */; };
		64D94DFA1379B2CB00300349 /* Foundation.framework in Frameworks */ = {isa = PBXBuildFile; fileRef = 64D94DF91379B2CB00300349 /* Foundation.framework */; };
		64D94DFC1379B2CB00300349 /* CoreGraphics.framework in Frameworks */ = {isa = PBXBuildFile; fileRef = 64D94DFB1379B2CB00300349 /* CoreGraphics.framework */; };
		64D94DFE1379B2CB00300349 /* CoreData.framework in Frameworks */ = {isa = PBXBuildFile; fileRef = 64D94DFD1379B2CB00300349 /* CoreData.framework */; };
		64D94E041379B2CB00300349 /* InfoPlist.strings in Resources */ = {isa = PBXBuildFile; fileRef = 64D94E021379B2CB00300349 /* InfoPlist.strings */; };
		64D94E071379B2CB00300349 /* main.m in Sources */ = {isa = PBXBuildFile; fileRef = 64D94E061379B2CB00300349 /* main.m */; };
		64D94E0A1379B2CB00300349 /* myMusicStandAppDelegate.m in Sources */ = {isa = PBXBuildFile; fileRef = 64D94E091379B2CB00300349 /* myMusicStandAppDelegate.m */; };
		64D94E0D1379B2CC00300349 /* MainWindow.xib in Resources */ = {isa = PBXBuildFile; fileRef = 64D94E0B1379B2CC00300349 /* MainWindow.xib */; };
		64D94E101379B2CC00300349 /* myMusicStand.xcdatamodeld in Sources */ = {isa = PBXBuildFile; fileRef = 64D94E0E1379B2CC00300349 /* myMusicStand.xcdatamodeld */; };
		64D94E171379B2CC00300349 /* UIKit.framework in Frameworks */ = {isa = PBXBuildFile; fileRef = 64D94DF71379B2CB00300349 /* UIKit.framework */; };
		64D94E181379B2CC00300349 /* Foundation.framework in Frameworks */ = {isa = PBXBuildFile; fileRef = 64D94DF91379B2CB00300349 /* Foundation.framework */; };
		64D94E191379B2CC00300349 /* CoreGraphics.framework in Frameworks */ = {isa = PBXBuildFile; fileRef = 64D94DFB1379B2CB00300349 /* CoreGraphics.framework */; };
		64D94E1A1379B2CC00300349 /* CoreData.framework in Frameworks */ = {isa = PBXBuildFile; fileRef = 64D94DFD1379B2CB00300349 /* CoreData.framework */; };
		64D94E221379B2CC00300349 /* InfoPlist.strings in Resources */ = {isa = PBXBuildFile; fileRef = 64D94E201379B2CC00300349 /* InfoPlist.strings */; };
		64D94E561379B35D00300349 /* FileHelpers.m in Sources */ = {isa = PBXBuildFile; fileRef = 64D94E551379B35D00300349 /* FileHelpers.m */; };
		64D94E801379BC3A00300349 /* Setlist.m in Sources */ = {isa = PBXBuildFile; fileRef = 64D94E7F1379BC3A00300349 /* Setlist.m */; };
		64D94E841379BDCB00300349 /* OrderedFile.m in Sources */ = {isa = PBXBuildFile; fileRef = 64D94E831379BDCB00300349 /* OrderedFile.m */; };
		64D94E881379BE1100300349 /* File.m in Sources */ = {isa = PBXBuildFile; fileRef = 64D94E871379BE1100300349 /* File.m */; };
		64D94E8C1379BEFB00300349 /* TimestampEntity.m in Sources */ = {isa = PBXBuildFile; fileRef = 64D94E8B1379BEFB00300349 /* TimestampEntity.m */; };
		64DB2784137C2D2C0069D076 /* SetlistTests.m in Sources */ = {isa = PBXBuildFile; fileRef = 64D94E741379B65500300349 /* SetlistTests.m */; };
		64DB2786137C2D2C0069D076 /* OrderedFileTests.m in Sources */ = {isa = PBXBuildFile; fileRef = 64D94E6D1379B62400300349 /* OrderedFileTests.m */; };
		64DB2788137C2D2C0069D076 /* FileTests.m in Sources */ = {isa = PBXBuildFile; fileRef = 64D94E621379B57800300349 /* FileTests.m */; };
		64DB278A137C2D2C0069D076 /* CoreDataTest.m in Sources */ = {isa = PBXBuildFile; fileRef = 64D94E5D1379B42000300349 /* CoreDataTest.m */; };
		64DB278C137C2D2C0069D076 /* FileHelperTests.m in Sources */ = {isa = PBXBuildFile; fileRef = 64D94E5A1379B39300300349 /* FileHelperTests.m */; };
		64DB278E137C2DBE0069D076 /* myMusicStand.xcdatamodel in Sources */ = {isa = PBXBuildFile; fileRef = 64D94E0F1379B2CC00300349 /* myMusicStand.xcdatamodel */; };
		64DFCFA213857715002672BC /* SetlistTableController.m in Sources */ = {isa = PBXBuildFile; fileRef = 64E7F058138561ED00BB54D7 /* SetlistTableController.m */; };
		64E380651381786700A43834 /* floorAndStage.png in Resources */ = {isa = PBXBuildFile; fileRef = 64E380641381786700A43834 /* floorAndStage.png */; };
		64E380661381786700A43834 /* floorAndStage.png in Resources */ = {isa = PBXBuildFile; fileRef = 64E380641381786700A43834 /* floorAndStage.png */; };
		64E47BC2137AE3E800AC5C93 /* FileTableViewControllerTests.m in Sources */ = {isa = PBXBuildFile; fileRef = 64E47BC1137AE3E800AC5C93 /* FileTableViewControllerTests.m */; };
		64E7F039138551D800BB54D7 /* TimestampEntityTests.m in Sources */ = {isa = PBXBuildFile; fileRef = 64E7F038138551D800BB54D7 /* TimestampEntityTests.m */; };
		64E7F059138561ED00BB54D7 /* SetlistTableController.m in Sources */ = {isa = PBXBuildFile; fileRef = 64E7F058138561ED00BB54D7 /* SetlistTableController.m */; };
		64EAE5FC1379DDE900544C29 /* FileTableController.m in Sources */ = {isa = PBXBuildFile; fileRef = 64EAE5FB1379DDE900544C29 /* FileTableController.m */; };
		64EAE5FD1379DDE900544C29 /* FileTableController.m in Sources */ = {isa = PBXBuildFile; fileRef = 64EAE5FB1379DDE900544C29 /* FileTableController.m */; };
		64F1F27013898A38003F83AB /* PDFPagingViewController.m in Sources */ = {isa = PBXBuildFile; fileRef = 64F1F26F13898A37003F83AB /* PDFPagingViewController.m */; };
		64F1F27313898A5C003F83AB /* PagingScrollViewController.m in Sources */ = {isa = PBXBuildFile; fileRef = 64F1F27213898A5C003F83AB /* PagingScrollViewController.m */; };
		64F1F27613898A85003F83AB /* PDFScrollView.m in Sources */ = {isa = PBXBuildFile; fileRef = 64F1F27513898A85003F83AB /* PDFScrollView.m */; };
		64F1F27913898AA7003F83AB /* TiledPDFView.m in Sources */ = {isa = PBXBuildFile; fileRef = 64F1F27813898AA7003F83AB /* TiledPDFView.m */; };
		64F1F27B13898AC8003F83AB /* MessageUI.framework in Frameworks */ = {isa = PBXBuildFile; fileRef = 64F1F27A13898AC8003F83AB /* MessageUI.framework */; };
		64F1F27D13898AE0003F83AB /* QuartzCore.framework in Frameworks */ = {isa = PBXBuildFile; fileRef = 64F1F27C13898AE0003F83AB /* QuartzCore.framework */; };
		64F5E1FE1399231F0048D1EF /* SetlistTableControllerTests.m in Sources */ = {isa = PBXBuildFile; fileRef = 64F5E1FD1399231F0048D1EF /* SetlistTableControllerTests.m */; };
		64FAA48E138BFE67009465BC /* StageViewController.m in Sources */ = {isa = PBXBuildFile; fileRef = 64FAA48C138BFE67009465BC /* StageViewController.m */; };
		64FAA48F138BFE67009465BC /* StageViewController.xib in Resources */ = {isa = PBXBuildFile; fileRef = 64FAA48D138BFE67009465BC /* StageViewController.xib */; };
		64FAA49A138C411F009465BC /* main.m in Sources */ = {isa = PBXBuildFile; fileRef = 64D94E061379B2CB00300349 /* main.m */; };
		64FAA49B138C411F009465BC /* myMusicStandAppDelegate.m in Sources */ = {isa = PBXBuildFile; fileRef = 64D94E091379B2CB00300349 /* myMusicStandAppDelegate.m */; };
		64FAA49C138C411F009465BC /* myMusicStand.xcdatamodeld in Sources */ = {isa = PBXBuildFile; fileRef = 64D94E0E1379B2CC00300349 /* myMusicStand.xcdatamodeld */; };
		64FAA49D138C411F009465BC /* FileHelpers.m in Sources */ = {isa = PBXBuildFile; fileRef = 64D94E551379B35D00300349 /* FileHelpers.m */; };
		64FAA49E138C411F009465BC /* Setlist.m in Sources */ = {isa = PBXBuildFile; fileRef = 64D94E7F1379BC3A00300349 /* Setlist.m */; };
		64FAA49F138C411F009465BC /* OrderedFile.m in Sources */ = {isa = PBXBuildFile; fileRef = 64D94E831379BDCB00300349 /* OrderedFile.m */; };
		64FAA4A0138C411F009465BC /* File.m in Sources */ = {isa = PBXBuildFile; fileRef = 64D94E871379BE1100300349 /* File.m */; };
		64FAA4A1138C411F009465BC /* TimestampEntity.m in Sources */ = {isa = PBXBuildFile; fileRef = 64D94E8B1379BEFB00300349 /* TimestampEntity.m */; };
		64FAA4A2138C411F009465BC /* FileTableController.m in Sources */ = {isa = PBXBuildFile; fileRef = 64EAE5FB1379DDE900544C29 /* FileTableController.m */; };
		64FAA4A3138C411F009465BC /* SetlistTableController.m in Sources */ = {isa = PBXBuildFile; fileRef = 64E7F058138561ED00BB54D7 /* SetlistTableController.m */; };
		64FAA4A4138C411F009465BC /* BlockTableController.m in Sources */ = {isa = PBXBuildFile; fileRef = 648063381385A6C600E0CA27 /* BlockTableController.m */; };
		64FAA4A5138C411F009465BC /* PDFPagingViewController.m in Sources */ = {isa = PBXBuildFile; fileRef = 64F1F26F13898A37003F83AB /* PDFPagingViewController.m */; };
		64FAA4A6138C411F009465BC /* PagingScrollViewController.m in Sources */ = {isa = PBXBuildFile; fileRef = 64F1F27213898A5C003F83AB /* PagingScrollViewController.m */; };
		64FAA4A7138C411F009465BC /* PDFScrollView.m in Sources */ = {isa = PBXBuildFile; fileRef = 64F1F27513898A85003F83AB /* PDFScrollView.m */; };
		64FAA4A8138C411F009465BC /* TiledPDFView.m in Sources */ = {isa = PBXBuildFile; fileRef = 64F1F27813898AA7003F83AB /* TiledPDFView.m */; };
		64FAA4A9138C411F009465BC /* StageViewController.m in Sources */ = {isa = PBXBuildFile; fileRef = 64FAA48C138BFE67009465BC /* StageViewController.m */; };
		64FAA4AB138C411F009465BC /* QuartzCore.framework in Frameworks */ = {isa = PBXBuildFile; fileRef = 64F1F27C13898AE0003F83AB /* QuartzCore.framework */; };
		64FAA4AC138C411F009465BC /* MessageUI.framework in Frameworks */ = {isa = PBXBuildFile; fileRef = 64F1F27A13898AC8003F83AB /* MessageUI.framework */; };
		64FAA4AD138C411F009465BC /* UIKit.framework in Frameworks */ = {isa = PBXBuildFile; fileRef = 64D94DF71379B2CB00300349 /* UIKit.framework */; };
		64FAA4AE138C411F009465BC /* Foundation.framework in Frameworks */ = {isa = PBXBuildFile; fileRef = 64D94DF91379B2CB00300349 /* Foundation.framework */; };
		64FAA4AF138C411F009465BC /* CoreGraphics.framework in Frameworks */ = {isa = PBXBuildFile; fileRef = 64D94DFB1379B2CB00300349 /* CoreGraphics.framework */; };
		64FAA4B0138C411F009465BC /* CoreData.framework in Frameworks */ = {isa = PBXBuildFile; fileRef = 64D94DFD1379B2CB00300349 /* CoreData.framework */; };
		64FAA4B2138C411F009465BC /* InfoPlist.strings in Resources */ = {isa = PBXBuildFile; fileRef = 64D94E021379B2CB00300349 /* InfoPlist.strings */; };
		64FAA4B3138C411F009465BC /* MainWindow.xib in Resources */ = {isa = PBXBuildFile; fileRef = 64D94E0B1379B2CC00300349 /* MainWindow.xib */; };
		64FAA4B4138C411F009465BC /* BlockTableViewCell.xib in Resources */ = {isa = PBXBuildFile; fileRef = 64415E89137D8EAD00DADC4C /* BlockTableViewCell.xib */; };
		64FAA4B5138C411F009465BC /* floorAndStage.png in Resources */ = {isa = PBXBuildFile; fileRef = 64E380641381786700A43834 /* floorAndStage.png */; };
		64FAA4B6138C411F009465BC /* StageViewController.xib in Resources */ = {isa = PBXBuildFile; fileRef = 64FAA48D138BFE67009465BC /* StageViewController.xib */; };
		64FAA4BE138C4135009465BC /* CFNetwork.framework in Frameworks */ = {isa = PBXBuildFile; fileRef = 64FAA4BD138C4135009465BC /* CFNetwork.framework */; };
		64FAA4C1138C419B009465BC /* frank_static_resources.bundle in Resources */ = {isa = PBXBuildFile; fileRef = 64FAA4C0138C419B009465BC /* frank_static_resources.bundle */; };
		64FAA52A138C41B4009465BC /* AsyncSocket.m in Sources */ = {isa = PBXBuildFile; fileRef = 64FAA4C5138C41B4009465BC /* AsyncSocket.m */; };
		64FAA52B138C41B4009465BC /* DDData.m in Sources */ = {isa = PBXBuildFile; fileRef = 64FAA4C7138C41B4009465BC /* DDData.m */; };
		64FAA52C138C41B4009465BC /* DDNumber.m in Sources */ = {isa = PBXBuildFile; fileRef = 64FAA4C9138C41B4009465BC /* DDNumber.m */; };
		64FAA52D138C41B4009465BC /* DDRange.m in Sources */ = {isa = PBXBuildFile; fileRef = 64FAA4CB138C41B4009465BC /* DDRange.m */; };
		64FAA52E138C41B4009465BC /* HTTPAuthenticationRequest.m in Sources */ = {isa = PBXBuildFile; fileRef = 64FAA4CD138C41B4009465BC /* HTTPAuthenticationRequest.m */; };
		64FAA52F138C41B4009465BC /* HTTPConnection.m in Sources */ = {isa = PBXBuildFile; fileRef = 64FAA4CF138C41B4009465BC /* HTTPConnection.m */; };
		64FAA530138C41B4009465BC /* HTTPResponse.m in Sources */ = {isa = PBXBuildFile; fileRef = 64FAA4D1138C41B4009465BC /* HTTPResponse.m */; };
		64FAA531138C41B4009465BC /* HTTPServer.m in Sources */ = {isa = PBXBuildFile; fileRef = 64FAA4D3138C41B4009465BC /* HTTPServer.m */; };
		64FAA532138C41B4009465BC /* MyHTTPConnection.m in Sources */ = {isa = PBXBuildFile; fileRef = 64FAA4D5138C41B4009465BC /* MyHTTPConnection.m */; };
		64FAA533138C41B4009465BC /* NSObject+SBJSON.m in Sources */ = {isa = PBXBuildFile; fileRef = 64FAA4D9138C41B4009465BC /* NSObject+SBJSON.m */; };
		64FAA534138C41B4009465BC /* NSString+SBJSON.m in Sources */ = {isa = PBXBuildFile; fileRef = 64FAA4DB138C41B4009465BC /* NSString+SBJSON.m */; };
		64FAA535138C41B4009465BC /* SBJSON.m in Sources */ = {isa = PBXBuildFile; fileRef = 64FAA4DD138C41B4009465BC /* SBJSON.m */; };
		64FAA536138C41B4009465BC /* SBJsonBase.m in Sources */ = {isa = PBXBuildFile; fileRef = 64FAA4DF138C41B4009465BC /* SBJsonBase.m */; };
		64FAA537138C41B4009465BC /* SBJsonParser.m in Sources */ = {isa = PBXBuildFile; fileRef = 64FAA4E1138C41B4009465BC /* SBJsonParser.m */; };
		64FAA538138C41B4009465BC /* SBJsonWriter.m in Sources */ = {isa = PBXBuildFile; fileRef = 64FAA4E3138C41B4009465BC /* SBJsonWriter.m */; };
		64FAA539138C41B4009465BC /* UIQueryScrollView.m in Sources */ = {isa = PBXBuildFile; fileRef = 64FAA4E7138C41B4009465BC /* UIQueryScrollView.m */; };
		64FAA53A138C41B4009465BC /* UIQuerySearchBar.m in Sources */ = {isa = PBXBuildFile; fileRef = 64FAA4E9138C41B4009465BC /* UIQuerySearchBar.m */; };
		64FAA53B138C41B4009465BC /* UIQuerySegmentedControl.m in Sources */ = {isa = PBXBuildFile; fileRef = 64FAA4EB138C41B4009465BC /* UIQuerySegmentedControl.m */; };
		64FAA53C138C41B4009465BC /* UIQueryTabBar.m in Sources */ = {isa = PBXBuildFile; fileRef = 64FAA4ED138C41B4009465BC /* UIQueryTabBar.m */; };
		64FAA53D138C41B4009465BC /* UIQueryTableView.m in Sources */ = {isa = PBXBuildFile; fileRef = 64FAA4EF138C41B4009465BC /* UIQueryTableView.m */; };
		64FAA53E138C41B4009465BC /* UIQueryTableViewCell.m in Sources */ = {isa = PBXBuildFile; fileRef = 64FAA4F1138C41B4009465BC /* UIQueryTableViewCell.m */; };
		64FAA53F138C41B4009465BC /* UIQueryWebView.m in Sources */ = {isa = PBXBuildFile; fileRef = 64FAA4F3138C41B4009465BC /* UIQueryWebView.m */; };
		64FAA540138C41B4009465BC /* Recordable.m in Sources */ = {isa = PBXBuildFile; fileRef = 64FAA4F6138C41B4009465BC /* Recordable.m */; };
		64FAA541138C41B4009465BC /* UIChildren.m in Sources */ = {isa = PBXBuildFile; fileRef = 64FAA4F8138C41B4009465BC /* UIChildren.m */; };
		64FAA542138C41B5009465BC /* UIConsoleLog.m in Sources */ = {isa = PBXBuildFile; fileRef = 64FAA4FA138C41B4009465BC /* UIConsoleLog.m */; };
		64FAA543138C41B5009465BC /* UIDescendants.m in Sources */ = {isa = PBXBuildFile; fileRef = 64FAA4FC138C41B4009465BC /* UIDescendants.m */; };
		64FAA544138C41B5009465BC /* UIExpectation.m in Sources */ = {isa = PBXBuildFile; fileRef = 64FAA4FE138C41B4009465BC /* UIExpectation.m */; };
		64FAA545138C41B5009465BC /* UIFilter.m in Sources */ = {isa = PBXBuildFile; fileRef = 64FAA500138C41B4009465BC /* UIFilter.m */; };
		64FAA546138C41B5009465BC /* UIMatcher.m in Sources */ = {isa = PBXBuildFile; fileRef = 64FAA503138C41B4009465BC /* UIMatcher.m */; };
		64FAA547138C41B5009465BC /* UIParents.m in Sources */ = {isa = PBXBuildFile; fileRef = 64FAA505138C41B4009465BC /* UIParents.m */; };
		64FAA548138C41B5009465BC /* UIQuery.m in Sources */ = {isa = PBXBuildFile; fileRef = 64FAA507138C41B4009465BC /* UIQuery.m */; };
		64FAA549138C41B5009465BC /* UIQueryAll.m in Sources */ = {isa = PBXBuildFile; fileRef = 64FAA509138C41B4009465BC /* UIQueryAll.m */; };
		64FAA54A138C41B5009465BC /* UIQueryExpectation.m in Sources */ = {isa = PBXBuildFile; fileRef = 64FAA50B138C41B4009465BC /* UIQueryExpectation.m */; };
		64FAA54B138C41B5009465BC /* UIRedoer.m in Sources */ = {isa = PBXBuildFile; fileRef = 64FAA50D138C41B4009465BC /* UIRedoer.m */; };
		64FAA54C138C41B5009465BC /* UISwizzle.m in Sources */ = {isa = PBXBuildFile; fileRef = 64FAA50F138C41B4009465BC /* UISwizzle.m */; };
		64FAA54D138C41B5009465BC /* UITraversal.m in Sources */ = {isa = PBXBuildFile; fileRef = 64FAA511138C41B4009465BC /* UITraversal.m */; };
		64FAA54E138C41B5009465BC /* ViewFilterSwizzler.m in Sources */ = {isa = PBXBuildFile; fileRef = 64FAA513138C41B4009465BC /* ViewFilterSwizzler.m */; };
		64FAA54F138C41B5009465BC /* UISpec.bundle in Resources */ = {isa = PBXBuildFile; fileRef = 64FAA514138C41B4009465BC /* UISpec.bundle */; };
		64FAA550138C41B5009465BC /* UISpec.m in Sources */ = {isa = PBXBuildFile; fileRef = 64FAA516138C41B4009465BC /* UISpec.m */; };
		64FAA551138C41B5009465BC /* update_from_github.rb in Resources */ = {isa = PBXBuildFile; fileRef = 64FAA517138C41B4009465BC /* update_from_github.rb */; };
		64FAA552138C41B5009465BC /* update_from_svn.rb in Resources */ = {isa = PBXBuildFile; fileRef = 64FAA518138C41B4009465BC /* update_from_svn.rb */; };
		64FAA553138C41B5009465BC /* CallCache.m in Sources */ = {isa = PBXBuildFile; fileRef = 64FAA51B138C41B4009465BC /* CallCache.m */; };
		64FAA554138C41B5009465BC /* NSNumberCreator.m in Sources */ = {isa = PBXBuildFile; fileRef = 64FAA51D138C41B4009465BC /* NSNumberCreator.m */; };
		64FAA555138C41B5009465BC /* ReturnCacher.m in Sources */ = {isa = PBXBuildFile; fileRef = 64FAA51F138C41B4009465BC /* ReturnCacher.m */; };
		64FAA556138C41B5009465BC /* UIBug.m in Sources */ = {isa = PBXBuildFile; fileRef = 64FAA521138C41B4009465BC /* UIBug.m */; };
		64FAA557138C41B5009465BC /* UIConsole.m in Sources */ = {isa = PBXBuildFile; fileRef = 64FAA523138C41B4009465BC /* UIConsole.m */; };
		64FAA558138C41B5009465BC /* UIInspector.m in Sources */ = {isa = PBXBuildFile; fileRef = 64FAA525138C41B4009465BC /* UIInspector.m */; };
		64FAA559138C41B5009465BC /* UIProxy.m in Sources */ = {isa = PBXBuildFile; fileRef = 64FAA527138C41B4009465BC /* UIProxy.m */; };
		64FAA55A138C41B5009465BC /* WaitUntilIdle.m in Sources */ = {isa = PBXBuildFile; fileRef = 64FAA529138C41B4009465BC /* WaitUntilIdle.m */; };
		64FAA576138C41C2009465BC /* AccessibilityCheckCommand.m in Sources */ = {isa = PBXBuildFile; fileRef = 64FAA55D138C41C2009465BC /* AccessibilityCheckCommand.m */; };
		64FAA577138C41C2009465BC /* AppCommand.m in Sources */ = {isa = PBXBuildFile; fileRef = 64FAA55F138C41C2009465BC /* AppCommand.m */; };
		64FAA578138C41C2009465BC /* DumpCommand.m in Sources */ = {isa = PBXBuildFile; fileRef = 64FAA561138C41C2009465BC /* DumpCommand.m */; };
		64FAA579138C41C2009465BC /* FrankCommandRoute.m in Sources */ = {isa = PBXBuildFile; fileRef = 64FAA563138C41C2009465BC /* FrankCommandRoute.m */; };
		64FAA57A138C41C2009465BC /* FrankServer.m in Sources */ = {isa = PBXBuildFile; fileRef = 64FAA565138C41C2009465BC /* FrankServer.m */; };
		64FAA57B138C41C2009465BC /* InspectCommand.m in Sources */ = {isa = PBXBuildFile; fileRef = 64FAA567138C41C2009465BC /* InspectCommand.m */; };
		64FAA57C138C41C2009465BC /* MapOperationCommand.m in Sources */ = {isa = PBXBuildFile; fileRef = 64FAA569138C41C2009465BC /* MapOperationCommand.m */; };
		64FAA57D138C41C2009465BC /* Operation.m in Sources */ = {isa = PBXBuildFile; fileRef = 64FAA56B138C41C2009465BC /* Operation.m */; };
		64FAA57E138C41C2009465BC /* OrientationCommand.m in Sources */ = {isa = PBXBuildFile; fileRef = 64FAA56D138C41C2009465BC /* OrientationCommand.m */; };
		64FAA57F138C41C2009465BC /* RequestRouter.m in Sources */ = {isa = PBXBuildFile; fileRef = 64FAA56F138C41C2009465BC /* RequestRouter.m */; };
		64FAA580138C41C2009465BC /* RoutingHTTPConnection.m in Sources */ = {isa = PBXBuildFile; fileRef = 64FAA571138C41C2009465BC /* RoutingHTTPConnection.m */; };
		64FAA581138C41C2009465BC /* StaticResourcesRoute.m in Sources */ = {isa = PBXBuildFile; fileRef = 64FAA573138C41C2009465BC /* StaticResourcesRoute.m */; };
		64FAA582138C41C2009465BC /* UISpecCommandReceiver.m in Sources */ = {isa = PBXBuildFile; fileRef = 64FAA575138C41C2009465BC /* UISpecCommandReceiver.m */; };
/* End PBXBuildFile section */

/* Begin PBXContainerItemProxy section */
		64E47BC5137B1F7600AC5C93 /* PBXContainerItemProxy */ = {
			isa = PBXContainerItemProxy;
			containerPortal = 64D94DEA1379B2CB00300349 /* Project object */;
			proxyType = 1;
			remoteGlobalIDString = 64D94DF21379B2CB00300349;
			remoteInfo = myMusicStand;
		};
/* End PBXContainerItemProxy section */

/* Begin PBXFileReference section */
		64415E89137D8EAD00DADC4C /* BlockTableViewCell.xib */ = {isa = PBXFileReference; fileEncoding = 4; lastKnownFileType = file.xib; path = BlockTableViewCell.xib; sourceTree = "<group>"; };
		648063371385A6C600E0CA27 /* BlockTableController.h */ = {isa = PBXFileReference; fileEncoding = 4; indentWidth = 4; lastKnownFileType = sourcecode.c.h; path = BlockTableController.h; sourceTree = "<group>"; tabWidth = 4; usesTabs = 0; wrapsLines = 1; };
		648063381385A6C600E0CA27 /* BlockTableController.m */ = {isa = PBXFileReference; fileEncoding = 4; indentWidth = 4; lastKnownFileType = sourcecode.c.objc; path = BlockTableController.m; sourceTree = "<group>"; tabWidth = 4; usesTabs = 0; wrapsLines = 1; };
		64C96967137B754E002B5D10 /* DelegateTests.h */ = {isa = PBXFileReference; fileEncoding = 4; lastKnownFileType = sourcecode.c.h; path = DelegateTests.h; sourceTree = "<group>"; };
		64C96968137B754E002B5D10 /* DelegateTests.m */ = {isa = PBXFileReference; fileEncoding = 4; lastKnownFileType = sourcecode.c.objc; path = DelegateTests.m; sourceTree = "<group>"; };
		64D94DF31379B2CB00300349 /* myMusicStand.app */ = {isa = PBXFileReference; explicitFileType = wrapper.application; includeInIndex = 0; path = myMusicStand.app; sourceTree = BUILT_PRODUCTS_DIR; };
		64D94DF71379B2CB00300349 /* UIKit.framework */ = {isa = PBXFileReference; lastKnownFileType = wrapper.framework; name = UIKit.framework; path = System/Library/Frameworks/UIKit.framework; sourceTree = SDKROOT; };
		64D94DF91379B2CB00300349 /* Foundation.framework */ = {isa = PBXFileReference; lastKnownFileType = wrapper.framework; name = Foundation.framework; path = System/Library/Frameworks/Foundation.framework; sourceTree = SDKROOT; };
		64D94DFB1379B2CB00300349 /* CoreGraphics.framework */ = {isa = PBXFileReference; lastKnownFileType = wrapper.framework; name = CoreGraphics.framework; path = System/Library/Frameworks/CoreGraphics.framework; sourceTree = SDKROOT; };
		64D94DFD1379B2CB00300349 /* CoreData.framework */ = {isa = PBXFileReference; lastKnownFileType = wrapper.framework; name = CoreData.framework; path = System/Library/Frameworks/CoreData.framework; sourceTree = SDKROOT; };
		64D94E011379B2CB00300349 /* myMusicStand-Info.plist */ = {isa = PBXFileReference; lastKnownFileType = text.plist.xml; path = "myMusicStand-Info.plist"; sourceTree = "<group>"; };
		64D94E031379B2CB00300349 /* en */ = {isa = PBXFileReference; lastKnownFileType = text.plist.strings; name = en; path = en.lproj/InfoPlist.strings; sourceTree = "<group>"; };
		64D94E051379B2CB00300349 /* myMusicStand-Prefix.pch */ = {isa = PBXFileReference; lastKnownFileType = sourcecode.c.h; path = "myMusicStand-Prefix.pch"; sourceTree = "<group>"; };
		64D94E061379B2CB00300349 /* main.m */ = {isa = PBXFileReference; lastKnownFileType = sourcecode.c.objc; path = main.m; sourceTree = "<group>"; };
		64D94E081379B2CB00300349 /* myMusicStandAppDelegate.h */ = {isa = PBXFileReference; lastKnownFileType = sourcecode.c.h; path = myMusicStandAppDelegate.h; sourceTree = "<group>"; };
		64D94E091379B2CB00300349 /* myMusicStandAppDelegate.m */ = {isa = PBXFileReference; lastKnownFileType = sourcecode.c.objc; path = myMusicStandAppDelegate.m; sourceTree = "<group>"; };
		64D94E0C1379B2CC00300349 /* en */ = {isa = PBXFileReference; lastKnownFileType = file.xib; name = en; path = en.lproj/MainWindow.xib; sourceTree = "<group>"; };
		64D94E0F1379B2CC00300349 /* myMusicStand.xcdatamodel */ = {isa = PBXFileReference; lastKnownFileType = wrapper.xcdatamodel; path = myMusicStand.xcdatamodel; sourceTree = "<group>"; };
		64D94E161379B2CC00300349 /* myMusicStandTests.octest */ = {isa = PBXFileReference; explicitFileType = wrapper.cfbundle; includeInIndex = 0; path = myMusicStandTests.octest; sourceTree = BUILT_PRODUCTS_DIR; };
		64D94E1F1379B2CC00300349 /* myMusicStandTests-Info.plist */ = {isa = PBXFileReference; lastKnownFileType = text.plist.xml; path = "myMusicStandTests-Info.plist"; sourceTree = "<group>"; };
		64D94E211379B2CC00300349 /* en */ = {isa = PBXFileReference; lastKnownFileType = text.plist.strings; name = en; path = en.lproj/InfoPlist.strings; sourceTree = "<group>"; };
		64D94E231379B2CC00300349 /* myMusicStandTests-Prefix.pch */ = {isa = PBXFileReference; lastKnownFileType = sourcecode.c.h; path = "myMusicStandTests-Prefix.pch"; sourceTree = "<group>"; };
		64D94E361379B2F500300349 /* Cocoa.framework */ = {isa = PBXFileReference; lastKnownFileType = wrapper.framework; name = Cocoa.framework; path = System/Library/Frameworks/Cocoa.framework; sourceTree = SDKROOT; };
		64D94E391379B2F500300349 /* AppKit.framework */ = {isa = PBXFileReference; lastKnownFileType = wrapper.framework; name = AppKit.framework; path = System/Library/Frameworks/AppKit.framework; sourceTree = SDKROOT; };
		64D94E3A1379B2F500300349 /* CoreData.framework */ = {isa = PBXFileReference; lastKnownFileType = wrapper.framework; name = CoreData.framework; path = System/Library/Frameworks/CoreData.framework; sourceTree = SDKROOT; };
		64D94E3B1379B2F500300349 /* Foundation.framework */ = {isa = PBXFileReference; lastKnownFileType = wrapper.framework; name = Foundation.framework; path = System/Library/Frameworks/Foundation.framework; sourceTree = SDKROOT; };
		64D94E541379B35D00300349 /* FileHelpers.h */ = {isa = PBXFileReference; fileEncoding = 4; lastKnownFileType = sourcecode.c.h; path = FileHelpers.h; sourceTree = "<group>"; };
		64D94E551379B35D00300349 /* FileHelpers.m */ = {isa = PBXFileReference; fileEncoding = 4; lastKnownFileType = sourcecode.c.objc; path = FileHelpers.m; sourceTree = "<group>"; };
		64D94E591379B39300300349 /* FileHelperTests.h */ = {isa = PBXFileReference; fileEncoding = 4; lastKnownFileType = sourcecode.c.h; path = FileHelperTests.h; sourceTree = "<group>"; };
		64D94E5A1379B39300300349 /* FileHelperTests.m */ = {isa = PBXFileReference; fileEncoding = 4; lastKnownFileType = sourcecode.c.objc; path = FileHelperTests.m; sourceTree = "<group>"; };
		64D94E5C1379B42000300349 /* CoreDataTest.h */ = {isa = PBXFileReference; fileEncoding = 4; lastKnownFileType = sourcecode.c.h; path = CoreDataTest.h; sourceTree = "<group>"; };
		64D94E5D1379B42000300349 /* CoreDataTest.m */ = {isa = PBXFileReference; fileEncoding = 4; lastKnownFileType = sourcecode.c.objc; path = CoreDataTest.m; sourceTree = "<group>"; };
		64D94E5F1379B44800300349 /* CoreData.framework */ = {isa = PBXFileReference; lastKnownFileType = wrapper.framework; name = CoreData.framework; path = SDKs/MacOSX10.6.sdk/System/Library/Frameworks/CoreData.framework; sourceTree = DEVELOPER_DIR; };
		64D94E611379B57800300349 /* FileTests.h */ = {isa = PBXFileReference; fileEncoding = 4; lastKnownFileType = sourcecode.c.h; path = FileTests.h; sourceTree = "<group>"; };
		64D94E621379B57800300349 /* FileTests.m */ = {isa = PBXFileReference; fileEncoding = 4; lastKnownFileType = sourcecode.c.objc; path = FileTests.m; sourceTree = "<group>"; };
		64D94E6C1379B62400300349 /* OrderedFileTests.h */ = {isa = PBXFileReference; fileEncoding = 4; lastKnownFileType = sourcecode.c.h; path = OrderedFileTests.h; sourceTree = "<group>"; };
		64D94E6D1379B62400300349 /* OrderedFileTests.m */ = {isa = PBXFileReference; fileEncoding = 4; lastKnownFileType = sourcecode.c.objc; path = OrderedFileTests.m; sourceTree = "<group>"; };
		64D94E731379B65500300349 /* SetlistTests.h */ = {isa = PBXFileReference; fileEncoding = 4; lastKnownFileType = sourcecode.c.h; path = SetlistTests.h; sourceTree = "<group>"; };
		64D94E741379B65500300349 /* SetlistTests.m */ = {isa = PBXFileReference; fileEncoding = 4; lastKnownFileType = sourcecode.c.objc; path = SetlistTests.m; sourceTree = "<group>"; };
		64D94E7E1379BC3A00300349 /* Setlist.h */ = {isa = PBXFileReference; fileEncoding = 4; lastKnownFileType = sourcecode.c.h; path = Setlist.h; sourceTree = "<group>"; };
		64D94E7F1379BC3A00300349 /* Setlist.m */ = {isa = PBXFileReference; fileEncoding = 4; lastKnownFileType = sourcecode.c.objc; path = Setlist.m; sourceTree = "<group>"; };
		64D94E821379BDCB00300349 /* OrderedFile.h */ = {isa = PBXFileReference; fileEncoding = 4; lastKnownFileType = sourcecode.c.h; path = OrderedFile.h; sourceTree = "<group>"; };
		64D94E831379BDCB00300349 /* OrderedFile.m */ = {isa = PBXFileReference; fileEncoding = 4; lastKnownFileType = sourcecode.c.objc; path = OrderedFile.m; sourceTree = "<group>"; };
		64D94E861379BE1100300349 /* File.h */ = {isa = PBXFileReference; fileEncoding = 4; lastKnownFileType = sourcecode.c.h; path = File.h; sourceTree = "<group>"; };
		64D94E871379BE1100300349 /* File.m */ = {isa = PBXFileReference; fileEncoding = 4; lastKnownFileType = sourcecode.c.objc; path = File.m; sourceTree = "<group>"; };
		64D94E8A1379BEFB00300349 /* TimestampEntity.h */ = {isa = PBXFileReference; fileEncoding = 4; lastKnownFileType = sourcecode.c.h; path = TimestampEntity.h; sourceTree = "<group>"; };
		64D94E8B1379BEFB00300349 /* TimestampEntity.m */ = {isa = PBXFileReference; fileEncoding = 4; lastKnownFileType = sourcecode.c.objc; path = TimestampEntity.m; sourceTree = "<group>"; };
		64E380641381786700A43834 /* floorAndStage.png */ = {isa = PBXFileReference; lastKnownFileType = image.png; path = floorAndStage.png; sourceTree = "<group>"; };
		64E47BC0137AE3E800AC5C93 /* FileTableViewControllerTests.h */ = {isa = PBXFileReference; fileEncoding = 4; lastKnownFileType = sourcecode.c.h; path = FileTableViewControllerTests.h; sourceTree = "<group>"; };
		64E47BC1137AE3E800AC5C93 /* FileTableViewControllerTests.m */ = {isa = PBXFileReference; fileEncoding = 4; lastKnownFileType = sourcecode.c.objc; path = FileTableViewControllerTests.m; sourceTree = "<group>"; };
		64E7F037138551D800BB54D7 /* TimestampEntityTests.h */ = {isa = PBXFileReference; fileEncoding = 4; lastKnownFileType = sourcecode.c.h; path = TimestampEntityTests.h; sourceTree = "<group>"; };
		64E7F038138551D800BB54D7 /* TimestampEntityTests.m */ = {isa = PBXFileReference; fileEncoding = 4; lastKnownFileType = sourcecode.c.objc; path = TimestampEntityTests.m; sourceTree = "<group>"; };
		64E7F057138561ED00BB54D7 /* SetlistTableController.h */ = {isa = PBXFileReference; fileEncoding = 4; lastKnownFileType = sourcecode.c.h; path = SetlistTableController.h; sourceTree = "<group>"; };
		64E7F058138561ED00BB54D7 /* SetlistTableController.m */ = {isa = PBXFileReference; fileEncoding = 4; lastKnownFileType = sourcecode.c.objc; path = SetlistTableController.m; sourceTree = "<group>"; };
		64EAE5FA1379DDE900544C29 /* FileTableController.h */ = {isa = PBXFileReference; fileEncoding = 4; lastKnownFileType = sourcecode.c.h; path = FileTableController.h; sourceTree = "<group>"; };
		64EAE5FB1379DDE900544C29 /* FileTableController.m */ = {isa = PBXFileReference; fileEncoding = 4; lastKnownFileType = sourcecode.c.objc; path = FileTableController.m; sourceTree = "<group>"; };
		64F1F26E13898A37003F83AB /* PDFPagingViewController.h */ = {isa = PBXFileReference; fileEncoding = 4; lastKnownFileType = sourcecode.c.h; path = PDFPagingViewController.h; sourceTree = "<group>"; };
		64F1F26F13898A37003F83AB /* PDFPagingViewController.m */ = {isa = PBXFileReference; fileEncoding = 4; lastKnownFileType = sourcecode.c.objc; path = PDFPagingViewController.m; sourceTree = "<group>"; };
		64F1F27113898A5C003F83AB /* PagingScrollViewController.h */ = {isa = PBXFileReference; fileEncoding = 4; lastKnownFileType = sourcecode.c.h; path = PagingScrollViewController.h; sourceTree = "<group>"; };
		64F1F27213898A5C003F83AB /* PagingScrollViewController.m */ = {isa = PBXFileReference; fileEncoding = 4; lastKnownFileType = sourcecode.c.objc; path = PagingScrollViewController.m; sourceTree = "<group>"; };
		64F1F27413898A85003F83AB /* PDFScrollView.h */ = {isa = PBXFileReference; fileEncoding = 4; lastKnownFileType = sourcecode.c.h; path = PDFScrollView.h; sourceTree = "<group>"; };
		64F1F27513898A85003F83AB /* PDFScrollView.m */ = {isa = PBXFileReference; fileEncoding = 4; lastKnownFileType = sourcecode.c.objc; path = PDFScrollView.m; sourceTree = "<group>"; };
		64F1F27713898AA7003F83AB /* TiledPDFView.h */ = {isa = PBXFileReference; fileEncoding = 4; lastKnownFileType = sourcecode.c.h; path = TiledPDFView.h; sourceTree = "<group>"; };
		64F1F27813898AA7003F83AB /* TiledPDFView.m */ = {isa = PBXFileReference; fileEncoding = 4; lastKnownFileType = sourcecode.c.objc; path = TiledPDFView.m; sourceTree = "<group>"; };
		64F1F27A13898AC8003F83AB /* MessageUI.framework */ = {isa = PBXFileReference; lastKnownFileType = wrapper.framework; name = MessageUI.framework; path = System/Library/Frameworks/MessageUI.framework; sourceTree = SDKROOT; };
		64F1F27C13898AE0003F83AB /* QuartzCore.framework */ = {isa = PBXFileReference; lastKnownFileType = wrapper.framework; name = QuartzCore.framework; path = System/Library/Frameworks/QuartzCore.framework; sourceTree = SDKROOT; };
		64F5E1FC1399231F0048D1EF /* SetlistTableControllerTests.h */ = {isa = PBXFileReference; fileEncoding = 4; lastKnownFileType = sourcecode.c.h; path = SetlistTableControllerTests.h; sourceTree = "<group>"; };
		64F5E1FD1399231F0048D1EF /* SetlistTableControllerTests.m */ = {isa = PBXFileReference; fileEncoding = 4; lastKnownFileType = sourcecode.c.objc; path = SetlistTableControllerTests.m; sourceTree = "<group>"; };
		64FAA48B138BFE66009465BC /* StageViewController.h */ = {isa = PBXFileReference; fileEncoding = 4; lastKnownFileType = sourcecode.c.h; path = StageViewController.h; sourceTree = "<group>"; };
		64FAA48C138BFE67009465BC /* StageViewController.m */ = {isa = PBXFileReference; fileEncoding = 4; lastKnownFileType = sourcecode.c.objc; path = StageViewController.m; sourceTree = "<group>"; };
		64FAA48D138BFE67009465BC /* StageViewController.xib */ = {isa = PBXFileReference; fileEncoding = 4; lastKnownFileType = file.xib; path = StageViewController.xib; sourceTree = "<group>"; };
		64FAA4BA138C411F009465BC /* myMusicStand copy.app */ = {isa = PBXFileReference; explicitFileType = wrapper.application; includeInIndex = 0; path = "myMusicStand copy.app"; sourceTree = BUILT_PRODUCTS_DIR; };
		64FAA4BD138C4135009465BC /* CFNetwork.framework */ = {isa = PBXFileReference; lastKnownFileType = wrapper.framework; name = CFNetwork.framework; path = System/Library/Frameworks/CFNetwork.framework; sourceTree = SDKROOT; };
		64FAA4C0138C419B009465BC /* frank_static_resources.bundle */ = {isa = PBXFileReference; lastKnownFileType = "wrapper.plug-in"; name = frank_static_resources.bundle; path = ../../Frank/frank_static_resources.bundle; sourceTree = "<group>"; };
		64FAA4C4138C41B4009465BC /* AsyncSocket.h */ = {isa = PBXFileReference; fileEncoding = 4; lastKnownFileType = sourcecode.c.h; path = AsyncSocket.h; sourceTree = "<group>"; };
		64FAA4C5138C41B4009465BC /* AsyncSocket.m */ = {isa = PBXFileReference; fileEncoding = 4; lastKnownFileType = sourcecode.c.objc; path = AsyncSocket.m; sourceTree = "<group>"; };
		64FAA4C6138C41B4009465BC /* DDData.h */ = {isa = PBXFileReference; fileEncoding = 4; lastKnownFileType = sourcecode.c.h; path = DDData.h; sourceTree = "<group>"; };
		64FAA4C7138C41B4009465BC /* DDData.m */ = {isa = PBXFileReference; fileEncoding = 4; lastKnownFileType = sourcecode.c.objc; path = DDData.m; sourceTree = "<group>"; };
		64FAA4C8138C41B4009465BC /* DDNumber.h */ = {isa = PBXFileReference; fileEncoding = 4; lastKnownFileType = sourcecode.c.h; path = DDNumber.h; sourceTree = "<group>"; };
		64FAA4C9138C41B4009465BC /* DDNumber.m */ = {isa = PBXFileReference; fileEncoding = 4; lastKnownFileType = sourcecode.c.objc; path = DDNumber.m; sourceTree = "<group>"; };
		64FAA4CA138C41B4009465BC /* DDRange.h */ = {isa = PBXFileReference; fileEncoding = 4; lastKnownFileType = sourcecode.c.h; path = DDRange.h; sourceTree = "<group>"; };
		64FAA4CB138C41B4009465BC /* DDRange.m */ = {isa = PBXFileReference; fileEncoding = 4; lastKnownFileType = sourcecode.c.objc; path = DDRange.m; sourceTree = "<group>"; };
		64FAA4CC138C41B4009465BC /* HTTPAuthenticationRequest.h */ = {isa = PBXFileReference; fileEncoding = 4; lastKnownFileType = sourcecode.c.h; path = HTTPAuthenticationRequest.h; sourceTree = "<group>"; };
		64FAA4CD138C41B4009465BC /* HTTPAuthenticationRequest.m */ = {isa = PBXFileReference; fileEncoding = 4; lastKnownFileType = sourcecode.c.objc; path = HTTPAuthenticationRequest.m; sourceTree = "<group>"; };
		64FAA4CE138C41B4009465BC /* HTTPConnection.h */ = {isa = PBXFileReference; fileEncoding = 4; lastKnownFileType = sourcecode.c.h; path = HTTPConnection.h; sourceTree = "<group>"; };
		64FAA4CF138C41B4009465BC /* HTTPConnection.m */ = {isa = PBXFileReference; fileEncoding = 4; lastKnownFileType = sourcecode.c.objc; path = HTTPConnection.m; sourceTree = "<group>"; };
		64FAA4D0138C41B4009465BC /* HTTPResponse.h */ = {isa = PBXFileReference; fileEncoding = 4; lastKnownFileType = sourcecode.c.h; path = HTTPResponse.h; sourceTree = "<group>"; };
		64FAA4D1138C41B4009465BC /* HTTPResponse.m */ = {isa = PBXFileReference; fileEncoding = 4; lastKnownFileType = sourcecode.c.objc; path = HTTPResponse.m; sourceTree = "<group>"; };
		64FAA4D2138C41B4009465BC /* HTTPServer.h */ = {isa = PBXFileReference; fileEncoding = 4; lastKnownFileType = sourcecode.c.h; path = HTTPServer.h; sourceTree = "<group>"; };
		64FAA4D3138C41B4009465BC /* HTTPServer.m */ = {isa = PBXFileReference; fileEncoding = 4; lastKnownFileType = sourcecode.c.objc; path = HTTPServer.m; sourceTree = "<group>"; };
		64FAA4D4138C41B4009465BC /* MyHTTPConnection.h */ = {isa = PBXFileReference; fileEncoding = 4; lastKnownFileType = sourcecode.c.h; path = MyHTTPConnection.h; sourceTree = "<group>"; };
		64FAA4D5138C41B4009465BC /* MyHTTPConnection.m */ = {isa = PBXFileReference; fileEncoding = 4; lastKnownFileType = sourcecode.c.objc; path = MyHTTPConnection.m; sourceTree = "<group>"; };
		64FAA4D7138C41B4009465BC /* JSON.h */ = {isa = PBXFileReference; fileEncoding = 4; lastKnownFileType = sourcecode.c.h; path = JSON.h; sourceTree = "<group>"; };
		64FAA4D8138C41B4009465BC /* NSObject+SBJSON.h */ = {isa = PBXFileReference; fileEncoding = 4; lastKnownFileType = sourcecode.c.h; path = "NSObject+SBJSON.h"; sourceTree = "<group>"; };
		64FAA4D9138C41B4009465BC /* NSObject+SBJSON.m */ = {isa = PBXFileReference; fileEncoding = 4; lastKnownFileType = sourcecode.c.objc; path = "NSObject+SBJSON.m"; sourceTree = "<group>"; };
		64FAA4DA138C41B4009465BC /* NSString+SBJSON.h */ = {isa = PBXFileReference; fileEncoding = 4; lastKnownFileType = sourcecode.c.h; path = "NSString+SBJSON.h"; sourceTree = "<group>"; };
		64FAA4DB138C41B4009465BC /* NSString+SBJSON.m */ = {isa = PBXFileReference; fileEncoding = 4; lastKnownFileType = sourcecode.c.objc; path = "NSString+SBJSON.m"; sourceTree = "<group>"; };
		64FAA4DC138C41B4009465BC /* SBJSON.h */ = {isa = PBXFileReference; fileEncoding = 4; lastKnownFileType = sourcecode.c.h; path = SBJSON.h; sourceTree = "<group>"; };
		64FAA4DD138C41B4009465BC /* SBJSON.m */ = {isa = PBXFileReference; fileEncoding = 4; lastKnownFileType = sourcecode.c.objc; path = SBJSON.m; sourceTree = "<group>"; };
		64FAA4DE138C41B4009465BC /* SBJsonBase.h */ = {isa = PBXFileReference; fileEncoding = 4; lastKnownFileType = sourcecode.c.h; path = SBJsonBase.h; sourceTree = "<group>"; };
		64FAA4DF138C41B4009465BC /* SBJsonBase.m */ = {isa = PBXFileReference; fileEncoding = 4; lastKnownFileType = sourcecode.c.objc; path = SBJsonBase.m; sourceTree = "<group>"; };
		64FAA4E0138C41B4009465BC /* SBJsonParser.h */ = {isa = PBXFileReference; fileEncoding = 4; lastKnownFileType = sourcecode.c.h; path = SBJsonParser.h; sourceTree = "<group>"; };
		64FAA4E1138C41B4009465BC /* SBJsonParser.m */ = {isa = PBXFileReference; fileEncoding = 4; lastKnownFileType = sourcecode.c.objc; path = SBJsonParser.m; sourceTree = "<group>"; };
		64FAA4E2138C41B4009465BC /* SBJsonWriter.h */ = {isa = PBXFileReference; fileEncoding = 4; lastKnownFileType = sourcecode.c.h; path = SBJsonWriter.h; sourceTree = "<group>"; };
		64FAA4E3138C41B4009465BC /* SBJsonWriter.m */ = {isa = PBXFileReference; fileEncoding = 4; lastKnownFileType = sourcecode.c.objc; path = SBJsonWriter.m; sourceTree = "<group>"; };
		64FAA4E6138C41B4009465BC /* UIQueryScrollView.h */ = {isa = PBXFileReference; fileEncoding = 4; lastKnownFileType = sourcecode.c.h; path = UIQueryScrollView.h; sourceTree = "<group>"; };
		64FAA4E7138C41B4009465BC /* UIQueryScrollView.m */ = {isa = PBXFileReference; fileEncoding = 4; lastKnownFileType = sourcecode.c.objc; path = UIQueryScrollView.m; sourceTree = "<group>"; };
		64FAA4E8138C41B4009465BC /* UIQuerySearchBar.h */ = {isa = PBXFileReference; fileEncoding = 4; lastKnownFileType = sourcecode.c.h; path = UIQuerySearchBar.h; sourceTree = "<group>"; };
		64FAA4E9138C41B4009465BC /* UIQuerySearchBar.m */ = {isa = PBXFileReference; fileEncoding = 4; lastKnownFileType = sourcecode.c.objc; path = UIQuerySearchBar.m; sourceTree = "<group>"; };
		64FAA4EA138C41B4009465BC /* UIQuerySegmentedControl.h */ = {isa = PBXFileReference; fileEncoding = 4; lastKnownFileType = sourcecode.c.h; path = UIQuerySegmentedControl.h; sourceTree = "<group>"; };
		64FAA4EB138C41B4009465BC /* UIQuerySegmentedControl.m */ = {isa = PBXFileReference; fileEncoding = 4; lastKnownFileType = sourcecode.c.objc; path = UIQuerySegmentedControl.m; sourceTree = "<group>"; };
		64FAA4EC138C41B4009465BC /* UIQueryTabBar.h */ = {isa = PBXFileReference; fileEncoding = 4; lastKnownFileType = sourcecode.c.h; path = UIQueryTabBar.h; sourceTree = "<group>"; };
		64FAA4ED138C41B4009465BC /* UIQueryTabBar.m */ = {isa = PBXFileReference; fileEncoding = 4; lastKnownFileType = sourcecode.c.objc; path = UIQueryTabBar.m; sourceTree = "<group>"; };
		64FAA4EE138C41B4009465BC /* UIQueryTableView.h */ = {isa = PBXFileReference; fileEncoding = 4; lastKnownFileType = sourcecode.c.h; path = UIQueryTableView.h; sourceTree = "<group>"; };
		64FAA4EF138C41B4009465BC /* UIQueryTableView.m */ = {isa = PBXFileReference; fileEncoding = 4; lastKnownFileType = sourcecode.c.objc; path = UIQueryTableView.m; sourceTree = "<group>"; };
		64FAA4F0138C41B4009465BC /* UIQueryTableViewCell.h */ = {isa = PBXFileReference; fileEncoding = 4; lastKnownFileType = sourcecode.c.h; path = UIQueryTableViewCell.h; sourceTree = "<group>"; };
		64FAA4F1138C41B4009465BC /* UIQueryTableViewCell.m */ = {isa = PBXFileReference; fileEncoding = 4; lastKnownFileType = sourcecode.c.objc; path = UIQueryTableViewCell.m; sourceTree = "<group>"; };
		64FAA4F2138C41B4009465BC /* UIQueryWebView.h */ = {isa = PBXFileReference; fileEncoding = 4; lastKnownFileType = sourcecode.c.h; path = UIQueryWebView.h; sourceTree = "<group>"; };
		64FAA4F3138C41B4009465BC /* UIQueryWebView.m */ = {isa = PBXFileReference; fileEncoding = 4; lastKnownFileType = sourcecode.c.objc; path = UIQueryWebView.m; sourceTree = "<group>"; };
		64FAA4F5138C41B4009465BC /* Recordable.h */ = {isa = PBXFileReference; fileEncoding = 4; lastKnownFileType = sourcecode.c.h; path = Recordable.h; sourceTree = "<group>"; };
		64FAA4F6138C41B4009465BC /* Recordable.m */ = {isa = PBXFileReference; fileEncoding = 4; lastKnownFileType = sourcecode.c.objc; path = Recordable.m; sourceTree = "<group>"; };
		64FAA4F7138C41B4009465BC /* UIChildren.h */ = {isa = PBXFileReference; fileEncoding = 4; lastKnownFileType = sourcecode.c.h; path = UIChildren.h; sourceTree = "<group>"; };
		64FAA4F8138C41B4009465BC /* UIChildren.m */ = {isa = PBXFileReference; fileEncoding = 4; lastKnownFileType = sourcecode.c.objc; path = UIChildren.m; sourceTree = "<group>"; };
		64FAA4F9138C41B4009465BC /* UIConsoleLog.h */ = {isa = PBXFileReference; fileEncoding = 4; lastKnownFileType = sourcecode.c.h; path = UIConsoleLog.h; sourceTree = "<group>"; };
		64FAA4FA138C41B4009465BC /* UIConsoleLog.m */ = {isa = PBXFileReference; fileEncoding = 4; lastKnownFileType = sourcecode.c.objc; path = UIConsoleLog.m; sourceTree = "<group>"; };
		64FAA4FB138C41B4009465BC /* UIDescendants.h */ = {isa = PBXFileReference; fileEncoding = 4; lastKnownFileType = sourcecode.c.h; path = UIDescendants.h; sourceTree = "<group>"; };
		64FAA4FC138C41B4009465BC /* UIDescendants.m */ = {isa = PBXFileReference; fileEncoding = 4; lastKnownFileType = sourcecode.c.objc; path = UIDescendants.m; sourceTree = "<group>"; };
		64FAA4FD138C41B4009465BC /* UIExpectation.h */ = {isa = PBXFileReference; fileEncoding = 4; lastKnownFileType = sourcecode.c.h; path = UIExpectation.h; sourceTree = "<group>"; };
		64FAA4FE138C41B4009465BC /* UIExpectation.m */ = {isa = PBXFileReference; fileEncoding = 4; lastKnownFileType = sourcecode.c.objc; path = UIExpectation.m; sourceTree = "<group>"; };
		64FAA4FF138C41B4009465BC /* UIFilter.h */ = {isa = PBXFileReference; fileEncoding = 4; lastKnownFileType = sourcecode.c.h; path = UIFilter.h; sourceTree = "<group>"; };
		64FAA500138C41B4009465BC /* UIFilter.m */ = {isa = PBXFileReference; fileEncoding = 4; lastKnownFileType = sourcecode.c.objc; path = UIFilter.m; sourceTree = "<group>"; };
		64FAA501138C41B4009465BC /* UILog.h */ = {isa = PBXFileReference; fileEncoding = 4; lastKnownFileType = sourcecode.c.h; path = UILog.h; sourceTree = "<group>"; };
		64FAA502138C41B4009465BC /* UIMatcher.h */ = {isa = PBXFileReference; fileEncoding = 4; lastKnownFileType = sourcecode.c.h; path = UIMatcher.h; sourceTree = "<group>"; };
		64FAA503138C41B4009465BC /* UIMatcher.m */ = {isa = PBXFileReference; fileEncoding = 4; lastKnownFileType = sourcecode.c.objc; path = UIMatcher.m; sourceTree = "<group>"; };
		64FAA504138C41B4009465BC /* UIParents.h */ = {isa = PBXFileReference; fileEncoding = 4; lastKnownFileType = sourcecode.c.h; path = UIParents.h; sourceTree = "<group>"; };
		64FAA505138C41B4009465BC /* UIParents.m */ = {isa = PBXFileReference; fileEncoding = 4; lastKnownFileType = sourcecode.c.objc; path = UIParents.m; sourceTree = "<group>"; };
		64FAA506138C41B4009465BC /* UIQuery.h */ = {isa = PBXFileReference; fileEncoding = 4; lastKnownFileType = sourcecode.c.h; path = UIQuery.h; sourceTree = "<group>"; };
		64FAA507138C41B4009465BC /* UIQuery.m */ = {isa = PBXFileReference; fileEncoding = 4; lastKnownFileType = sourcecode.c.objc; path = UIQuery.m; sourceTree = "<group>"; };
		64FAA508138C41B4009465BC /* UIQueryAll.h */ = {isa = PBXFileReference; fileEncoding = 4; lastKnownFileType = sourcecode.c.h; path = UIQueryAll.h; sourceTree = "<group>"; };
		64FAA509138C41B4009465BC /* UIQueryAll.m */ = {isa = PBXFileReference; fileEncoding = 4; lastKnownFileType = sourcecode.c.objc; path = UIQueryAll.m; sourceTree = "<group>"; };
		64FAA50A138C41B4009465BC /* UIQueryExpectation.h */ = {isa = PBXFileReference; fileEncoding = 4; lastKnownFileType = sourcecode.c.h; path = UIQueryExpectation.h; sourceTree = "<group>"; };
		64FAA50B138C41B4009465BC /* UIQueryExpectation.m */ = {isa = PBXFileReference; fileEncoding = 4; lastKnownFileType = sourcecode.c.objc; path = UIQueryExpectation.m; sourceTree = "<group>"; };
		64FAA50C138C41B4009465BC /* UIRedoer.h */ = {isa = PBXFileReference; fileEncoding = 4; lastKnownFileType = sourcecode.c.h; path = UIRedoer.h; sourceTree = "<group>"; };
		64FAA50D138C41B4009465BC /* UIRedoer.m */ = {isa = PBXFileReference; fileEncoding = 4; lastKnownFileType = sourcecode.c.objc; path = UIRedoer.m; sourceTree = "<group>"; };
		64FAA50E138C41B4009465BC /* UISwizzle.h */ = {isa = PBXFileReference; fileEncoding = 4; lastKnownFileType = sourcecode.c.h; path = UISwizzle.h; sourceTree = "<group>"; };
		64FAA50F138C41B4009465BC /* UISwizzle.m */ = {isa = PBXFileReference; fileEncoding = 4; lastKnownFileType = sourcecode.c.objc; path = UISwizzle.m; sourceTree = "<group>"; };
		64FAA510138C41B4009465BC /* UITraversal.h */ = {isa = PBXFileReference; fileEncoding = 4; lastKnownFileType = sourcecode.c.h; path = UITraversal.h; sourceTree = "<group>"; };
		64FAA511138C41B4009465BC /* UITraversal.m */ = {isa = PBXFileReference; fileEncoding = 4; lastKnownFileType = sourcecode.c.objc; path = UITraversal.m; sourceTree = "<group>"; };
		64FAA512138C41B4009465BC /* ViewFilterSwizzler.h */ = {isa = PBXFileReference; fileEncoding = 4; lastKnownFileType = sourcecode.c.h; path = ViewFilterSwizzler.h; sourceTree = "<group>"; };
		64FAA513138C41B4009465BC /* ViewFilterSwizzler.m */ = {isa = PBXFileReference; fileEncoding = 4; lastKnownFileType = sourcecode.c.objc; path = ViewFilterSwizzler.m; sourceTree = "<group>"; };
		64FAA514138C41B4009465BC /* UISpec.bundle */ = {isa = PBXFileReference; lastKnownFileType = "wrapper.plug-in"; path = UISpec.bundle; sourceTree = "<group>"; };
		64FAA515138C41B4009465BC /* UISpec.h */ = {isa = PBXFileReference; fileEncoding = 4; lastKnownFileType = sourcecode.c.h; path = UISpec.h; sourceTree = "<group>"; };
		64FAA516138C41B4009465BC /* UISpec.m */ = {isa = PBXFileReference; fileEncoding = 4; lastKnownFileType = sourcecode.c.objc; path = UISpec.m; sourceTree = "<group>"; };
		64FAA517138C41B4009465BC /* update_from_github.rb */ = {isa = PBXFileReference; fileEncoding = 4; lastKnownFileType = text.script.ruby; path = update_from_github.rb; sourceTree = "<group>"; };
		64FAA518138C41B4009465BC /* update_from_svn.rb */ = {isa = PBXFileReference; fileEncoding = 4; lastKnownFileType = text.script.ruby; path = update_from_svn.rb; sourceTree = "<group>"; };
		64FAA51A138C41B4009465BC /* CallCache.h */ = {isa = PBXFileReference; fileEncoding = 4; lastKnownFileType = sourcecode.c.h; path = CallCache.h; sourceTree = "<group>"; };
		64FAA51B138C41B4009465BC /* CallCache.m */ = {isa = PBXFileReference; fileEncoding = 4; lastKnownFileType = sourcecode.c.objc; path = CallCache.m; sourceTree = "<group>"; };
		64FAA51C138C41B4009465BC /* NSNumberCreator.h */ = {isa = PBXFileReference; fileEncoding = 4; lastKnownFileType = sourcecode.c.h; path = NSNumberCreator.h; sourceTree = "<group>"; };
		64FAA51D138C41B4009465BC /* NSNumberCreator.m */ = {isa = PBXFileReference; fileEncoding = 4; lastKnownFileType = sourcecode.c.objc; path = NSNumberCreator.m; sourceTree = "<group>"; };
		64FAA51E138C41B4009465BC /* ReturnCacher.h */ = {isa = PBXFileReference; fileEncoding = 4; lastKnownFileType = sourcecode.c.h; path = ReturnCacher.h; sourceTree = "<group>"; };
		64FAA51F138C41B4009465BC /* ReturnCacher.m */ = {isa = PBXFileReference; fileEncoding = 4; lastKnownFileType = sourcecode.c.objc; path = ReturnCacher.m; sourceTree = "<group>"; };
		64FAA520138C41B4009465BC /* UIBug.h */ = {isa = PBXFileReference; fileEncoding = 4; lastKnownFileType = sourcecode.c.h; path = UIBug.h; sourceTree = "<group>"; };
		64FAA521138C41B4009465BC /* UIBug.m */ = {isa = PBXFileReference; fileEncoding = 4; lastKnownFileType = sourcecode.c.objc; path = UIBug.m; sourceTree = "<group>"; };
		64FAA522138C41B4009465BC /* UIConsole.h */ = {isa = PBXFileReference; fileEncoding = 4; lastKnownFileType = sourcecode.c.h; path = UIConsole.h; sourceTree = "<group>"; };
		64FAA523138C41B4009465BC /* UIConsole.m */ = {isa = PBXFileReference; fileEncoding = 4; lastKnownFileType = sourcecode.c.objc; path = UIConsole.m; sourceTree = "<group>"; };
		64FAA524138C41B4009465BC /* UIInspector.h */ = {isa = PBXFileReference; fileEncoding = 4; lastKnownFileType = sourcecode.c.h; path = UIInspector.h; sourceTree = "<group>"; };
		64FAA525138C41B4009465BC /* UIInspector.m */ = {isa = PBXFileReference; fileEncoding = 4; lastKnownFileType = sourcecode.c.objc; path = UIInspector.m; sourceTree = "<group>"; };
		64FAA526138C41B4009465BC /* UIProxy.h */ = {isa = PBXFileReference; fileEncoding = 4; lastKnownFileType = sourcecode.c.h; path = UIProxy.h; sourceTree = "<group>"; };
		64FAA527138C41B4009465BC /* UIProxy.m */ = {isa = PBXFileReference; fileEncoding = 4; lastKnownFileType = sourcecode.c.objc; path = UIProxy.m; sourceTree = "<group>"; };
		64FAA528138C41B4009465BC /* WaitUntilIdle.h */ = {isa = PBXFileReference; fileEncoding = 4; lastKnownFileType = sourcecode.c.h; path = WaitUntilIdle.h; sourceTree = "<group>"; };
		64FAA529138C41B4009465BC /* WaitUntilIdle.m */ = {isa = PBXFileReference; fileEncoding = 4; lastKnownFileType = sourcecode.c.objc; path = WaitUntilIdle.m; sourceTree = "<group>"; };
		64FAA55C138C41C2009465BC /* AccessibilityCheckCommand.h */ = {isa = PBXFileReference; fileEncoding = 4; lastKnownFileType = sourcecode.c.h; path = AccessibilityCheckCommand.h; sourceTree = "<group>"; };
		64FAA55D138C41C2009465BC /* AccessibilityCheckCommand.m */ = {isa = PBXFileReference; fileEncoding = 4; lastKnownFileType = sourcecode.c.objc; path = AccessibilityCheckCommand.m; sourceTree = "<group>"; };
		64FAA55E138C41C2009465BC /* AppCommand.h */ = {isa = PBXFileReference; fileEncoding = 4; lastKnownFileType = sourcecode.c.h; path = AppCommand.h; sourceTree = "<group>"; };
		64FAA55F138C41C2009465BC /* AppCommand.m */ = {isa = PBXFileReference; fileEncoding = 4; lastKnownFileType = sourcecode.c.objc; path = AppCommand.m; sourceTree = "<group>"; };
		64FAA560138C41C2009465BC /* DumpCommand.h */ = {isa = PBXFileReference; fileEncoding = 4; lastKnownFileType = sourcecode.c.h; path = DumpCommand.h; sourceTree = "<group>"; };
		64FAA561138C41C2009465BC /* DumpCommand.m */ = {isa = PBXFileReference; fileEncoding = 4; lastKnownFileType = sourcecode.c.objc; path = DumpCommand.m; sourceTree = "<group>"; };
		64FAA562138C41C2009465BC /* FrankCommandRoute.h */ = {isa = PBXFileReference; fileEncoding = 4; lastKnownFileType = sourcecode.c.h; path = FrankCommandRoute.h; sourceTree = "<group>"; };
		64FAA563138C41C2009465BC /* FrankCommandRoute.m */ = {isa = PBXFileReference; fileEncoding = 4; lastKnownFileType = sourcecode.c.objc; path = FrankCommandRoute.m; sourceTree = "<group>"; };
		64FAA564138C41C2009465BC /* FrankServer.h */ = {isa = PBXFileReference; fileEncoding = 4; lastKnownFileType = sourcecode.c.h; path = FrankServer.h; sourceTree = "<group>"; };
		64FAA565138C41C2009465BC /* FrankServer.m */ = {isa = PBXFileReference; fileEncoding = 4; lastKnownFileType = sourcecode.c.objc; path = FrankServer.m; sourceTree = "<group>"; };
		64FAA566138C41C2009465BC /* InspectCommand.h */ = {isa = PBXFileReference; fileEncoding = 4; lastKnownFileType = sourcecode.c.h; path = InspectCommand.h; sourceTree = "<group>"; };
		64FAA567138C41C2009465BC /* InspectCommand.m */ = {isa = PBXFileReference; fileEncoding = 4; lastKnownFileType = sourcecode.c.objc; path = InspectCommand.m; sourceTree = "<group>"; };
		64FAA568138C41C2009465BC /* MapOperationCommand.h */ = {isa = PBXFileReference; fileEncoding = 4; lastKnownFileType = sourcecode.c.h; path = MapOperationCommand.h; sourceTree = "<group>"; };
		64FAA569138C41C2009465BC /* MapOperationCommand.m */ = {isa = PBXFileReference; fileEncoding = 4; lastKnownFileType = sourcecode.c.objc; path = MapOperationCommand.m; sourceTree = "<group>"; };
		64FAA56A138C41C2009465BC /* Operation.h */ = {isa = PBXFileReference; fileEncoding = 4; lastKnownFileType = sourcecode.c.h; path = Operation.h; sourceTree = "<group>"; };
		64FAA56B138C41C2009465BC /* Operation.m */ = {isa = PBXFileReference; fileEncoding = 4; lastKnownFileType = sourcecode.c.objc; path = Operation.m; sourceTree = "<group>"; };
		64FAA56C138C41C2009465BC /* OrientationCommand.h */ = {isa = PBXFileReference; fileEncoding = 4; lastKnownFileType = sourcecode.c.h; path = OrientationCommand.h; sourceTree = "<group>"; };
		64FAA56D138C41C2009465BC /* OrientationCommand.m */ = {isa = PBXFileReference; fileEncoding = 4; lastKnownFileType = sourcecode.c.objc; path = OrientationCommand.m; sourceTree = "<group>"; };
		64FAA56E138C41C2009465BC /* RequestRouter.h */ = {isa = PBXFileReference; fileEncoding = 4; lastKnownFileType = sourcecode.c.h; path = RequestRouter.h; sourceTree = "<group>"; };
		64FAA56F138C41C2009465BC /* RequestRouter.m */ = {isa = PBXFileReference; fileEncoding = 4; lastKnownFileType = sourcecode.c.objc; path = RequestRouter.m; sourceTree = "<group>"; };
		64FAA570138C41C2009465BC /* RoutingHTTPConnection.h */ = {isa = PBXFileReference; fileEncoding = 4; lastKnownFileType = sourcecode.c.h; path = RoutingHTTPConnection.h; sourceTree = "<group>"; };
		64FAA571138C41C2009465BC /* RoutingHTTPConnection.m */ = {isa = PBXFileReference; fileEncoding = 4; lastKnownFileType = sourcecode.c.objc; path = RoutingHTTPConnection.m; sourceTree = "<group>"; };
		64FAA572138C41C2009465BC /* StaticResourcesRoute.h */ = {isa = PBXFileReference; fileEncoding = 4; lastKnownFileType = sourcecode.c.h; path = StaticResourcesRoute.h; sourceTree = "<group>"; };
		64FAA573138C41C2009465BC /* StaticResourcesRoute.m */ = {isa = PBXFileReference; fileEncoding = 4; lastKnownFileType = sourcecode.c.objc; path = StaticResourcesRoute.m; sourceTree = "<group>"; };
		64FAA574138C41C2009465BC /* UISpecCommandReceiver.h */ = {isa = PBXFileReference; fileEncoding = 4; lastKnownFileType = sourcecode.c.h; path = UISpecCommandReceiver.h; sourceTree = "<group>"; };
		64FAA575138C41C2009465BC /* UISpecCommandReceiver.m */ = {isa = PBXFileReference; fileEncoding = 4; lastKnownFileType = sourcecode.c.objc; path = UISpecCommandReceiver.m; sourceTree = "<group>"; };
/* End PBXFileReference section */

/* Begin PBXFrameworksBuildPhase section */
		64D94DF01379B2CB00300349 /* Frameworks */ = {
			isa = PBXFrameworksBuildPhase;
			buildActionMask = 2147483647;
			files = (
				64F1F27D13898AE0003F83AB /* QuartzCore.framework in Frameworks */,
				64F1F27B13898AC8003F83AB /* MessageUI.framework in Frameworks */,
				64D94DF81379B2CB00300349 /* UIKit.framework in Frameworks */,
				64D94DFA1379B2CB00300349 /* Foundation.framework in Frameworks */,
				64D94DFC1379B2CB00300349 /* CoreGraphics.framework in Frameworks */,
				64D94DFE1379B2CB00300349 /* CoreData.framework in Frameworks */,
			);
			runOnlyForDeploymentPostprocessing = 0;
		};
		64D94E121379B2CC00300349 /* Frameworks */ = {
			isa = PBXFrameworksBuildPhase;
			buildActionMask = 2147483647;
			files = (
				64D94E171379B2CC00300349 /* UIKit.framework in Frameworks */,
				64D94E181379B2CC00300349 /* Foundation.framework in Frameworks */,
				64D94E191379B2CC00300349 /* CoreGraphics.framework in Frameworks */,
				64D94E1A1379B2CC00300349 /* CoreData.framework in Frameworks */,
			);
			runOnlyForDeploymentPostprocessing = 0;
		};
		64FAA4AA138C411F009465BC /* Frameworks */ = {
			isa = PBXFrameworksBuildPhase;
			buildActionMask = 2147483647;
			files = (
				64FAA4BE138C4135009465BC /* CFNetwork.framework in Frameworks */,
				64FAA4AB138C411F009465BC /* QuartzCore.framework in Frameworks */,
				64FAA4AC138C411F009465BC /* MessageUI.framework in Frameworks */,
				64FAA4AD138C411F009465BC /* UIKit.framework in Frameworks */,
				64FAA4AE138C411F009465BC /* Foundation.framework in Frameworks */,
				64FAA4AF138C411F009465BC /* CoreGraphics.framework in Frameworks */,
				64FAA4B0138C411F009465BC /* CoreData.framework in Frameworks */,
			);
			runOnlyForDeploymentPostprocessing = 0;
		};
/* End PBXFrameworksBuildPhase section */

/* Begin PBXGroup section */
		64415E9A137DD50300DADC4C /* Cell */ = {
			isa = PBXGroup;
			children = (
				64E380641381786700A43834 /* floorAndStage.png */,
				64415E89137D8EAD00DADC4C /* BlockTableViewCell.xib */,
			);
			name = Cell;
			sourceTree = "<group>";
		};
		64D94DE81379B2CB00300349 = {
			isa = PBXGroup;
			children = (
				64FAA4BF138C416B009465BC /* Frank */,
				64FAA4BD138C4135009465BC /* CFNetwork.framework */,
				64F1F27C13898AE0003F83AB /* QuartzCore.framework */,
				64F1F27A13898AC8003F83AB /* MessageUI.framework */,
				64D94E5F1379B44800300349 /* CoreData.framework */,
				64D94DFF1379B2CB00300349 /* myMusicStand */,
				64D94E1D1379B2CC00300349 /* myMusicStandTests */,
				64D94DF61379B2CB00300349 /* Frameworks */,
				64D94DF41379B2CB00300349 /* Products */,
			);
			sourceTree = "<group>";
		};
		64D94DF41379B2CB00300349 /* Products */ = {
			isa = PBXGroup;
			children = (
				64D94DF31379B2CB00300349 /* myMusicStand.app */,
				64D94E161379B2CC00300349 /* myMusicStandTests.octest */,
				64FAA4BA138C411F009465BC /* myMusicStand copy.app */,
			);
			name = Products;
			sourceTree = "<group>";
		};
		64D94DF61379B2CB00300349 /* Frameworks */ = {
			isa = PBXGroup;
			children = (
				64D94DF71379B2CB00300349 /* UIKit.framework */,
				64D94DF91379B2CB00300349 /* Foundation.framework */,
				64D94DFB1379B2CB00300349 /* CoreGraphics.framework */,
				64D94DFD1379B2CB00300349 /* CoreData.framework */,
				64D94E361379B2F500300349 /* Cocoa.framework */,
				64D94E381379B2F500300349 /* Other Frameworks */,
			);
			name = Frameworks;
			sourceTree = "<group>";
		};
		64D94DFF1379B2CB00300349 /* myMusicStand */ = {
			isa = PBXGroup;
			children = (
				64F1F27E13898AF6003F83AB /* PDF Viewing */,
				64D94E8E1379C52100300349 /* File System work */,
				64D94E8F1379C53600300349 /* Top Level */,
				64D94E901379C54C00300349 /* Models */,
				64D94E001379B2CB00300349 /* Supporting Files */,
				64EAE5FE1379DDEF00544C29 /* Files list controller */,
			);
			path = myMusicStand;
			sourceTree = "<group>";
		};
		64D94E001379B2CB00300349 /* Supporting Files */ = {
			isa = PBXGroup;
			children = (
				64D94E011379B2CB00300349 /* myMusicStand-Info.plist */,
				64D94E021379B2CB00300349 /* InfoPlist.strings */,
				64D94E051379B2CB00300349 /* myMusicStand-Prefix.pch */,
				64D94E061379B2CB00300349 /* main.m */,
			);
			name = "Supporting Files";
			sourceTree = "<group>";
		};
		64D94E1D1379B2CC00300349 /* myMusicStandTests */ = {
			isa = PBXGroup;
			children = (
				64D94E981379C5EF00300349 /* Setlists Testing */,
				64D94E951379C5B200300349 /* File related tests */,
				64D94E961379C5C700300349 /* Core Data Testing */,
				64D94E971379C5D800300349 /* File System Work Testing */,
				64D94E1E1379B2CC00300349 /* Supporting Files */,
				64E47BC0137AE3E800AC5C93 /* FileTableViewControllerTests.h */,
				64E47BC1137AE3E800AC5C93 /* FileTableViewControllerTests.m */,
				64E7F03C1385539300BB54D7 /* Delegate tests */,
				64E7F03B1385538300BB54D7 /* TimestampTests */,
				64F5E1FC1399231F0048D1EF /* SetlistTableControllerTests.h */,
				64F5E1FD1399231F0048D1EF /* SetlistTableControllerTests.m */,
			);
			path = myMusicStandTests;
			sourceTree = "<group>";
		};
		64D94E1E1379B2CC00300349 /* Supporting Files */ = {
			isa = PBXGroup;
			children = (
				64D94E1F1379B2CC00300349 /* myMusicStandTests-Info.plist */,
				64D94E201379B2CC00300349 /* InfoPlist.strings */,
				64D94E231379B2CC00300349 /* myMusicStandTests-Prefix.pch */,
			);
			name = "Supporting Files";
			sourceTree = "<group>";
		};
		64D94E381379B2F500300349 /* Other Frameworks */ = {
			isa = PBXGroup;
			children = (
				64D94E391379B2F500300349 /* AppKit.framework */,
				64D94E3A1379B2F500300349 /* CoreData.framework */,
				64D94E3B1379B2F500300349 /* Foundation.framework */,
			);
			name = "Other Frameworks";
			sourceTree = "<group>";
		};
		64D94E8E1379C52100300349 /* File System work */ = {
			isa = PBXGroup;
			children = (
				64D94E541379B35D00300349 /* FileHelpers.h */,
				64D94E551379B35D00300349 /* FileHelpers.m */,
			);
			name = "File System work";
			sourceTree = "<group>";
		};
		64D94E8F1379C53600300349 /* Top Level */ = {
			isa = PBXGroup;
			children = (
				64D94E081379B2CB00300349 /* myMusicStandAppDelegate.h */,
				64D94E091379B2CB00300349 /* myMusicStandAppDelegate.m */,
				64D94E0B1379B2CC00300349 /* MainWindow.xib */,
				64FAA48B138BFE66009465BC /* StageViewController.h */,
				64FAA48C138BFE67009465BC /* StageViewController.m */,
				64FAA48D138BFE67009465BC /* StageViewController.xib */,
			);
			name = "Top Level";
			sourceTree = "<group>";
		};
		64D94E901379C54C00300349 /* Models */ = {
			isa = PBXGroup;
			children = (
				64D94E0E1379B2CC00300349 /* myMusicStand.xcdatamodeld */,
				64D94E941379C59000300349 /* Ordered Entity By Creation time */,
				64D94E931379C58100300349 /* Files (aka Charts) */,
				64D94E921379C57300300349 /* Ordering  */,
				64D94E911379C56800300349 /* Sets */,
			);
			name = Models;
			sourceTree = "<group>";
		};
		64D94E911379C56800300349 /* Sets */ = {
			isa = PBXGroup;
			children = (
				64D94E7E1379BC3A00300349 /* Setlist.h */,
				64D94E7F1379BC3A00300349 /* Setlist.m */,
			);
			name = Sets;
			sourceTree = "<group>";
		};
		64D94E921379C57300300349 /* Ordering  */ = {
			isa = PBXGroup;
			children = (
				64D94E821379BDCB00300349 /* OrderedFile.h */,
				64D94E831379BDCB00300349 /* OrderedFile.m */,
			);
			name = "Ordering ";
			sourceTree = "<group>";
		};
		64D94E931379C58100300349 /* Files (aka Charts) */ = {
			isa = PBXGroup;
			children = (
				64D94E861379BE1100300349 /* File.h */,
				64D94E871379BE1100300349 /* File.m */,
			);
			name = "Files (aka Charts)";
			sourceTree = "<group>";
		};
		64D94E941379C59000300349 /* Ordered Entity By Creation time */ = {
			isa = PBXGroup;
			children = (
				64D94E8A1379BEFB00300349 /* TimestampEntity.h */,
				64D94E8B1379BEFB00300349 /* TimestampEntity.m */,
			);
			name = "Ordered Entity By Creation time";
			sourceTree = "<group>";
		};
		64D94E951379C5B200300349 /* File related tests */ = {
			isa = PBXGroup;
			children = (
				64D94E6C1379B62400300349 /* OrderedFileTests.h */,
				64D94E6D1379B62400300349 /* OrderedFileTests.m */,
				64D94E611379B57800300349 /* FileTests.h */,
				64D94E621379B57800300349 /* FileTests.m */,
			);
			name = "File related tests";
			path = ../myMusicStandLogicTests;
			sourceTree = "<group>";
		};
		64D94E961379C5C700300349 /* Core Data Testing */ = {
			isa = PBXGroup;
			children = (
				64D94E5C1379B42000300349 /* CoreDataTest.h */,
				64D94E5D1379B42000300349 /* CoreDataTest.m */,
			);
			name = "Core Data Testing";
			path = ../myMusicStandLogicTests;
			sourceTree = "<group>";
		};
		64D94E971379C5D800300349 /* File System Work Testing */ = {
			isa = PBXGroup;
			children = (
				64D94E591379B39300300349 /* FileHelperTests.h */,
				64D94E5A1379B39300300349 /* FileHelperTests.m */,
			);
			name = "File System Work Testing";
			path = ../myMusicStandLogicTests;
			sourceTree = "<group>";
		};
		64D94E981379C5EF00300349 /* Setlists Testing */ = {
			isa = PBXGroup;
			children = (
				64D94E731379B65500300349 /* SetlistTests.h */,
				64D94E741379B65500300349 /* SetlistTests.m */,
			);
			name = "Setlists Testing";
			path = ../myMusicStandLogicTests;
			sourceTree = "<group>";
		};
		64E7F03B1385538300BB54D7 /* TimestampTests */ = {
			isa = PBXGroup;
			children = (
				64E7F037138551D800BB54D7 /* TimestampEntityTests.h */,
				64E7F038138551D800BB54D7 /* TimestampEntityTests.m */,
			);
			name = TimestampTests;
			sourceTree = "<group>";
		};
		64E7F03C1385539300BB54D7 /* Delegate tests */ = {
			isa = PBXGroup;
			children = (
				64C96967137B754E002B5D10 /* DelegateTests.h */,
				64C96968137B754E002B5D10 /* DelegateTests.m */,
			);
			name = "Delegate tests";
			sourceTree = "<group>";
		};
		64EAE5FE1379DDEF00544C29 /* Files list controller */ = {
			isa = PBXGroup;
			children = (
				64EAE5FA1379DDE900544C29 /* FileTableController.h */,
				64EAE5FB1379DDE900544C29 /* FileTableController.m */,
				648063371385A6C600E0CA27 /* BlockTableController.h */,
				648063381385A6C600E0CA27 /* BlockTableController.m */,
				64E7F058138561ED00BB54D7 /* SetlistTableController.m */,
				64E7F057138561ED00BB54D7 /* SetlistTableController.h */,
				64415E9A137DD50300DADC4C /* Cell */,
			);
			name = "Files list controller";
			sourceTree = "<group>";
		};
		64F1F27E13898AF6003F83AB /* PDF Viewing */ = {
			isa = PBXGroup;
			children = (
				64F1F27713898AA7003F83AB /* TiledPDFView.h */,
				64F1F27813898AA7003F83AB /* TiledPDFView.m */,
				64F1F27413898A85003F83AB /* PDFScrollView.h */,
				64F1F27513898A85003F83AB /* PDFScrollView.m */,
				64F1F27113898A5C003F83AB /* PagingScrollViewController.h */,
				64F1F27213898A5C003F83AB /* PagingScrollViewController.m */,
				64F1F26E13898A37003F83AB /* PDFPagingViewController.h */,
				64F1F26F13898A37003F83AB /* PDFPagingViewController.m */,
			);
			name = "PDF Viewing";
			sourceTree = "<group>";
		};
		64FAA4BF138C416B009465BC /* Frank */ = {
			isa = PBXGroup;
			children = (
				64FAA55B138C41C2009465BC /* src */,
				64FAA4C2138C41B4009465BC /* lib */,
				64FAA4C0138C419B009465BC /* frank_static_resources.bundle */,
			);
			name = Frank;
			sourceTree = "<group>";
		};
		64FAA4C2138C41B4009465BC /* lib */ = {
			isa = PBXGroup;
			children = (
				64FAA4C3138C41B4009465BC /* cocoahttpserver */,
				64FAA4D6138C41B4009465BC /* JSON */,
				64FAA4E4138C41B4009465BC /* uispec */,
			);
			name = lib;
			path = ../../Frank/lib;
			sourceTree = "<group>";
		};
		64FAA4C3138C41B4009465BC /* cocoahttpserver */ = {
			isa = PBXGroup;
			children = (
				64FAA4C4138C41B4009465BC /* AsyncSocket.h */,
				64FAA4C5138C41B4009465BC /* AsyncSocket.m */,
				64FAA4C6138C41B4009465BC /* DDData.h */,
				64FAA4C7138C41B4009465BC /* DDData.m */,
				64FAA4C8138C41B4009465BC /* DDNumber.h */,
				64FAA4C9138C41B4009465BC /* DDNumber.m */,
				64FAA4CA138C41B4009465BC /* DDRange.h */,
				64FAA4CB138C41B4009465BC /* DDRange.m */,
				64FAA4CC138C41B4009465BC /* HTTPAuthenticationRequest.h */,
				64FAA4CD138C41B4009465BC /* HTTPAuthenticationRequest.m */,
				64FAA4CE138C41B4009465BC /* HTTPConnection.h */,
				64FAA4CF138C41B4009465BC /* HTTPConnection.m */,
				64FAA4D0138C41B4009465BC /* HTTPResponse.h */,
				64FAA4D1138C41B4009465BC /* HTTPResponse.m */,
				64FAA4D2138C41B4009465BC /* HTTPServer.h */,
				64FAA4D3138C41B4009465BC /* HTTPServer.m */,
				64FAA4D4138C41B4009465BC /* MyHTTPConnection.h */,
				64FAA4D5138C41B4009465BC /* MyHTTPConnection.m */,
			);
			path = cocoahttpserver;
			sourceTree = "<group>";
		};
		64FAA4D6138C41B4009465BC /* JSON */ = {
			isa = PBXGroup;
			children = (
				64FAA4D7138C41B4009465BC /* JSON.h */,
				64FAA4D8138C41B4009465BC /* NSObject+SBJSON.h */,
				64FAA4D9138C41B4009465BC /* NSObject+SBJSON.m */,
				64FAA4DA138C41B4009465BC /* NSString+SBJSON.h */,
				64FAA4DB138C41B4009465BC /* NSString+SBJSON.m */,
				64FAA4DC138C41B4009465BC /* SBJSON.h */,
				64FAA4DD138C41B4009465BC /* SBJSON.m */,
				64FAA4DE138C41B4009465BC /* SBJsonBase.h */,
				64FAA4DF138C41B4009465BC /* SBJsonBase.m */,
				64FAA4E0138C41B4009465BC /* SBJsonParser.h */,
				64FAA4E1138C41B4009465BC /* SBJsonParser.m */,
				64FAA4E2138C41B4009465BC /* SBJsonWriter.h */,
				64FAA4E3138C41B4009465BC /* SBJsonWriter.m */,
			);
			path = JSON;
			sourceTree = "<group>";
		};
		64FAA4E4138C41B4009465BC /* uispec */ = {
			isa = PBXGroup;
			children = (
				64FAA4E5138C41B4009465BC /* components */,
				64FAA4F4138C41B4009465BC /* dsl */,
				64FAA514138C41B4009465BC /* UISpec.bundle */,
				64FAA515138C41B4009465BC /* UISpec.h */,
				64FAA516138C41B4009465BC /* UISpec.m */,
				64FAA517138C41B4009465BC /* update_from_github.rb */,
				64FAA518138C41B4009465BC /* update_from_svn.rb */,
				64FAA519138C41B4009465BC /* utils */,
			);
			path = uispec;
			sourceTree = "<group>";
		};
		64FAA4E5138C41B4009465BC /* components */ = {
			isa = PBXGroup;
			children = (
				64FAA4E6138C41B4009465BC /* UIQueryScrollView.h */,
				64FAA4E7138C41B4009465BC /* UIQueryScrollView.m */,
				64FAA4E8138C41B4009465BC /* UIQuerySearchBar.h */,
				64FAA4E9138C41B4009465BC /* UIQuerySearchBar.m */,
				64FAA4EA138C41B4009465BC /* UIQuerySegmentedControl.h */,
				64FAA4EB138C41B4009465BC /* UIQuerySegmentedControl.m */,
				64FAA4EC138C41B4009465BC /* UIQueryTabBar.h */,
				64FAA4ED138C41B4009465BC /* UIQueryTabBar.m */,
				64FAA4EE138C41B4009465BC /* UIQueryTableView.h */,
				64FAA4EF138C41B4009465BC /* UIQueryTableView.m */,
				64FAA4F0138C41B4009465BC /* UIQueryTableViewCell.h */,
				64FAA4F1138C41B4009465BC /* UIQueryTableViewCell.m */,
				64FAA4F2138C41B4009465BC /* UIQueryWebView.h */,
				64FAA4F3138C41B4009465BC /* UIQueryWebView.m */,
			);
			path = components;
			sourceTree = "<group>";
		};
		64FAA4F4138C41B4009465BC /* dsl */ = {
			isa = PBXGroup;
			children = (
				64FAA4F5138C41B4009465BC /* Recordable.h */,
				64FAA4F6138C41B4009465BC /* Recordable.m */,
				64FAA4F7138C41B4009465BC /* UIChildren.h */,
				64FAA4F8138C41B4009465BC /* UIChildren.m */,
				64FAA4F9138C41B4009465BC /* UIConsoleLog.h */,
				64FAA4FA138C41B4009465BC /* UIConsoleLog.m */,
				64FAA4FB138C41B4009465BC /* UIDescendants.h */,
				64FAA4FC138C41B4009465BC /* UIDescendants.m */,
				64FAA4FD138C41B4009465BC /* UIExpectation.h */,
				64FAA4FE138C41B4009465BC /* UIExpectation.m */,
				64FAA4FF138C41B4009465BC /* UIFilter.h */,
				64FAA500138C41B4009465BC /* UIFilter.m */,
				64FAA501138C41B4009465BC /* UILog.h */,
				64FAA502138C41B4009465BC /* UIMatcher.h */,
				64FAA503138C41B4009465BC /* UIMatcher.m */,
				64FAA504138C41B4009465BC /* UIParents.h */,
				64FAA505138C41B4009465BC /* UIParents.m */,
				64FAA506138C41B4009465BC /* UIQuery.h */,
				64FAA507138C41B4009465BC /* UIQuery.m */,
				64FAA508138C41B4009465BC /* UIQueryAll.h */,
				64FAA509138C41B4009465BC /* UIQueryAll.m */,
				64FAA50A138C41B4009465BC /* UIQueryExpectation.h */,
				64FAA50B138C41B4009465BC /* UIQueryExpectation.m */,
				64FAA50C138C41B4009465BC /* UIRedoer.h */,
				64FAA50D138C41B4009465BC /* UIRedoer.m */,
				64FAA50E138C41B4009465BC /* UISwizzle.h */,
				64FAA50F138C41B4009465BC /* UISwizzle.m */,
				64FAA510138C41B4009465BC /* UITraversal.h */,
				64FAA511138C41B4009465BC /* UITraversal.m */,
				64FAA512138C41B4009465BC /* ViewFilterSwizzler.h */,
				64FAA513138C41B4009465BC /* ViewFilterSwizzler.m */,
			);
			path = dsl;
			sourceTree = "<group>";
		};
		64FAA519138C41B4009465BC /* utils */ = {
			isa = PBXGroup;
			children = (
				64FAA51A138C41B4009465BC /* CallCache.h */,
				64FAA51B138C41B4009465BC /* CallCache.m */,
				64FAA51C138C41B4009465BC /* NSNumberCreator.h */,
				64FAA51D138C41B4009465BC /* NSNumberCreator.m */,
				64FAA51E138C41B4009465BC /* ReturnCacher.h */,
				64FAA51F138C41B4009465BC /* ReturnCacher.m */,
				64FAA520138C41B4009465BC /* UIBug.h */,
				64FAA521138C41B4009465BC /* UIBug.m */,
				64FAA522138C41B4009465BC /* UIConsole.h */,
				64FAA523138C41B4009465BC /* UIConsole.m */,
				64FAA524138C41B4009465BC /* UIInspector.h */,
				64FAA525138C41B4009465BC /* UIInspector.m */,
				64FAA526138C41B4009465BC /* UIProxy.h */,
				64FAA527138C41B4009465BC /* UIProxy.m */,
				64FAA528138C41B4009465BC /* WaitUntilIdle.h */,
				64FAA529138C41B4009465BC /* WaitUntilIdle.m */,
			);
			path = utils;
			sourceTree = "<group>";
		};
		64FAA55B138C41C2009465BC /* src */ = {
			isa = PBXGroup;
			children = (
				64FAA55C138C41C2009465BC /* AccessibilityCheckCommand.h */,
				64FAA55D138C41C2009465BC /* AccessibilityCheckCommand.m */,
				64FAA55E138C41C2009465BC /* AppCommand.h */,
				64FAA55F138C41C2009465BC /* AppCommand.m */,
				64FAA560138C41C2009465BC /* DumpCommand.h */,
				64FAA561138C41C2009465BC /* DumpCommand.m */,
				64FAA562138C41C2009465BC /* FrankCommandRoute.h */,
				64FAA563138C41C2009465BC /* FrankCommandRoute.m */,
				64FAA564138C41C2009465BC /* FrankServer.h */,
				64FAA565138C41C2009465BC /* FrankServer.m */,
				64FAA566138C41C2009465BC /* InspectCommand.h */,
				64FAA567138C41C2009465BC /* InspectCommand.m */,
				64FAA568138C41C2009465BC /* MapOperationCommand.h */,
				64FAA569138C41C2009465BC /* MapOperationCommand.m */,
				64FAA56A138C41C2009465BC /* Operation.h */,
				64FAA56B138C41C2009465BC /* Operation.m */,
				64FAA56C138C41C2009465BC /* OrientationCommand.h */,
				64FAA56D138C41C2009465BC /* OrientationCommand.m */,
				64FAA56E138C41C2009465BC /* RequestRouter.h */,
				64FAA56F138C41C2009465BC /* RequestRouter.m */,
				64FAA570138C41C2009465BC /* RoutingHTTPConnection.h */,
				64FAA571138C41C2009465BC /* RoutingHTTPConnection.m */,
				64FAA572138C41C2009465BC /* StaticResourcesRoute.h */,
				64FAA573138C41C2009465BC /* StaticResourcesRoute.m */,
				64FAA574138C41C2009465BC /* UISpecCommandReceiver.h */,
				64FAA575138C41C2009465BC /* UISpecCommandReceiver.m */,
			);
			name = src;
			path = ../../Frank/src;
			sourceTree = "<group>";
		};
/* End PBXGroup section */

/* Begin PBXNativeTarget section */
		64D94DF21379B2CB00300349 /* myMusicStand */ = {
			isa = PBXNativeTarget;
			buildConfigurationList = 64D94E2A1379B2CC00300349 /* Build configuration list for PBXNativeTarget "myMusicStand" */;
			buildPhases = (
				64D94DEF1379B2CB00300349 /* Sources */,
				64D94DF01379B2CB00300349 /* Frameworks */,
				64D94DF11379B2CB00300349 /* Resources */,
			);
			buildRules = (
			);
			dependencies = (
			);
			name = myMusicStand;
			productName = myMusicStand;
			productReference = 64D94DF31379B2CB00300349 /* myMusicStand.app */;
			productType = "com.apple.product-type.application";
		};
		64D94E151379B2CC00300349 /* myMusicStandTests */ = {
			isa = PBXNativeTarget;
			buildConfigurationList = 64D94E2D1379B2CC00300349 /* Build configuration list for PBXNativeTarget "myMusicStandTests" */;
			buildPhases = (
				64D94E111379B2CC00300349 /* Sources */,
				64D94E121379B2CC00300349 /* Frameworks */,
				64D94E131379B2CC00300349 /* Resources */,
				64D94E141379B2CC00300349 /* ShellScript */,
			);
			buildRules = (
			);
			dependencies = (
				64E47BC6137B1F7600AC5C93 /* PBXTargetDependency */,
			);
			name = myMusicStandTests;
			productName = myMusicStandTests;
			productReference = 64D94E161379B2CC00300349 /* myMusicStandTests.octest */;
			productType = "com.apple.product-type.bundle";
		};
		64FAA498138C411F009465BC /* myMusicStand-Frankified */ = {
			isa = PBXNativeTarget;
			buildConfigurationList = 64FAA4B7138C411F009465BC /* Build configuration list for PBXNativeTarget "myMusicStand-Frankified" */;
			buildPhases = (
				64FAA499138C411F009465BC /* Sources */,
				64FAA4AA138C411F009465BC /* Frameworks */,
				64FAA4B1138C411F009465BC /* Resources */,
			);
			buildRules = (
			);
			dependencies = (
			);
			name = "myMusicStand-Frankified";
			productName = myMusicStand;
			productReference = 64FAA4BA138C411F009465BC /* myMusicStand copy.app */;
			productType = "com.apple.product-type.application";
		};
/* End PBXNativeTarget section */

/* Begin PBXProject section */
		64D94DEA1379B2CB00300349 /* Project object */ = {
			isa = PBXProject;
			buildConfigurationList = 64D94DED1379B2CB00300349 /* Build configuration list for PBXProject "myMusicStand" */;
			compatibilityVersion = "Xcode 3.2";
			developmentRegion = English;
			hasScannedForEncodings = 0;
			knownRegions = (
				en,
			);
			mainGroup = 64D94DE81379B2CB00300349;
			productRefGroup = 64D94DF41379B2CB00300349 /* Products */;
			projectDirPath = "";
			projectRoot = "";
			targets = (
				64D94DF21379B2CB00300349 /* myMusicStand */,
				64D94E151379B2CC00300349 /* myMusicStandTests */,
				64FAA498138C411F009465BC /* myMusicStand-Frankified */,
			);
		};
/* End PBXProject section */

/* Begin PBXResourcesBuildPhase section */
		64D94DF11379B2CB00300349 /* Resources */ = {
			isa = PBXResourcesBuildPhase;
			buildActionMask = 2147483647;
			files = (
				64D94E041379B2CB00300349 /* InfoPlist.strings in Resources */,
				64D94E0D1379B2CC00300349 /* MainWindow.xib in Resources */,
				64415E8A137D8EAD00DADC4C /* BlockTableViewCell.xib in Resources */,
				64E380651381786700A43834 /* floorAndStage.png in Resources */,
				64FAA48F138BFE67009465BC /* StageViewController.xib in Resources */,
			);
			runOnlyForDeploymentPostprocessing = 0;
		};
		64D94E131379B2CC00300349 /* Resources */ = {
			isa = PBXResourcesBuildPhase;
			buildActionMask = 2147483647;
			files = (
				64D94E221379B2CC00300349 /* InfoPlist.strings in Resources */,
				64E380661381786700A43834 /* floorAndStage.png in Resources */,
			);
			runOnlyForDeploymentPostprocessing = 0;
		};
		64FAA4B1138C411F009465BC /* Resources */ = {
			isa = PBXResourcesBuildPhase;
			buildActionMask = 2147483647;
			files = (
				64FAA4B2138C411F009465BC /* InfoPlist.strings in Resources */,
				64FAA4B3138C411F009465BC /* MainWindow.xib in Resources */,
				64FAA4B4138C411F009465BC /* BlockTableViewCell.xib in Resources */,
				64FAA4B5138C411F009465BC /* floorAndStage.png in Resources */,
				64FAA4B6138C411F009465BC /* StageViewController.xib in Resources */,
				64FAA4C1138C419B009465BC /* frank_static_resources.bundle in Resources */,
				64FAA54F138C41B5009465BC /* UISpec.bundle in Resources */,
				64FAA551138C41B5009465BC /* update_from_github.rb in Resources */,
				64FAA552138C41B5009465BC /* update_from_svn.rb in Resources */,
			);
			runOnlyForDeploymentPostprocessing = 0;
		};
/* End PBXResourcesBuildPhase section */

/* Begin PBXShellScriptBuildPhase section */
		64D94E141379B2CC00300349 /* ShellScript */ = {
			isa = PBXShellScriptBuildPhase;
			buildActionMask = 2147483647;
			files = (
			);
			inputPaths = (
			);
			outputPaths = (
			);
			runOnlyForDeploymentPostprocessing = 0;
			shellPath = /bin/sh;
			shellScript = "# Run the unit tests in this test bundle.\n\"${SYSTEM_DEVELOPER_DIR}/Tools/RunUnitTests\"\n";
		};
/* End PBXShellScriptBuildPhase section */

/* Begin PBXSourcesBuildPhase section */
		64D94DEF1379B2CB00300349 /* Sources */ = {
			isa = PBXSourcesBuildPhase;
			buildActionMask = 2147483647;
			files = (
				64D94E071379B2CB00300349 /* main.m in Sources */,
				64D94E0A1379B2CB00300349 /* myMusicStandAppDelegate.m in Sources */,
				64D94E101379B2CC00300349 /* myMusicStand.xcdatamodeld in Sources */,
				64D94E561379B35D00300349 /* FileHelpers.m in Sources */,
				64D94E801379BC3A00300349 /* Setlist.m in Sources */,
				64D94E841379BDCB00300349 /* OrderedFile.m in Sources */,
				64D94E881379BE1100300349 /* File.m in Sources */,
				64D94E8C1379BEFB00300349 /* TimestampEntity.m in Sources */,
				64EAE5FC1379DDE900544C29 /* FileTableController.m in Sources */,
				64E7F059138561ED00BB54D7 /* SetlistTableController.m in Sources */,
				648063391385A6C600E0CA27 /* BlockTableController.m in Sources */,
				64F1F27013898A38003F83AB /* PDFPagingViewController.m in Sources */,
				64F1F27313898A5C003F83AB /* PagingScrollViewController.m in Sources */,
				64F1F27613898A85003F83AB /* PDFScrollView.m in Sources */,
				64F1F27913898AA7003F83AB /* TiledPDFView.m in Sources */,
				64FAA48E138BFE67009465BC /* StageViewController.m in Sources */,
			);
			runOnlyForDeploymentPostprocessing = 0;
		};
		64D94E111379B2CC00300349 /* Sources */ = {
			isa = PBXSourcesBuildPhase;
			buildActionMask = 2147483647;
			files = (
				64DFCFA213857715002672BC /* SetlistTableController.m in Sources */,
				64DB278E137C2DBE0069D076 /* myMusicStand.xcdatamodel in Sources */,
				64DB2784137C2D2C0069D076 /* SetlistTests.m in Sources */,
				64DB2786137C2D2C0069D076 /* OrderedFileTests.m in Sources */,
				64DB2788137C2D2C0069D076 /* FileTests.m in Sources */,
				64DB278A137C2D2C0069D076 /* CoreDataTest.m in Sources */,
				64DB278C137C2D2C0069D076 /* FileHelperTests.m in Sources */,
				64EAE5FD1379DDE900544C29 /* FileTableController.m in Sources */,
				64E47BC2137AE3E800AC5C93 /* FileTableViewControllerTests.m in Sources */,
				64C96969137B754E002B5D10 /* DelegateTests.m in Sources */,
				64E7F039138551D800BB54D7 /* TimestampEntityTests.m in Sources */,
				6480633A1385A6C600E0CA27 /* BlockTableController.m in Sources */,
				64F5E1FE1399231F0048D1EF /* SetlistTableControllerTests.m in Sources */,
			);
			runOnlyForDeploymentPostprocessing = 0;
		};
		64FAA499138C411F009465BC /* Sources */ = {
			isa = PBXSourcesBuildPhase;
			buildActionMask = 2147483647;
			files = (
				64FAA49A138C411F009465BC /* main.m in Sources */,
				64FAA49B138C411F009465BC /* myMusicStandAppDelegate.m in Sources */,
				64FAA49C138C411F009465BC /* myMusicStand.xcdatamodeld in Sources */,
				64FAA49D138C411F009465BC /* FileHelpers.m in Sources */,
				64FAA49E138C411F009465BC /* Setlist.m in Sources */,
				64FAA49F138C411F009465BC /* OrderedFile.m in Sources */,
				64FAA4A0138C411F009465BC /* File.m in Sources */,
				64FAA4A1138C411F009465BC /* TimestampEntity.m in Sources */,
				64FAA4A2138C411F009465BC /* FileTableController.m in Sources */,
				64FAA4A3138C411F009465BC /* SetlistTableController.m in Sources */,
				64FAA4A4138C411F009465BC /* BlockTableController.m in Sources */,
				64FAA4A5138C411F009465BC /* PDFPagingViewController.m in Sources */,
				64FAA4A6138C411F009465BC /* PagingScrollViewController.m in Sources */,
				64FAA4A7138C411F009465BC /* PDFScrollView.m in Sources */,
				64FAA4A8138C411F009465BC /* TiledPDFView.m in Sources */,
				64FAA4A9138C411F009465BC /* StageViewController.m in Sources */,
				64FAA52A138C41B4009465BC /* AsyncSocket.m in Sources */,
				64FAA52B138C41B4009465BC /* DDData.m in Sources */,
				64FAA52C138C41B4009465BC /* DDNumber.m in Sources */,
				64FAA52D138C41B4009465BC /* DDRange.m in Sources */,
				64FAA52E138C41B4009465BC /* HTTPAuthenticationRequest.m in Sources */,
				64FAA52F138C41B4009465BC /* HTTPConnection.m in Sources */,
				64FAA530138C41B4009465BC /* HTTPResponse.m in Sources */,
				64FAA531138C41B4009465BC /* HTTPServer.m in Sources */,
				64FAA532138C41B4009465BC /* MyHTTPConnection.m in Sources */,
				64FAA533138C41B4009465BC /* NSObject+SBJSON.m in Sources */,
				64FAA534138C41B4009465BC /* NSString+SBJSON.m in Sources */,
				64FAA535138C41B4009465BC /* SBJSON.m in Sources */,
				64FAA536138C41B4009465BC /* SBJsonBase.m in Sources */,
				64FAA537138C41B4009465BC /* SBJsonParser.m in Sources */,
				64FAA538138C41B4009465BC /* SBJsonWriter.m in Sources */,
				64FAA539138C41B4009465BC /* UIQueryScrollView.m in Sources */,
				64FAA53A138C41B4009465BC /* UIQuerySearchBar.m in Sources */,
				64FAA53B138C41B4009465BC /* UIQuerySegmentedControl.m in Sources */,
				64FAA53C138C41B4009465BC /* UIQueryTabBar.m in Sources */,
				64FAA53D138C41B4009465BC /* UIQueryTableView.m in Sources */,
				64FAA53E138C41B4009465BC /* UIQueryTableViewCell.m in Sources */,
				64FAA53F138C41B4009465BC /* UIQueryWebView.m in Sources */,
				64FAA540138C41B4009465BC /* Recordable.m in Sources */,
				64FAA541138C41B4009465BC /* UIChildren.m in Sources */,
				64FAA542138C41B5009465BC /* UIConsoleLog.m in Sources */,
				64FAA543138C41B5009465BC /* UIDescendants.m in Sources */,
				64FAA544138C41B5009465BC /* UIExpectation.m in Sources */,
				64FAA545138C41B5009465BC /* UIFilter.m in Sources */,
				64FAA546138C41B5009465BC /* UIMatcher.m in Sources */,
				64FAA547138C41B5009465BC /* UIParents.m in Sources */,
				64FAA548138C41B5009465BC /* UIQuery.m in Sources */,
				64FAA549138C41B5009465BC /* UIQueryAll.m in Sources */,
				64FAA54A138C41B5009465BC /* UIQueryExpectation.m in Sources */,
				64FAA54B138C41B5009465BC /* UIRedoer.m in Sources */,
				64FAA54C138C41B5009465BC /* UISwizzle.m in Sources */,
				64FAA54D138C41B5009465BC /* UITraversal.m in Sources */,
				64FAA54E138C41B5009465BC /* ViewFilterSwizzler.m in Sources */,
				64FAA550138C41B5009465BC /* UISpec.m in Sources */,
				64FAA553138C41B5009465BC /* CallCache.m in Sources */,
				64FAA554138C41B5009465BC /* NSNumberCreator.m in Sources */,
				64FAA555138C41B5009465BC /* ReturnCacher.m in Sources */,
				64FAA556138C41B5009465BC /* UIBug.m in Sources */,
				64FAA557138C41B5009465BC /* UIConsole.m in Sources */,
				64FAA558138C41B5009465BC /* UIInspector.m in Sources */,
				64FAA559138C41B5009465BC /* UIProxy.m in Sources */,
				64FAA55A138C41B5009465BC /* WaitUntilIdle.m in Sources */,
				64FAA576138C41C2009465BC /* AccessibilityCheckCommand.m in Sources */,
				64FAA577138C41C2009465BC /* AppCommand.m in Sources */,
				64FAA578138C41C2009465BC /* DumpCommand.m in Sources */,
				64FAA579138C41C2009465BC /* FrankCommandRoute.m in Sources */,
				64FAA57A138C41C2009465BC /* FrankServer.m in Sources */,
				64FAA57B138C41C2009465BC /* InspectCommand.m in Sources */,
				64FAA57C138C41C2009465BC /* MapOperationCommand.m in Sources */,
				64FAA57D138C41C2009465BC /* Operation.m in Sources */,
				64FAA57E138C41C2009465BC /* OrientationCommand.m in Sources */,
				64FAA57F138C41C2009465BC /* RequestRouter.m in Sources */,
				64FAA580138C41C2009465BC /* RoutingHTTPConnection.m in Sources */,
				64FAA581138C41C2009465BC /* StaticResourcesRoute.m in Sources */,
				64FAA582138C41C2009465BC /* UISpecCommandReceiver.m in Sources */,
			);
			runOnlyForDeploymentPostprocessing = 0;
		};
/* End PBXSourcesBuildPhase section */

/* Begin PBXTargetDependency section */
		64E47BC6137B1F7600AC5C93 /* PBXTargetDependency */ = {
			isa = PBXTargetDependency;
			target = 64D94DF21379B2CB00300349 /* myMusicStand */;
			targetProxy = 64E47BC5137B1F7600AC5C93 /* PBXContainerItemProxy */;
		};
/* End PBXTargetDependency section */

/* Begin PBXVariantGroup section */
		64D94E021379B2CB00300349 /* InfoPlist.strings */ = {
			isa = PBXVariantGroup;
			children = (
				64D94E031379B2CB00300349 /* en */,
			);
			name = InfoPlist.strings;
			sourceTree = "<group>";
		};
		64D94E0B1379B2CC00300349 /* MainWindow.xib */ = {
			isa = PBXVariantGroup;
			children = (
				64D94E0C1379B2CC00300349 /* en */,
			);
			name = MainWindow.xib;
			sourceTree = "<group>";
		};
		64D94E201379B2CC00300349 /* InfoPlist.strings */ = {
			isa = PBXVariantGroup;
			children = (
				64D94E211379B2CC00300349 /* en */,
			);
			name = InfoPlist.strings;
			sourceTree = "<group>";
		};
/* End PBXVariantGroup section */

/* Begin XCBuildConfiguration section */
		64D94E281379B2CC00300349 /* Debug */ = {
			isa = XCBuildConfiguration;
			buildSettings = {
				ARCHS = "$(ARCHS_UNIVERSAL_IPHONE_OS)";
				"CODE_SIGN_IDENTITY[sdk=iphoneos*]" = "iPhone Developer";
				GCC_C_LANGUAGE_STANDARD = gnu99;
				GCC_OPTIMIZATION_LEVEL = 0;
				GCC_PREPROCESSOR_DEFINITIONS = DEBUG;
				GCC_SYMBOLS_PRIVATE_EXTERN = NO;
				GCC_VERSION = com.apple.compilers.llvmgcc42;
				GCC_WARN_ABOUT_RETURN_TYPE = YES;
				GCC_WARN_UNUSED_VARIABLE = YES;
				IPHONEOS_DEPLOYMENT_TARGET = 4.3;
				SDKROOT = iphoneos;
				TARGETED_DEVICE_FAMILY = 2;
			};
			name = Debug;
		};
		64D94E291379B2CC00300349 /* Release */ = {
			isa = XCBuildConfiguration;
			buildSettings = {
				ARCHS = "$(ARCHS_UNIVERSAL_IPHONE_OS)";
				"CODE_SIGN_IDENTITY[sdk=iphoneos*]" = "iPhone Developer";
				GCC_C_LANGUAGE_STANDARD = gnu99;
				GCC_VERSION = com.apple.compilers.llvmgcc42;
				GCC_WARN_ABOUT_RETURN_TYPE = YES;
				GCC_WARN_UNUSED_VARIABLE = YES;
				IPHONEOS_DEPLOYMENT_TARGET = 4.3;
				OTHER_CFLAGS = "-DNS_BLOCK_ASSERTIONS=1";
				SDKROOT = iphoneos;
				TARGETED_DEVICE_FAMILY = 2;
			};
			name = Release;
		};
		64D94E2B1379B2CC00300349 /* Debug */ = {
			isa = XCBuildConfiguration;
			buildSettings = {
				ALWAYS_SEARCH_USER_PATHS = NO;
				COPY_PHASE_STRIP = NO;
				GCC_DYNAMIC_NO_PIC = NO;
				GCC_PRECOMPILE_PREFIX_HEADER = YES;
				GCC_PREFIX_HEADER = "myMusicStand/myMusicStand-Prefix.pch";
				INFOPLIST_FILE = "myMusicStand/myMusicStand-Info.plist";
				PRODUCT_NAME = "$(TARGET_NAME)";
				WRAPPER_EXTENSION = app;
			};
			name = Debug;
		};
		64D94E2C1379B2CC00300349 /* Release */ = {
			isa = XCBuildConfiguration;
			buildSettings = {
				ALWAYS_SEARCH_USER_PATHS = NO;
				COPY_PHASE_STRIP = YES;
				GCC_PRECOMPILE_PREFIX_HEADER = YES;
				GCC_PREFIX_HEADER = "myMusicStand/myMusicStand-Prefix.pch";
				INFOPLIST_FILE = "myMusicStand/myMusicStand-Info.plist";
				PRODUCT_NAME = "$(TARGET_NAME)";
				VALIDATE_PRODUCT = YES;
				WRAPPER_EXTENSION = app;
			};
			name = Release;
		};
		64D94E2E1379B2CC00300349 /* Debug */ = {
			isa = XCBuildConfiguration;
			buildSettings = {
				ALWAYS_SEARCH_USER_PATHS = NO;
				ARCHS = "$(ARCHS_STANDARD_32_BIT)";
				BUNDLE_LOADER = "$(BUILT_PRODUCTS_DIR)/myMusicStand.app/myMusicStand";
				FRAMEWORK_SEARCH_PATHS = (
					"$(SDKROOT)/Developer/Library/Frameworks",
					"$(DEVELOPER_LIBRARY_DIR)/Frameworks",
					"\"$(LOCAL_LIBRARY_DIR)/OCHamcrest-1.5\"",
				);
				GCC_PRECOMPILE_PREFIX_HEADER = YES;
				GCC_PREFIX_HEADER = "myMusicStandTests/myMusicStandTests-Prefix.pch";
				HEADER_SEARCH_PATHS = "$(PROJECT_DIR)/Libraries/Headers";
				INFOPLIST_FILE = "myMusicStandTests/myMusicStandTests-Info.plist";
				LIBRARY_SEARCH_PATHS = (
					"$(inherited)",
					"\"$(PROJECT_DIR)/Libraries\"",
					"\"$(LOCAL_LIBRARY_DIR)/OCHamcrest-1.5/OCHamcrestIOS.framework/Versions/A\"",
				);
				OTHER_LDFLAGS = (
					"-framework",
					SenTestingKit,
					"-ObjC",
					"-force_load",
					"$(PROJECT_DIR)/Libraries/libOCMock.a",
				);
				PRODUCT_NAME = "$(TARGET_NAME)";
				TEST_HOST = "$(BUNDLE_LOADER)";
				WRAPPER_EXTENSION = octest;
			};
			name = Debug;
		};
		64D94E2F1379B2CC00300349 /* Release */ = {
			isa = XCBuildConfiguration;
			buildSettings = {
				ALWAYS_SEARCH_USER_PATHS = NO;
				ARCHS = "$(ARCHS_STANDARD_32_BIT)";
				BUNDLE_LOADER = "$(BUILT_PRODUCTS_DIR)/myMusicStand.app/myMusicStand";
				FRAMEWORK_SEARCH_PATHS = (
					"$(SDKROOT)/Developer/Library/Frameworks",
					"$(DEVELOPER_LIBRARY_DIR)/Frameworks",
					"\"$(LOCAL_LIBRARY_DIR)/OCHamcrest-1.5\"",
				);
				GCC_PRECOMPILE_PREFIX_HEADER = YES;
				GCC_PREFIX_HEADER = "myMusicStandTests/myMusicStandTests-Prefix.pch";
				HEADER_SEARCH_PATHS = "$(PROJECT_DIR)/Libraries/Headers";
				INFOPLIST_FILE = "myMusicStandTests/myMusicStandTests-Info.plist";
				LIBRARY_SEARCH_PATHS = (
					"$(inherited)",
					"\"$(PROJECT_DIR)/Libraries\"",
					"\"$(LOCAL_LIBRARY_DIR)/OCHamcrest-1.5/OCHamcrestIOS.framework/Versions/A\"",
				);
				OTHER_LDFLAGS = (
					"-framework",
					SenTestingKit,
					"-ObjC",
					"-force_load",
					"$(PROJECT_DIR)/Libraries/libOCMock.a",
				);
				PRODUCT_NAME = "$(TARGET_NAME)";
				TEST_HOST = "$(BUNDLE_LOADER)";
				WRAPPER_EXTENSION = octest;
			};
			name = Release;
		};
		64FAA4B8138C411F009465BC /* Debug */ = {
			isa = XCBuildConfiguration;
			buildSettings = {
				ALWAYS_SEARCH_USER_PATHS = NO;
				COPY_PHASE_STRIP = NO;
				GCC_DYNAMIC_NO_PIC = NO;
				GCC_PRECOMPILE_PREFIX_HEADER = YES;
				GCC_PREFIX_HEADER = "myMusicStand/myMusicStand-Prefix.pch";
				INFOPLIST_FILE = "myMusicStand/myMusicStand-Info.plist";
				OTHER_CFLAGS = "-DFRANK";
				OTHER_LDFLAGS = "-ObjC";
				PRODUCT_NAME = "myMusicStand copy";
				WRAPPER_EXTENSION = app;
			};
			name = Debug;
		};
		64FAA4B9138C411F009465BC /* Release */ = {
			isa = XCBuildConfiguration;
			buildSettings = {
				ALWAYS_SEARCH_USER_PATHS = NO;
				COPY_PHASE_STRIP = YES;
				GCC_PRECOMPILE_PREFIX_HEADER = YES;
				GCC_PREFIX_HEADER = "myMusicStand/myMusicStand-Prefix.pch";
				INFOPLIST_FILE = "myMusicStand/myMusicStand-Info.plist";
				OTHER_CFLAGS = "-DFRANK";
				OTHER_LDFLAGS = "-ObjC";
				PRODUCT_NAME = "myMusicStand copy";
				VALIDATE_PRODUCT = YES;
				WRAPPER_EXTENSION = app;
			};
			name = Release;
		};
/* End XCBuildConfiguration section */

/* Begin XCConfigurationList section */
		64D94DED1379B2CB00300349 /* Build configuration list for PBXProject "myMusicStand" */ = {
			isa = XCConfigurationList;
			buildConfigurations = (
				64D94E281379B2CC00300349 /* Debug */,
				64D94E291379B2CC00300349 /* Release */,
			);
			defaultConfigurationIsVisible = 0;
			defaultConfigurationName = Release;
		};
		64D94E2A1379B2CC00300349 /* Build configuration list for PBXNativeTarget "myMusicStand" */ = {
			isa = XCConfigurationList;
			buildConfigurations = (
				64D94E2B1379B2CC00300349 /* Debug */,
				64D94E2C1379B2CC00300349 /* Release */,
			);
			defaultConfigurationIsVisible = 0;
			defaultConfigurationName = Release;
		};
		64D94E2D1379B2CC00300349 /* Build configuration list for PBXNativeTarget "myMusicStandTests" */ = {
			isa = XCConfigurationList;
			buildConfigurations = (
				64D94E2E1379B2CC00300349 /* Debug */,
				64D94E2F1379B2CC00300349 /* Release */,
			);
			defaultConfigurationIsVisible = 0;
			defaultConfigurationName = Release;
		};
		64FAA4B7138C411F009465BC /* Build configuration list for PBXNativeTarget "myMusicStand-Frankified" */ = {
			isa = XCConfigurationList;
			buildConfigurations = (
				64FAA4B8138C411F009465BC /* Debug */,
				64FAA4B9138C411F009465BC /* Release */,
			);
			defaultConfigurationIsVisible = 0;
			defaultConfigurationName = Release;
		};
/* End XCConfigurationList section */

/* Begin XCVersionGroup section */
		64D94E0E1379B2CC00300349 /* myMusicStand.xcdatamodeld */ = {
			isa = XCVersionGroup;
			children = (
				64D94E0F1379B2CC00300349 /* myMusicStand.xcdatamodel */,
			);
			currentVersion = 64D94E0F1379B2CC00300349 /* myMusicStand.xcdatamodel */;
			path = myMusicStand.xcdatamodeld;
			sourceTree = "<group>";
			versionGroupType = wrapper.xcdatamodel;
		};
/* End XCVersionGroup section */
	};
	rootObject = 64D94DEA1379B2CB00300349 /* Project object */;
}
