// !$*UTF8*$!
{
	archiveVersion = 1;
	classes = {
	};
	objectVersion = 46;
	objects = {

/* Begin PBXBuildFile section */
		64D94DF81379B2CB00300349 /* UIKit.framework in Frameworks */ = {isa = PBXBuildFile; fileRef = 64D94DF71379B2CB00300349 /* UIKit.framework */; };
		64D94DFA1379B2CB00300349 /* Foundation.framework in Frameworks */ = {isa = PBXBuildFile; fileRef = 64D94DF91379B2CB00300349 /* Foundation.framework */; };
		64D94DFC1379B2CB00300349 /* CoreGraphics.framework in Frameworks */ = {isa = PBXBuildFile; fileRef = 64D94DFB1379B2CB00300349 /* CoreGraphics.framework */; };
		64D94DFE1379B2CB00300349 /* CoreData.framework in Frameworks */ = {isa = PBXBuildFile; fileRef = 64D94DFD1379B2CB00300349 /* CoreData.framework */; };
		64D94E041379B2CB00300349 /* InfoPlist.strings in Resources */ = {isa = PBXBuildFile; fileRef = 64D94E021379B2CB00300349 /* InfoPlist.strings */; };
		64D94E071379B2CB00300349 /* main.m in Sources */ = {isa = PBXBuildFile; fileRef = 64D94E061379B2CB00300349 /* main.m */; };
		64D94E0A1379B2CB00300349 /* myMusicStandAppDelegate.m in Sources */ = {isa = PBXBuildFile; fileRef = 64D94E091379B2CB00300349 /* myMusicStandAppDelegate.m */; };
		64D94E0D1379B2CC00300349 /* MainWindow.xib in Resources */ = {isa = PBXBuildFile; fileRef = 64D94E0B1379B2CC00300349 /* MainWindow.xib */; };
		64D94E101379B2CC00300349 /* myMusicStand.xcdatamodeld in Sources */ = {isa = PBXBuildFile; fileRef = 64D94E0E1379B2CC00300349 /* myMusicStand.xcdatamodeld */; };
		64D94E171379B2CC00300349 /* UIKit.framework in Frameworks */ = {isa = PBXBuildFile; fileRef = 64D94DF71379B2CB00300349 /* UIKit.framework */; };
		64D94E181379B2CC00300349 /* Foundation.framework in Frameworks */ = {isa = PBXBuildFile; fileRef = 64D94DF91379B2CB00300349 /* Foundation.framework */; };
		64D94E191379B2CC00300349 /* CoreGraphics.framework in Frameworks */ = {isa = PBXBuildFile; fileRef = 64D94DFB1379B2CB00300349 /* CoreGraphics.framework */; };
		64D94E1A1379B2CC00300349 /* CoreData.framework in Frameworks */ = {isa = PBXBuildFile; fileRef = 64D94DFD1379B2CB00300349 /* CoreData.framework */; };
		64D94E221379B2CC00300349 /* InfoPlist.strings in Resources */ = {isa = PBXBuildFile; fileRef = 64D94E201379B2CC00300349 /* InfoPlist.strings */; };
		64D94E251379B2CC00300349 /* myMusicStandTests.h in Resources */ = {isa = PBXBuildFile; fileRef = 64D94E241379B2CC00300349 /* myMusicStandTests.h */; };
		64D94E271379B2CC00300349 /* myMusicStandTests.m in Sources */ = {isa = PBXBuildFile; fileRef = 64D94E261379B2CC00300349 /* myMusicStandTests.m */; };
		64D94E371379B2F500300349 /* Cocoa.framework in Frameworks */ = {isa = PBXBuildFile; fileRef = 64D94E361379B2F500300349 /* Cocoa.framework */; };
		64D94E411379B2F500300349 /* InfoPlist.strings in Resources */ = {isa = PBXBuildFile; fileRef = 64D94E3F1379B2F500300349 /* InfoPlist.strings */; };
		64D94E561379B35D00300349 /* FileHelpers.m in Sources */ = {isa = PBXBuildFile; fileRef = 64D94E551379B35D00300349 /* FileHelpers.m */; };
		64D94E581379B35D00300349 /* FileHelpers.m in Sources */ = {isa = PBXBuildFile; fileRef = 64D94E551379B35D00300349 /* FileHelpers.m */; };
		64D94E5B1379B39300300349 /* FileHelperTests.m in Sources */ = {isa = PBXBuildFile; fileRef = 64D94E5A1379B39300300349 /* FileHelperTests.m */; };
		64D94E5E1379B42000300349 /* CoreDataTest.m in Sources */ = {isa = PBXBuildFile; fileRef = 64D94E5D1379B42000300349 /* CoreDataTest.m */; };
		64D94E601379B44800300349 /* CoreData.framework in Frameworks */ = {isa = PBXBuildFile; fileRef = 64D94E5F1379B44800300349 /* CoreData.framework */; };
		64D94E631379B57900300349 /* FileTests.m in Sources */ = {isa = PBXBuildFile; fileRef = 64D94E621379B57800300349 /* FileTests.m */; };
		64D94E6E1379B62400300349 /* OrderedFileTests.m in Sources */ = {isa = PBXBuildFile; fileRef = 64D94E6D1379B62400300349 /* OrderedFileTests.m */; };
		64D94E751379B65500300349 /* SetlistTests.m in Sources */ = {isa = PBXBuildFile; fileRef = 64D94E741379B65500300349 /* SetlistTests.m */; };
		64D94E7A1379B6EC00300349 /* myMusicStand.xcdatamodel in Sources */ = {isa = PBXBuildFile; fileRef = 64D94E0F1379B2CC00300349 /* myMusicStand.xcdatamodel */; };
		64D94E7B1379B7A500300349 /* SetlistTests.m in Sources */ = {isa = PBXBuildFile; fileRef = 64D94E741379B65500300349 /* SetlistTests.m */; };
		64D94E801379BC3A00300349 /* Setlist.m in Sources */ = {isa = PBXBuildFile; fileRef = 64D94E7F1379BC3A00300349 /* Setlist.m */; };
		64D94E811379BC3A00300349 /* Setlist.m in Sources */ = {isa = PBXBuildFile; fileRef = 64D94E7F1379BC3A00300349 /* Setlist.m */; };
		64D94E841379BDCB00300349 /* OrderedFile.m in Sources */ = {isa = PBXBuildFile; fileRef = 64D94E831379BDCB00300349 /* OrderedFile.m */; };
		64D94E851379BDCB00300349 /* OrderedFile.m in Sources */ = {isa = PBXBuildFile; fileRef = 64D94E831379BDCB00300349 /* OrderedFile.m */; };
		64D94E881379BE1100300349 /* File.m in Sources */ = {isa = PBXBuildFile; fileRef = 64D94E871379BE1100300349 /* File.m */; };
		64D94E891379BE1100300349 /* File.m in Sources */ = {isa = PBXBuildFile; fileRef = 64D94E871379BE1100300349 /* File.m */; };
		64D94E8C1379BEFB00300349 /* TimestampEntity.m in Sources */ = {isa = PBXBuildFile; fileRef = 64D94E8B1379BEFB00300349 /* TimestampEntity.m */; };
		64D94E8D1379BEFB00300349 /* TimestampEntity.m in Sources */ = {isa = PBXBuildFile; fileRef = 64D94E8B1379BEFB00300349 /* TimestampEntity.m */; };
/* End PBXBuildFile section */

/* Begin PBXContainerItemProxy section */
		64D94E1B1379B2CC00300349 /* PBXContainerItemProxy */ = {
			isa = PBXContainerItemProxy;
			containerPortal = 64D94DEA1379B2CB00300349 /* Project object */;
			proxyType = 1;
			remoteGlobalIDString = 64D94DF21379B2CB00300349;
			remoteInfo = myMusicStand;
		};
/* End PBXContainerItemProxy section */

/* Begin PBXFileReference section */
		64D94DF31379B2CB00300349 /* myMusicStand.app */ = {isa = PBXFileReference; explicitFileType = wrapper.application; includeInIndex = 0; path = myMusicStand.app; sourceTree = BUILT_PRODUCTS_DIR; };
		64D94DF71379B2CB00300349 /* UIKit.framework */ = {isa = PBXFileReference; lastKnownFileType = wrapper.framework; name = UIKit.framework; path = System/Library/Frameworks/UIKit.framework; sourceTree = SDKROOT; };
		64D94DF91379B2CB00300349 /* Foundation.framework */ = {isa = PBXFileReference; lastKnownFileType = wrapper.framework; name = Foundation.framework; path = System/Library/Frameworks/Foundation.framework; sourceTree = SDKROOT; };
		64D94DFB1379B2CB00300349 /* CoreGraphics.framework */ = {isa = PBXFileReference; lastKnownFileType = wrapper.framework; name = CoreGraphics.framework; path = System/Library/Frameworks/CoreGraphics.framework; sourceTree = SDKROOT; };
		64D94DFD1379B2CB00300349 /* CoreData.framework */ = {isa = PBXFileReference; lastKnownFileType = wrapper.framework; name = CoreData.framework; path = System/Library/Frameworks/CoreData.framework; sourceTree = SDKROOT; };
		64D94E011379B2CB00300349 /* myMusicStand-Info.plist */ = {isa = PBXFileReference; lastKnownFileType = text.plist.xml; path = "myMusicStand-Info.plist"; sourceTree = "<group>"; };
		64D94E031379B2CB00300349 /* en */ = {isa = PBXFileReference; lastKnownFileType = text.plist.strings; name = en; path = en.lproj/InfoPlist.strings; sourceTree = "<group>"; };
		64D94E051379B2CB00300349 /* myMusicStand-Prefix.pch */ = {isa = PBXFileReference; lastKnownFileType = sourcecode.c.h; path = "myMusicStand-Prefix.pch"; sourceTree = "<group>"; };
		64D94E061379B2CB00300349 /* main.m */ = {isa = PBXFileReference; lastKnownFileType = sourcecode.c.objc; path = main.m; sourceTree = "<group>"; };
		64D94E081379B2CB00300349 /* myMusicStandAppDelegate.h */ = {isa = PBXFileReference; lastKnownFileType = sourcecode.c.h; path = myMusicStandAppDelegate.h; sourceTree = "<group>"; };
		64D94E091379B2CB00300349 /* myMusicStandAppDelegate.m */ = {isa = PBXFileReference; lastKnownFileType = sourcecode.c.objc; path = myMusicStandAppDelegate.m; sourceTree = "<group>"; };
		64D94E0C1379B2CC00300349 /* en */ = {isa = PBXFileReference; lastKnownFileType = file.xib; name = en; path = en.lproj/MainWindow.xib; sourceTree = "<group>"; };
		64D94E0F1379B2CC00300349 /* myMusicStand.xcdatamodel */ = {isa = PBXFileReference; lastKnownFileType = wrapper.xcdatamodel; path = myMusicStand.xcdatamodel; sourceTree = "<group>"; };
		64D94E161379B2CC00300349 /* myMusicStandTests.octest */ = {isa = PBXFileReference; explicitFileType = wrapper.cfbundle; includeInIndex = 0; path = myMusicStandTests.octest; sourceTree = BUILT_PRODUCTS_DIR; };
		64D94E1F1379B2CC00300349 /* myMusicStandTests-Info.plist */ = {isa = PBXFileReference; lastKnownFileType = text.plist.xml; path = "myMusicStandTests-Info.plist"; sourceTree = "<group>"; };
		64D94E211379B2CC00300349 /* en */ = {isa = PBXFileReference; lastKnownFileType = text.plist.strings; name = en; path = en.lproj/InfoPlist.strings; sourceTree = "<group>"; };
		64D94E231379B2CC00300349 /* myMusicStandTests-Prefix.pch */ = {isa = PBXFileReference; lastKnownFileType = sourcecode.c.h; path = "myMusicStandTests-Prefix.pch"; sourceTree = "<group>"; };
		64D94E241379B2CC00300349 /* myMusicStandTests.h */ = {isa = PBXFileReference; lastKnownFileType = sourcecode.c.h; path = myMusicStandTests.h; sourceTree = "<group>"; };
		64D94E261379B2CC00300349 /* myMusicStandTests.m */ = {isa = PBXFileReference; lastKnownFileType = sourcecode.c.objc; path = myMusicStandTests.m; sourceTree = "<group>"; };
		64D94E351379B2F500300349 /* myMusicStandLogicTests.octest */ = {isa = PBXFileReference; explicitFileType = wrapper.cfbundle; includeInIndex = 0; path = myMusicStandLogicTests.octest; sourceTree = BUILT_PRODUCTS_DIR; };
		64D94E361379B2F500300349 /* Cocoa.framework */ = {isa = PBXFileReference; lastKnownFileType = wrapper.framework; name = Cocoa.framework; path = System/Library/Frameworks/Cocoa.framework; sourceTree = SDKROOT; };
		64D94E391379B2F500300349 /* AppKit.framework */ = {isa = PBXFileReference; lastKnownFileType = wrapper.framework; name = AppKit.framework; path = System/Library/Frameworks/AppKit.framework; sourceTree = SDKROOT; };
		64D94E3A1379B2F500300349 /* CoreData.framework */ = {isa = PBXFileReference; lastKnownFileType = wrapper.framework; name = CoreData.framework; path = System/Library/Frameworks/CoreData.framework; sourceTree = SDKROOT; };
		64D94E3B1379B2F500300349 /* Foundation.framework */ = {isa = PBXFileReference; lastKnownFileType = wrapper.framework; name = Foundation.framework; path = System/Library/Frameworks/Foundation.framework; sourceTree = SDKROOT; };
		64D94E3E1379B2F500300349 /* myMusicStandLogicTests-Info.plist */ = {isa = PBXFileReference; lastKnownFileType = text.plist.xml; path = "myMusicStandLogicTests-Info.plist"; sourceTree = "<group>"; };
		64D94E401379B2F500300349 /* en */ = {isa = PBXFileReference; lastKnownFileType = text.plist.strings; name = en; path = en.lproj/InfoPlist.strings; sourceTree = "<group>"; };
		64D94E421379B2F500300349 /* myMusicStandLogicTests-Prefix.pch */ = {isa = PBXFileReference; lastKnownFileType = sourcecode.c.h; path = "myMusicStandLogicTests-Prefix.pch"; sourceTree = "<group>"; };
		64D94E541379B35D00300349 /* FileHelpers.h */ = {isa = PBXFileReference; fileEncoding = 4; lastKnownFileType = sourcecode.c.h; path = FileHelpers.h; sourceTree = "<group>"; };
		64D94E551379B35D00300349 /* FileHelpers.m */ = {isa = PBXFileReference; fileEncoding = 4; lastKnownFileType = sourcecode.c.objc; path = FileHelpers.m; sourceTree = "<group>"; };
		64D94E591379B39300300349 /* FileHelperTests.h */ = {isa = PBXFileReference; fileEncoding = 4; lastKnownFileType = sourcecode.c.h; path = FileHelperTests.h; sourceTree = "<group>"; };
		64D94E5A1379B39300300349 /* FileHelperTests.m */ = {isa = PBXFileReference; fileEncoding = 4; lastKnownFileType = sourcecode.c.objc; path = FileHelperTests.m; sourceTree = "<group>"; };
		64D94E5C1379B42000300349 /* CoreDataTest.h */ = {isa = PBXFileReference; fileEncoding = 4; lastKnownFileType = sourcecode.c.h; path = CoreDataTest.h; sourceTree = "<group>"; };
		64D94E5D1379B42000300349 /* CoreDataTest.m */ = {isa = PBXFileReference; fileEncoding = 4; lastKnownFileType = sourcecode.c.objc; path = CoreDataTest.m; sourceTree = "<group>"; };
		64D94E5F1379B44800300349 /* CoreData.framework */ = {isa = PBXFileReference; lastKnownFileType = wrapper.framework; name = CoreData.framework; path = SDKs/MacOSX10.6.sdk/System/Library/Frameworks/CoreData.framework; sourceTree = DEVELOPER_DIR; };
		64D94E611379B57800300349 /* FileTests.h */ = {isa = PBXFileReference; fileEncoding = 4; lastKnownFileType = sourcecode.c.h; path = FileTests.h; sourceTree = "<group>"; };
		64D94E621379B57800300349 /* FileTests.m */ = {isa = PBXFileReference; fileEncoding = 4; lastKnownFileType = sourcecode.c.objc; path = FileTests.m; sourceTree = "<group>"; };
		64D94E6C1379B62400300349 /* OrderedFileTests.h */ = {isa = PBXFileReference; fileEncoding = 4; lastKnownFileType = sourcecode.c.h; path = OrderedFileTests.h; sourceTree = "<group>"; };
		64D94E6D1379B62400300349 /* OrderedFileTests.m */ = {isa = PBXFileReference; fileEncoding = 4; lastKnownFileType = sourcecode.c.objc; path = OrderedFileTests.m; sourceTree = "<group>"; };
		64D94E731379B65500300349 /* SetlistTests.h */ = {isa = PBXFileReference; fileEncoding = 4; lastKnownFileType = sourcecode.c.h; path = SetlistTests.h; sourceTree = "<group>"; };
		64D94E741379B65500300349 /* SetlistTests.m */ = {isa = PBXFileReference; fileEncoding = 4; lastKnownFileType = sourcecode.c.objc; path = SetlistTests.m; sourceTree = "<group>"; };
		64D94E7E1379BC3A00300349 /* Setlist.h */ = {isa = PBXFileReference; fileEncoding = 4; lastKnownFileType = sourcecode.c.h; path = Setlist.h; sourceTree = "<group>"; };
		64D94E7F1379BC3A00300349 /* Setlist.m */ = {isa = PBXFileReference; fileEncoding = 4; lastKnownFileType = sourcecode.c.objc; path = Setlist.m; sourceTree = "<group>"; };
		64D94E821379BDCB00300349 /* OrderedFile.h */ = {isa = PBXFileReference; fileEncoding = 4; lastKnownFileType = sourcecode.c.h; path = OrderedFile.h; sourceTree = "<group>"; };
		64D94E831379BDCB00300349 /* OrderedFile.m */ = {isa = PBXFileReference; fileEncoding = 4; lastKnownFileType = sourcecode.c.objc; path = OrderedFile.m; sourceTree = "<group>"; };
		64D94E861379BE1100300349 /* File.h */ = {isa = PBXFileReference; fileEncoding = 4; lastKnownFileType = sourcecode.c.h; path = File.h; sourceTree = "<group>"; };
		64D94E871379BE1100300349 /* File.m */ = {isa = PBXFileReference; fileEncoding = 4; lastKnownFileType = sourcecode.c.objc; path = File.m; sourceTree = "<group>"; };
		64D94E8A1379BEFB00300349 /* TimestampEntity.h */ = {isa = PBXFileReference; fileEncoding = 4; lastKnownFileType = sourcecode.c.h; path = TimestampEntity.h; sourceTree = "<group>"; };
		64D94E8B1379BEFB00300349 /* TimestampEntity.m */ = {isa = PBXFileReference; fileEncoding = 4; lastKnownFileType = sourcecode.c.objc; path = TimestampEntity.m; sourceTree = "<group>"; };
/* End PBXFileReference section */

/* Begin PBXFrameworksBuildPhase section */
		64D94DF01379B2CB00300349 /* Frameworks */ = {
			isa = PBXFrameworksBuildPhase;
			buildActionMask = 2147483647;
			files = (
				64D94DF81379B2CB00300349 /* UIKit.framework in Frameworks */,
				64D94DFA1379B2CB00300349 /* Foundation.framework in Frameworks */,
				64D94DFC1379B2CB00300349 /* CoreGraphics.framework in Frameworks */,
				64D94DFE1379B2CB00300349 /* CoreData.framework in Frameworks */,
			);
			runOnlyForDeploymentPostprocessing = 0;
		};
		64D94E121379B2CC00300349 /* Frameworks */ = {
			isa = PBXFrameworksBuildPhase;
			buildActionMask = 2147483647;
			files = (
				64D94E171379B2CC00300349 /* UIKit.framework in Frameworks */,
				64D94E181379B2CC00300349 /* Foundation.framework in Frameworks */,
				64D94E191379B2CC00300349 /* CoreGraphics.framework in Frameworks */,
				64D94E1A1379B2CC00300349 /* CoreData.framework in Frameworks */,
			);
			runOnlyForDeploymentPostprocessing = 0;
		};
		64D94E311379B2F500300349 /* Frameworks */ = {
			isa = PBXFrameworksBuildPhase;
			buildActionMask = 2147483647;
			files = (
				64D94E601379B44800300349 /* CoreData.framework in Frameworks */,
				64D94E371379B2F500300349 /* Cocoa.framework in Frameworks */,
			);
			runOnlyForDeploymentPostprocessing = 0;
		};
/* End PBXFrameworksBuildPhase section */

/* Begin PBXGroup section */
		64D94DE81379B2CB00300349 = {
			isa = PBXGroup;
			children = (
				64D94E5F1379B44800300349 /* CoreData.framework */,
				64D94DFF1379B2CB00300349 /* myMusicStand */,
				64D94E1D1379B2CC00300349 /* myMusicStandTests */,
				64D94E3C1379B2F500300349 /* myMusicStandLogicTests */,
				64D94DF61379B2CB00300349 /* Frameworks */,
				64D94DF41379B2CB00300349 /* Products */,
			);
			sourceTree = "<group>";
		};
		64D94DF41379B2CB00300349 /* Products */ = {
			isa = PBXGroup;
			children = (
				64D94DF31379B2CB00300349 /* myMusicStand.app */,
				64D94E161379B2CC00300349 /* myMusicStandTests.octest */,
				64D94E351379B2F500300349 /* myMusicStandLogicTests.octest */,
			);
			name = Products;
			sourceTree = "<group>";
		};
		64D94DF61379B2CB00300349 /* Frameworks */ = {
			isa = PBXGroup;
			children = (
				64D94DF71379B2CB00300349 /* UIKit.framework */,
				64D94DF91379B2CB00300349 /* Foundation.framework */,
				64D94DFB1379B2CB00300349 /* CoreGraphics.framework */,
				64D94DFD1379B2CB00300349 /* CoreData.framework */,
				64D94E361379B2F500300349 /* Cocoa.framework */,
				64D94E381379B2F500300349 /* Other Frameworks */,
			);
			name = Frameworks;
			sourceTree = "<group>";
		};
		64D94DFF1379B2CB00300349 /* myMusicStand */ = {
			isa = PBXGroup;
			children = (
				64D94E8E1379C52100300349 /* File System work */,
				64D94E8F1379C53600300349 /* Top Level */,
				64D94E901379C54C00300349 /* Models */,
				64D94E001379B2CB00300349 /* Supporting Files */,
			);
			path = myMusicStand;
			sourceTree = "<group>";
		};
		64D94E001379B2CB00300349 /* Supporting Files */ = {
			isa = PBXGroup;
			children = (
				64D94E011379B2CB00300349 /* myMusicStand-Info.plist */,
				64D94E021379B2CB00300349 /* InfoPlist.strings */,
				64D94E051379B2CB00300349 /* myMusicStand-Prefix.pch */,
				64D94E061379B2CB00300349 /* main.m */,
			);
			name = "Supporting Files";
			sourceTree = "<group>";
		};
		64D94E1D1379B2CC00300349 /* myMusicStandTests */ = {
			isa = PBXGroup;
			children = (
				64D94E241379B2CC00300349 /* myMusicStandTests.h */,
				64D94E261379B2CC00300349 /* myMusicStandTests.m */,
				64D94E1E1379B2CC00300349 /* Supporting Files */,
			);
			path = myMusicStandTests;
			sourceTree = "<group>";
		};
		64D94E1E1379B2CC00300349 /* Supporting Files */ = {
			isa = PBXGroup;
			children = (
				64D94E1F1379B2CC00300349 /* myMusicStandTests-Info.plist */,
				64D94E201379B2CC00300349 /* InfoPlist.strings */,
				64D94E231379B2CC00300349 /* myMusicStandTests-Prefix.pch */,
			);
			name = "Supporting Files";
			sourceTree = "<group>";
		};
		64D94E381379B2F500300349 /* Other Frameworks */ = {
			isa = PBXGroup;
			children = (
				64D94E391379B2F500300349 /* AppKit.framework */,
				64D94E3A1379B2F500300349 /* CoreData.framework */,
				64D94E3B1379B2F500300349 /* Foundation.framework */,
			);
			name = "Other Frameworks";
			sourceTree = "<group>";
		};
		64D94E3C1379B2F500300349 /* myMusicStandLogicTests */ = {
			isa = PBXGroup;
			children = (
				64D94E981379C5EF00300349 /* Setlists Testing */,
				64D94E951379C5B200300349 /* File related tests */,
				64D94E961379C5C700300349 /* Core Data Testing */,
				64D94E971379C5D800300349 /* File System Work Testing */,
				64D94E3D1379B2F500300349 /* Supporting Files */,
			);
			path = myMusicStandLogicTests;
			sourceTree = "<group>";
		};
		64D94E3D1379B2F500300349 /* Supporting Files */ = {
			isa = PBXGroup;
			children = (
				64D94E3E1379B2F500300349 /* myMusicStandLogicTests-Info.plist */,
				64D94E3F1379B2F500300349 /* InfoPlist.strings */,
				64D94E421379B2F500300349 /* myMusicStandLogicTests-Prefix.pch */,
			);
			name = "Supporting Files";
			sourceTree = "<group>";
		};
		64D94E8E1379C52100300349 /* File System work */ = {
			isa = PBXGroup;
			children = (
				64D94E541379B35D00300349 /* FileHelpers.h */,
				64D94E551379B35D00300349 /* FileHelpers.m */,
			);
			name = "File System work";
			sourceTree = "<group>";
		};
		64D94E8F1379C53600300349 /* Top Level */ = {
			isa = PBXGroup;
			children = (
				64D94E081379B2CB00300349 /* myMusicStandAppDelegate.h */,
				64D94E091379B2CB00300349 /* myMusicStandAppDelegate.m */,
				64D94E0B1379B2CC00300349 /* MainWindow.xib */,
			);
			name = "Top Level";
			sourceTree = "<group>";
		};
		64D94E901379C54C00300349 /* Models */ = {
			isa = PBXGroup;
			children = (
				64D94E0E1379B2CC00300349 /* myMusicStand.xcdatamodeld */,
				64D94E941379C59000300349 /* Ordered Entity By Creation time */,
				64D94E931379C58100300349 /* File (Chart) */,
				64D94E921379C57300300349 /* Ordering  */,
				64D94E911379C56800300349 /* Sets */,
			);
			name = Models;
			sourceTree = "<group>";
		};
		64D94E911379C56800300349 /* Sets */ = {
			isa = PBXGroup;
			children = (
				64D94E7E1379BC3A00300349 /* Setlist.h */,
				64D94E7F1379BC3A00300349 /* Setlist.m */,
			);
			name = Sets;
			sourceTree = "<group>";
		};
		64D94E921379C57300300349 /* Ordering  */ = {
			isa = PBXGroup;
			children = (
				64D94E821379BDCB00300349 /* OrderedFile.h */,
				64D94E831379BDCB00300349 /* OrderedFile.m */,
			);
			name = "Ordering ";
			sourceTree = "<group>";
		};
		64D94E931379C58100300349 /* File (Chart) */ = {
			isa = PBXGroup;
			children = (
				64D94E861379BE1100300349 /* File.h */,
				64D94E871379BE1100300349 /* File.m */,
			);
			name = "File (Chart)";
			sourceTree = "<group>";
		};
		64D94E941379C59000300349 /* Ordered Entity By Creation time */ = {
			isa = PBXGroup;
			children = (
				64D94E8A1379BEFB00300349 /* TimestampEntity.h */,
				64D94E8B1379BEFB00300349 /* TimestampEntity.m */,
			);
			name = "Ordered Entity By Creation time";
			sourceTree = "<group>";
		};
		64D94E951379C5B200300349 /* File related tests */ = {
			isa = PBXGroup;
			children = (
				64D94E6C1379B62400300349 /* OrderedFileTests.h */,
				64D94E6D1379B62400300349 /* OrderedFileTests.m */,
				64D94E611379B57800300349 /* FileTests.h */,
				64D94E621379B57800300349 /* FileTests.m */,
			);
			name = "File related tests";
			sourceTree = "<group>";
		};
		64D94E961379C5C700300349 /* Core Data Testing */ = {
			isa = PBXGroup;
			children = (
				64D94E5C1379B42000300349 /* CoreDataTest.h */,
				64D94E5D1379B42000300349 /* CoreDataTest.m */,
			);
			name = "Core Data Testing";
			sourceTree = "<group>";
		};
		64D94E971379C5D800300349 /* File System Work Testing */ = {
			isa = PBXGroup;
			children = (
				64D94E591379B39300300349 /* FileHelperTests.h */,
				64D94E5A1379B39300300349 /* FileHelperTests.m */,
			);
			name = "File System Work Testing";
			sourceTree = "<group>";
		};
		64D94E981379C5EF00300349 /* Setlists Testing */ = {
			isa = PBXGroup;
			children = (
				64D94E731379B65500300349 /* SetlistTests.h */,
				64D94E741379B65500300349 /* SetlistTests.m */,
			);
			name = "Setlists Testing";
			sourceTree = "<group>";
		};
/* End PBXGroup section */

/* Begin PBXNativeTarget section */
		64D94DF21379B2CB00300349 /* myMusicStand */ = {
			isa = PBXNativeTarget;
			buildConfigurationList = 64D94E2A1379B2CC00300349 /* Build configuration list for PBXNativeTarget "myMusicStand" */;
			buildPhases = (
				64D94DEF1379B2CB00300349 /* Sources */,
				64D94DF01379B2CB00300349 /* Frameworks */,
				64D94DF11379B2CB00300349 /* Resources */,
			);
			buildRules = (
			);
			dependencies = (
			);
			name = myMusicStand;
			productName = myMusicStand;
			productReference = 64D94DF31379B2CB00300349 /* myMusicStand.app */;
			productType = "com.apple.product-type.application";
		};
		64D94E151379B2CC00300349 /* myMusicStandTests */ = {
			isa = PBXNativeTarget;
			buildConfigurationList = 64D94E2D1379B2CC00300349 /* Build configuration list for PBXNativeTarget "myMusicStandTests" */;
			buildPhases = (
				64D94E111379B2CC00300349 /* Sources */,
				64D94E121379B2CC00300349 /* Frameworks */,
				64D94E131379B2CC00300349 /* Resources */,
				64D94E141379B2CC00300349 /* ShellScript */,
			);
			buildRules = (
			);
			dependencies = (
				64D94E1C1379B2CC00300349 /* PBXTargetDependency */,
			);
			name = myMusicStandTests;
			productName = myMusicStandTests;
			productReference = 64D94E161379B2CC00300349 /* myMusicStandTests.octest */;
			productType = "com.apple.product-type.bundle";
		};
		64D94E341379B2F500300349 /* myMusicStandLogicTests */ = {
			isa = PBXNativeTarget;
			buildConfigurationList = 64D94E471379B2F500300349 /* Build configuration list for PBXNativeTarget "myMusicStandLogicTests" */;
			buildPhases = (
				64D94E301379B2F500300349 /* Sources */,
				64D94E311379B2F500300349 /* Frameworks */,
				64D94E321379B2F500300349 /* Resources */,
				64D94E331379B2F500300349 /* ShellScript */,
			);
			buildRules = (
			);
			dependencies = (
			);
			name = myMusicStandLogicTests;
			productName = myMusicStandLogicTests;
			productReference = 64D94E351379B2F500300349 /* myMusicStandLogicTests.octest */;
			productType = "com.apple.product-type.bundle";
		};
/* End PBXNativeTarget section */

/* Begin PBXProject section */
		64D94DEA1379B2CB00300349 /* Project object */ = {
			isa = PBXProject;
			buildConfigurationList = 64D94DED1379B2CB00300349 /* Build configuration list for PBXProject "myMusicStand" */;
			compatibilityVersion = "Xcode 3.2";
			developmentRegion = English;
			hasScannedForEncodings = 0;
			knownRegions = (
				en,
			);
			mainGroup = 64D94DE81379B2CB00300349;
			productRefGroup = 64D94DF41379B2CB00300349 /* Products */;
			projectDirPath = "";
			projectRoot = "";
			targets = (
				64D94DF21379B2CB00300349 /* myMusicStand */,
				64D94E151379B2CC00300349 /* myMusicStandTests */,
				64D94E341379B2F500300349 /* myMusicStandLogicTests */,
			);
		};
/* End PBXProject section */

/* Begin PBXResourcesBuildPhase section */
		64D94DF11379B2CB00300349 /* Resources */ = {
			isa = PBXResourcesBuildPhase;
			buildActionMask = 2147483647;
			files = (
				64D94E041379B2CB00300349 /* InfoPlist.strings in Resources */,
				64D94E0D1379B2CC00300349 /* MainWindow.xib in Resources */,
			);
			runOnlyForDeploymentPostprocessing = 0;
		};
		64D94E131379B2CC00300349 /* Resources */ = {
			isa = PBXResourcesBuildPhase;
			buildActionMask = 2147483647;
			files = (
				64D94E221379B2CC00300349 /* InfoPlist.strings in Resources */,
				64D94E251379B2CC00300349 /* myMusicStandTests.h in Resources */,
			);
			runOnlyForDeploymentPostprocessing = 0;
		};
		64D94E321379B2F500300349 /* Resources */ = {
			isa = PBXResourcesBuildPhase;
			buildActionMask = 2147483647;
			files = (
				64D94E411379B2F500300349 /* InfoPlist.strings in Resources */,
			);
			runOnlyForDeploymentPostprocessing = 0;
		};
/* End PBXResourcesBuildPhase section */

/* Begin PBXShellScriptBuildPhase section */
		64D94E141379B2CC00300349 /* ShellScript */ = {
			isa = PBXShellScriptBuildPhase;
			buildActionMask = 2147483647;
			files = (
			);
			inputPaths = (
			);
			outputPaths = (
			);
			runOnlyForDeploymentPostprocessing = 0;
			shellPath = /bin/sh;
			shellScript = "# Run the unit tests in this test bundle.\n\"${SYSTEM_DEVELOPER_DIR}/Tools/RunUnitTests\"\n";
		};
		64D94E331379B2F500300349 /* ShellScript */ = {
			isa = PBXShellScriptBuildPhase;
			buildActionMask = 2147483647;
			files = (
			);
			inputPaths = (
			);
			outputPaths = (
			);
			runOnlyForDeploymentPostprocessing = 0;
			shellPath = /bin/sh;
			shellScript = "# Run the unit tests in this test bundle.\n\"${SYSTEM_DEVELOPER_DIR}/Tools/RunUnitTests\"\n";
		};
/* End PBXShellScriptBuildPhase section */

/* Begin PBXSourcesBuildPhase section */
		64D94DEF1379B2CB00300349 /* Sources */ = {
			isa = PBXSourcesBuildPhase;
			buildActionMask = 2147483647;
			files = (
				64D94E071379B2CB00300349 /* main.m in Sources */,
				64D94E0A1379B2CB00300349 /* myMusicStandAppDelegate.m in Sources */,
				64D94E101379B2CC00300349 /* myMusicStand.xcdatamodeld in Sources */,
				64D94E561379B35D00300349 /* FileHelpers.m in Sources */,
				64D94E751379B65500300349 /* SetlistTests.m in Sources */,
				64D94E801379BC3A00300349 /* Setlist.m in Sources */,
				64D94E841379BDCB00300349 /* OrderedFile.m in Sources */,
				64D94E881379BE1100300349 /* File.m in Sources */,
				64D94E8C1379BEFB00300349 /* TimestampEntity.m in Sources */,
			);
			runOnlyForDeploymentPostprocessing = 0;
		};
		64D94E111379B2CC00300349 /* Sources */ = {
			isa = PBXSourcesBuildPhase;
			buildActionMask = 2147483647;
			files = (
				64D94E271379B2CC00300349 /* myMusicStandTests.m in Sources */,
			);
			runOnlyForDeploymentPostprocessing = 0;
		};
		64D94E301379B2F500300349 /* Sources */ = {
			isa = PBXSourcesBuildPhase;
			buildActionMask = 2147483647;
			files = (
				64D94E7B1379B7A500300349 /* SetlistTests.m in Sources */,
				64D94E7A1379B6EC00300349 /* myMusicStand.xcdatamodel in Sources */,
				64D94E581379B35D00300349 /* FileHelpers.m in Sources */,
				64D94E5B1379B39300300349 /* FileHelperTests.m in Sources */,
				64D94E5E1379B42000300349 /* CoreDataTest.m in Sources */,
				64D94E631379B57900300349 /* FileTests.m in Sources */,
				64D94E6E1379B62400300349 /* OrderedFileTests.m in Sources */,
				64D94E811379BC3A00300349 /* Setlist.m in Sources */,
				64D94E851379BDCB00300349 /* OrderedFile.m in Sources */,
				64D94E891379BE1100300349 /* File.m in Sources */,
				64D94E8D1379BEFB00300349 /* TimestampEntity.m in Sources */,
			);
			runOnlyForDeploymentPostprocessing = 0;
		};
/* End PBXSourcesBuildPhase section */

/* Begin PBXTargetDependency section */
		64D94E1C1379B2CC00300349 /* PBXTargetDependency */ = {
			isa = PBXTargetDependency;
			target = 64D94DF21379B2CB00300349 /* myMusicStand */;
			targetProxy = 64D94E1B1379B2CC00300349 /* PBXContainerItemProxy */;
		};
/* End PBXTargetDependency section */

/* Begin PBXVariantGroup section */
		64D94E021379B2CB00300349 /* InfoPlist.strings */ = {
			isa = PBXVariantGroup;
			children = (
				64D94E031379B2CB00300349 /* en */,
			);
			name = InfoPlist.strings;
			sourceTree = "<group>";
		};
		64D94E0B1379B2CC00300349 /* MainWindow.xib */ = {
			isa = PBXVariantGroup;
			children = (
				64D94E0C1379B2CC00300349 /* en */,
			);
			name = MainWindow.xib;
			sourceTree = "<group>";
		};
		64D94E201379B2CC00300349 /* InfoPlist.strings */ = {
			isa = PBXVariantGroup;
			children = (
				64D94E211379B2CC00300349 /* en */,
			);
			name = InfoPlist.strings;
			sourceTree = "<group>";
		};
		64D94E3F1379B2F500300349 /* InfoPlist.strings */ = {
			isa = PBXVariantGroup;
			children = (
				64D94E401379B2F500300349 /* en */,
			);
			name = InfoPlist.strings;
			sourceTree = "<group>";
		};
/* End PBXVariantGroup section */

/* Begin XCBuildConfiguration section */
		64D94E281379B2CC00300349 /* Debug */ = {
			isa = XCBuildConfiguration;
			buildSettings = {
				ARCHS = "$(ARCHS_UNIVERSAL_IPHONE_OS)";
				"CODE_SIGN_IDENTITY[sdk=iphoneos*]" = "iPhone Developer";
				GCC_C_LANGUAGE_STANDARD = gnu99;
				GCC_OPTIMIZATION_LEVEL = 0;
				GCC_PREPROCESSOR_DEFINITIONS = DEBUG;
				GCC_SYMBOLS_PRIVATE_EXTERN = NO;
				GCC_VERSION = com.apple.compilers.llvmgcc42;
				GCC_WARN_ABOUT_RETURN_TYPE = YES;
				GCC_WARN_UNUSED_VARIABLE = YES;
				IPHONEOS_DEPLOYMENT_TARGET = 4.3;
				SDKROOT = iphoneos;
				TARGETED_DEVICE_FAMILY = 2;
			};
			name = Debug;
		};
		64D94E291379B2CC00300349 /* Release */ = {
			isa = XCBuildConfiguration;
			buildSettings = {
				ARCHS = "$(ARCHS_UNIVERSAL_IPHONE_OS)";
				"CODE_SIGN_IDENTITY[sdk=iphoneos*]" = "iPhone Developer";
				GCC_C_LANGUAGE_STANDARD = gnu99;
				GCC_VERSION = com.apple.compilers.llvmgcc42;
				GCC_WARN_ABOUT_RETURN_TYPE = YES;
				GCC_WARN_UNUSED_VARIABLE = YES;
				IPHONEOS_DEPLOYMENT_TARGET = 4.3;
				OTHER_CFLAGS = "-DNS_BLOCK_ASSERTIONS=1";
				SDKROOT = iphoneos;
				TARGETED_DEVICE_FAMILY = 2;
			};
			name = Release;
		};
		64D94E2B1379B2CC00300349 /* Debug */ = {
			isa = XCBuildConfiguration;
			buildSettings = {
				ALWAYS_SEARCH_USER_PATHS = NO;
				COPY_PHASE_STRIP = NO;
				GCC_DYNAMIC_NO_PIC = NO;
				GCC_PRECOMPILE_PREFIX_HEADER = YES;
				GCC_PREFIX_HEADER = "myMusicStand/myMusicStand-Prefix.pch";
				INFOPLIST_FILE = "myMusicStand/myMusicStand-Info.plist";
				PRODUCT_NAME = "$(TARGET_NAME)";
				WRAPPER_EXTENSION = app;
			};
			name = Debug;
		};
		64D94E2C1379B2CC00300349 /* Release */ = {
			isa = XCBuildConfiguration;
			buildSettings = {
				ALWAYS_SEARCH_USER_PATHS = NO;
				COPY_PHASE_STRIP = YES;
				GCC_PRECOMPILE_PREFIX_HEADER = YES;
				GCC_PREFIX_HEADER = "myMusicStand/myMusicStand-Prefix.pch";
				INFOPLIST_FILE = "myMusicStand/myMusicStand-Info.plist";
				PRODUCT_NAME = "$(TARGET_NAME)";
				VALIDATE_PRODUCT = YES;
				WRAPPER_EXTENSION = app;
			};
			name = Release;
		};
		64D94E2E1379B2CC00300349 /* Debug */ = {
			isa = XCBuildConfiguration;
			buildSettings = {
				ALWAYS_SEARCH_USER_PATHS = NO;
				ARCHS = "$(ARCHS_STANDARD_32_BIT)";
				BUNDLE_LOADER = "$(BUILT_PRODUCTS_DIR)/myMusicStand.app/myMusicStand";
				FRAMEWORK_SEARCH_PATHS = (
					"$(SDKROOT)/Developer/Library/Frameworks",
					"$(DEVELOPER_LIBRARY_DIR)/Frameworks",
				);
				GCC_PRECOMPILE_PREFIX_HEADER = YES;
				GCC_PREFIX_HEADER = "myMusicStandTests/myMusicStandTests-Prefix.pch";
				INFOPLIST_FILE = "myMusicStandTests/myMusicStandTests-Info.plist";
				OTHER_LDFLAGS = (
					"-framework",
					SenTestingKit,
				);
				PRODUCT_NAME = "$(TARGET_NAME)";
				TEST_HOST = "$(BUNDLE_LOADER)";
				WRAPPER_EXTENSION = octest;
			};
			name = Debug;
		};
		64D94E2F1379B2CC00300349 /* Release */ = {
			isa = XCBuildConfiguration;
			buildSettings = {
				ALWAYS_SEARCH_USER_PATHS = NO;
				ARCHS = "$(ARCHS_STANDARD_32_BIT)";
				BUNDLE_LOADER = "$(BUILT_PRODUCTS_DIR)/myMusicStand.app/myMusicStand";
				FRAMEWORK_SEARCH_PATHS = (
					"$(SDKROOT)/Developer/Library/Frameworks",
					"$(DEVELOPER_LIBRARY_DIR)/Frameworks",
				);
				GCC_PRECOMPILE_PREFIX_HEADER = YES;
				GCC_PREFIX_HEADER = "myMusicStandTests/myMusicStandTests-Prefix.pch";
				INFOPLIST_FILE = "myMusicStandTests/myMusicStandTests-Info.plist";
				OTHER_LDFLAGS = (
					"-framework",
					SenTestingKit,
				);
				PRODUCT_NAME = "$(TARGET_NAME)";
				TEST_HOST = "$(BUNDLE_LOADER)";
				WRAPPER_EXTENSION = octest;
			};
			name = Release;
		};
		64D94E481379B2F500300349 /* Debug */ = {
			isa = XCBuildConfiguration;
			buildSettings = {
				ALWAYS_SEARCH_USER_PATHS = NO;
				ARCHS = "$(ARCHS_STANDARD_32_64_BIT)";
				COPY_PHASE_STRIP = NO;
				FRAMEWORK_SEARCH_PATHS = "$(DEVELOPER_LIBRARY_DIR)/Frameworks";
				GCC_DYNAMIC_NO_PIC = NO;
				GCC_ENABLE_OBJC_EXCEPTIONS = YES;
				GCC_PRECOMPILE_PREFIX_HEADER = YES;
				GCC_PREFIX_HEADER = "myMusicStandLogicTests/myMusicStandLogicTests-Prefix.pch";
				GCC_VERSION = com.apple.compilers.llvm.clang.1_0;
				GCC_WARN_64_TO_32_BIT_CONVERSION = YES;
				INFOPLIST_FILE = "myMusicStandLogicTests/myMusicStandLogicTests-Info.plist";
				MACOSX_DEPLOYMENT_TARGET = 10.6;
				ONLY_ACTIVE_ARCH = YES;
				OTHER_LDFLAGS = (
					"-framework",
					SenTestingKit,
				);
				PRODUCT_NAME = "$(TARGET_NAME)";
				SDKROOT = macosx;
				WRAPPER_EXTENSION = octest;
			};
			name = Debug;
		};
		64D94E491379B2F500300349 /* Release */ = {
			isa = XCBuildConfiguration;
			buildSettings = {
				ALWAYS_SEARCH_USER_PATHS = NO;
				ARCHS = "$(ARCHS_STANDARD_32_64_BIT)";
				COPY_PHASE_STRIP = YES;
				DEBUG_INFORMATION_FORMAT = "dwarf-with-dsym";
				FRAMEWORK_SEARCH_PATHS = "$(DEVELOPER_LIBRARY_DIR)/Frameworks";
				GCC_ENABLE_OBJC_EXCEPTIONS = YES;
				GCC_PRECOMPILE_PREFIX_HEADER = YES;
				GCC_PREFIX_HEADER = "myMusicStandLogicTests/myMusicStandLogicTests-Prefix.pch";
				GCC_VERSION = com.apple.compilers.llvm.clang.1_0;
				GCC_WARN_64_TO_32_BIT_CONVERSION = YES;
				INFOPLIST_FILE = "myMusicStandLogicTests/myMusicStandLogicTests-Info.plist";
				MACOSX_DEPLOYMENT_TARGET = 10.6;
				OTHER_LDFLAGS = (
					"-framework",
					SenTestingKit,
				);
				PRODUCT_NAME = "$(TARGET_NAME)";
				SDKROOT = macosx;
				WRAPPER_EXTENSION = octest;
			};
			name = Release;
		};
/* End XCBuildConfiguration section */

/* Begin XCConfigurationList section */
		64D94DED1379B2CB00300349 /* Build configuration list for PBXProject "myMusicStand" */ = {
			isa = XCConfigurationList;
			buildConfigurations = (
				64D94E281379B2CC00300349 /* Debug */,
				64D94E291379B2CC00300349 /* Release */,
			);
			defaultConfigurationIsVisible = 0;
			defaultConfigurationName = Release;
		};
		64D94E2A1379B2CC00300349 /* Build configuration list for PBXNativeTarget "myMusicStand" */ = {
			isa = XCConfigurationList;
			buildConfigurations = (
				64D94E2B1379B2CC00300349 /* Debug */,
				64D94E2C1379B2CC00300349 /* Release */,
			);
			defaultConfigurationIsVisible = 0;
		};
		64D94E2D1379B2CC00300349 /* Build configuration list for PBXNativeTarget "myMusicStandTests" */ = {
			isa = XCConfigurationList;
			buildConfigurations = (
				64D94E2E1379B2CC00300349 /* Debug */,
				64D94E2F1379B2CC00300349 /* Release */,
			);
			defaultConfigurationIsVisible = 0;
		};
		64D94E471379B2F500300349 /* Build configuration list for PBXNativeTarget "myMusicStandLogicTests" */ = {
			isa = XCConfigurationList;
			buildConfigurations = (
				64D94E481379B2F500300349 /* Debug */,
				64D94E491379B2F500300349 /* Release */,
			);
			defaultConfigurationIsVisible = 0;
		};
/* End XCConfigurationList section */

/* Begin XCVersionGroup section */
		64D94E0E1379B2CC00300349 /* myMusicStand.xcdatamodeld */ = {
			isa = XCVersionGroup;
			children = (
				64D94E0F1379B2CC00300349 /* myMusicStand.xcdatamodel */,
			);
			currentVersion = 64D94E0F1379B2CC00300349 /* myMusicStand.xcdatamodel */;
			path = myMusicStand.xcdatamodeld;
			sourceTree = "<group>";
			versionGroupType = wrapper.xcdatamodel;
		};
/* End XCVersionGroup section */
	};
	rootObject = 64D94DEA1379B2CB00300349 /* Project object */;
}
